{
  "version": 4,
  "terraform_version": "1.14.1",
  "serial": 116,
  "lineage": "b09fef9e-4c0d-b66b-37db-27a0092f5d0a",
  "outputs": {},
  "resources": [
    {
      "mode": "managed",
      "type": "catalystcenter_area",
      "name": "desert_oasis_branch",
      "provider": "provider[\"registry.terraform.io/ciscodevnet/catalystcenter\"]",
      "instances": [
        {
          "schema_version": 0,
          "attributes": {
            "id": "17d12ad2-617d-4561-81da-9d860b6a0291",
            "name": "Desert Oasis Branch",
            "parent_name": "Global/United States"
          },
          "sensitive_attributes": [],
          "identity_schema_version": 0,
          "dependencies": [
            "catalystcenter_area.united_states"
          ]
        }
      ]
    },
    {
      "mode": "managed",
      "type": "catalystcenter_area",
      "name": "golden_hills_campus",
      "provider": "provider[\"registry.terraform.io/ciscodevnet/catalystcenter\"]",
      "instances": [
        {
          "schema_version": 0,
          "attributes": {
            "id": "33745c5e-7064-40fc-af77-425a2d35164c",
            "name": "Golden Hills Campus",
            "parent_name": "Global/United States"
          },
          "sensitive_attributes": [],
          "identity_schema_version": 0,
          "dependencies": [
            "catalystcenter_area.united_states"
          ]
        }
      ]
    },
    {
      "mode": "managed",
      "type": "catalystcenter_area",
      "name": "lakefront_tower",
      "provider": "provider[\"registry.terraform.io/ciscodevnet/catalystcenter\"]",
      "instances": [
        {
          "schema_version": 0,
          "attributes": {
            "id": "b50dd7f7-7a7a-41b6-8012-a7293f5b1dab",
            "name": "Lakefront Tower",
            "parent_name": "Global/United States"
          },
          "sensitive_attributes": [],
          "identity_schema_version": 0,
          "dependencies": [
            "catalystcenter_area.united_states"
          ]
        }
      ]
    },
    {
      "mode": "managed",
      "type": "catalystcenter_area",
      "name": "oceanfront_mansion",
      "provider": "provider[\"registry.terraform.io/ciscodevnet/catalystcenter\"]",
      "instances": [
        {
          "schema_version": 0,
          "attributes": {
            "id": "b9c22d1f-8868-4884-83b6-05d1df99c05f",
            "name": "Oceanfront Mansion",
            "parent_name": "Global/United States"
          },
          "sensitive_attributes": [],
          "identity_schema_version": 0,
          "dependencies": [
            "catalystcenter_area.united_states"
          ]
        }
      ]
    },
    {
      "mode": "managed",
      "type": "catalystcenter_area",
      "name": "united_states",
      "provider": "provider[\"registry.terraform.io/ciscodevnet/catalystcenter\"]",
      "instances": [
        {
          "schema_version": 0,
          "attributes": {
            "id": "479d7f5d-3e30-46fe-b749-88dcf8b49db2",
            "name": "United States",
            "parent_name": "Global"
          },
          "sensitive_attributes": [],
          "identity_schema_version": 0
        }
      ]
    },
    {
      "mode": "managed",
      "type": "catalystcenter_building",
      "name": "art_deco_mansion",
      "provider": "provider[\"registry.terraform.io/ciscodevnet/catalystcenter\"]",
      "instances": [
        {
          "schema_version": 0,
          "attributes": {
            "address": "123 Ocean Drive, Miami Beach, FL 33139",
            "country": "United States",
            "id": "e42803ca-ae9e-45ee-99bd-b753bda04b92",
            "latitude": 25.782,
            "longitude": -80.133,
            "name": "Art Deco Mansion",
            "parent_name": "Global/United States/Oceanfront Mansion"
          },
          "sensitive_attributes": [],
          "identity_schema_version": 0,
          "dependencies": [
            "catalystcenter_area.oceanfront_mansion",
            "catalystcenter_area.united_states"
          ]
        }
      ]
    },
    {
      "mode": "managed",
      "type": "catalystcenter_building",
      "name": "desert_oasis_tower",
      "provider": "provider[\"registry.terraform.io/ciscodevnet/catalystcenter\"]",
      "instances": [
        {
          "schema_version": 0,
          "attributes": {
            "address": "1235 Cactus Ave, Phoenix, AZ 85001",
            "country": "United States",
            "id": "e058519c-c274-410c-92eb-7df99b2e575c",
            "latitude": 33.448,
            "longitude": -112.074,
            "name": "Desert Oasis Tower",
            "parent_name": "Global/United States/Desert Oasis Branch"
          },
          "sensitive_attributes": [],
          "identity_schema_version": 0,
          "dependencies": [
            "catalystcenter_area.desert_oasis_branch",
            "catalystcenter_area.united_states"
          ]
        }
      ]
    },
    {
      "mode": "managed",
      "type": "catalystcenter_building",
      "name": "sunset_tower",
      "provider": "provider[\"registry.terraform.io/ciscodevnet/catalystcenter\"]",
      "instances": [
        {
          "schema_version": 0,
          "attributes": {
            "address": "8358 Sunset Blvd, Los Angeles, CA 90069",
            "country": "United States",
            "id": "d78c36fc-f911-4fda-8449-84bf41b97e84",
            "latitude": 34.099,
            "longitude": -118.366,
            "name": "Sunset Tower",
            "parent_name": "Global/United States/Golden Hills Campus"
          },
          "sensitive_attributes": [],
          "identity_schema_version": 0,
          "dependencies": [
            "catalystcenter_area.golden_hills_campus",
            "catalystcenter_area.united_states"
          ]
        }
      ]
    },
    {
      "mode": "managed",
      "type": "catalystcenter_building",
      "name": "windy_city_plaza",
      "provider": "provider[\"registry.terraform.io/ciscodevnet/catalystcenter\"]",
      "instances": [
        {
          "schema_version": 0,
          "attributes": {
            "address": "233 S Wacker Dr, Chicago, IL 60606",
            "country": "United States",
            "id": "2866d306-ec19-469f-bd16-f99535896c49",
            "latitude": 41.878,
            "longitude": -87.63,
            "name": "Windy City Plaza",
            "parent_name": "Global/United States/Lakefront Tower"
          },
          "sensitive_attributes": [],
          "identity_schema_version": 0,
          "dependencies": [
            "catalystcenter_area.lakefront_tower",
            "catalystcenter_area.united_states"
          ]
        }
      ]
    },
    {
      "mode": "managed",
      "type": "catalystcenter_floor",
      "name": "art_deco_mansion_floor_1",
      "provider": "provider[\"registry.terraform.io/ciscodevnet/catalystcenter\"]",
      "instances": [
        {
          "schema_version": 0,
          "attributes": {
            "floor_number": 1,
            "height": 10,
            "id": "58829c61-ea98-4fa1-8d48-86c28cfa618a",
            "length": 100,
            "name": "FLOOR_1",
            "parent_name": "Global/United States/Oceanfront Mansion/Art Deco Mansion",
            "rf_model": "Cubes And Walled Offices",
            "width": 100
          },
          "sensitive_attributes": [],
          "identity_schema_version": 0,
          "dependencies": [
            "catalystcenter_area.oceanfront_mansion",
            "catalystcenter_area.united_states",
            "catalystcenter_building.art_deco_mansion"
          ]
        }
      ]
    },
    {
      "mode": "managed",
      "type": "catalystcenter_floor",
      "name": "desert_oasis_tower_floor_1",
      "provider": "provider[\"registry.terraform.io/ciscodevnet/catalystcenter\"]",
      "instances": [
        {
          "schema_version": 0,
          "attributes": {
            "floor_number": 1,
            "height": 10,
            "id": "9a69a824-9946-4490-a48c-1550508d3003",
            "length": 100,
            "name": "FLOOR_1",
            "parent_name": "Global/United States/Desert Oasis Branch/Desert Oasis Tower",
            "rf_model": "Cubes And Walled Offices",
            "width": 100
          },
          "sensitive_attributes": [],
          "identity_schema_version": 0,
          "dependencies": [
            "catalystcenter_area.desert_oasis_branch",
            "catalystcenter_area.united_states",
            "catalystcenter_building.desert_oasis_tower"
          ]
        }
      ]
    },
    {
      "mode": "managed",
      "type": "catalystcenter_floor",
      "name": "sunset_tower_floor_1",
      "provider": "provider[\"registry.terraform.io/ciscodevnet/catalystcenter\"]",
      "instances": [
        {
          "schema_version": 0,
          "attributes": {
            "floor_number": 1,
            "height": 10,
            "id": "82f57d85-1a32-4303-9907-fe5517b6f164",
            "length": 100,
            "name": "FLOOR_1",
            "parent_name": "Global/United States/Golden Hills Campus/Sunset Tower",
            "rf_model": "Cubes And Walled Offices",
            "width": 100
          },
          "sensitive_attributes": [],
          "identity_schema_version": 0,
          "dependencies": [
            "catalystcenter_area.golden_hills_campus",
            "catalystcenter_area.united_states",
            "catalystcenter_building.sunset_tower"
          ]
        }
      ]
    },
    {
      "mode": "managed",
      "type": "catalystcenter_floor",
      "name": "sunset_tower_floor_2",
      "provider": "provider[\"registry.terraform.io/ciscodevnet/catalystcenter\"]",
      "instances": [
        {
          "schema_version": 0,
          "attributes": {
            "floor_number": 2,
            "height": 10,
            "id": "d7f6d31b-b379-4680-aa59-24bde0fab980",
            "length": 100,
            "name": "FLOOR_2",
            "parent_name": "Global/United States/Golden Hills Campus/Sunset Tower",
            "rf_model": "Cubes And Walled Offices",
            "width": 100
          },
          "sensitive_attributes": [],
          "identity_schema_version": 0,
          "dependencies": [
            "catalystcenter_area.golden_hills_campus",
            "catalystcenter_area.united_states",
            "catalystcenter_building.sunset_tower"
          ]
        }
      ]
    },
    {
      "mode": "managed",
      "type": "catalystcenter_floor",
      "name": "windy_city_plaza_floor_1",
      "provider": "provider[\"registry.terraform.io/ciscodevnet/catalystcenter\"]",
      "instances": [
        {
          "schema_version": 0,
          "attributes": {
            "floor_number": 1,
            "height": 10,
            "id": "bdb0d120-df65-4244-b28c-7848a38b8d1c",
            "length": 100,
            "name": "FLOOR_1",
            "parent_name": "Global/United States/Lakefront Tower/Windy City Plaza",
            "rf_model": "Cubes And Walled Offices",
            "width": 100
          },
          "sensitive_attributes": [],
          "identity_schema_version": 0,
          "dependencies": [
            "catalystcenter_area.lakefront_tower",
            "catalystcenter_area.united_states",
            "catalystcenter_building.windy_city_plaza"
          ]
        }
      ]
    },
    {
      "mode": "managed",
      "type": "catalystcenter_floor",
      "name": "windy_city_plaza_floor_2",
      "provider": "provider[\"registry.terraform.io/ciscodevnet/catalystcenter\"]",
      "instances": [
        {
          "schema_version": 0,
          "attributes": {
            "floor_number": 2,
            "height": 10,
            "id": "538bf4cd-6c59-4a4a-8f0f-f933687d4806",
            "length": 100,
            "name": "FLOOR_2",
            "parent_name": "Global/United States/Lakefront Tower/Windy City Plaza",
            "rf_model": "Cubes And Walled Offices",
            "width": 100
          },
          "sensitive_attributes": [],
          "identity_schema_version": 0,
          "dependencies": [
            "catalystcenter_area.lakefront_tower",
            "catalystcenter_area.united_states",
            "catalystcenter_building.windy_city_plaza"
          ]
        }
      ]
    },
    {
      "mode": "managed",
      "type": "catalystcenter_ip_pool",
      "name": "us_byod",
      "provider": "provider[\"registry.terraform.io/ciscodevnet/catalystcenter\"]",
      "instances": [
        {
          "schema_version": 0,
          "attributes": {
            "dhcp_server_ips": [
              "10.204.0.2"
            ],
            "dns_server_ips": [
              "10.204.0.2"
            ],
            "gateway": [
              "10.204.0.1"
            ],
            "id": "4446ee78-a237-4115-a6a2-b66212c0530a",
            "ip_address_space": "IPv4",
            "ip_subnet": "10.204.0.0/16",
            "name": "US_BYOD",
            "type": "generic"
          },
          "sensitive_attributes": [],
          "identity_schema_version": 0
        }
      ]
    },
    {
      "mode": "managed",
      "type": "catalystcenter_ip_pool",
      "name": "us_corp",
      "provider": "provider[\"registry.terraform.io/ciscodevnet/catalystcenter\"]",
      "instances": [
        {
          "schema_version": 0,
          "attributes": {
            "dhcp_server_ips": [
              "10.201.0.2"
            ],
            "dns_server_ips": [
              "10.201.0.2"
            ],
            "gateway": [
              "10.201.0.1"
            ],
            "id": "cc476823-f770-4255-801c-8a8c02d76c56",
            "ip_address_space": "IPv4",
            "ip_subnet": "10.201.0.0/16",
            "name": "US_CORP",
            "type": "generic"
          },
          "sensitive_attributes": [],
          "identity_schema_version": 0
        }
      ]
    },
    {
      "mode": "managed",
      "type": "catalystcenter_ip_pool",
      "name": "us_guest",
      "provider": "provider[\"registry.terraform.io/ciscodevnet/catalystcenter\"]",
      "instances": [
        {
          "schema_version": 0,
          "attributes": {
            "dhcp_server_ips": [
              "10.203.0.2"
            ],
            "dns_server_ips": [
              "10.203.0.2"
            ],
            "gateway": [
              "10.203.0.1"
            ],
            "id": "68bb62e1-629b-494f-919e-62561dd17f70",
            "ip_address_space": "IPv4",
            "ip_subnet": "10.203.0.0/16",
            "name": "US_GUEST",
            "type": "generic"
          },
          "sensitive_attributes": [],
          "identity_schema_version": 0
        }
      ]
    },
    {
      "mode": "managed",
      "type": "catalystcenter_ip_pool",
      "name": "us_tech",
      "provider": "provider[\"registry.terraform.io/ciscodevnet/catalystcenter\"]",
      "instances": [
        {
          "schema_version": 0,
          "attributes": {
            "dhcp_server_ips": [
              "10.202.0.2"
            ],
            "dns_server_ips": [
              "10.202.0.2"
            ],
            "gateway": [
              "10.202.0.1"
            ],
            "id": "87ca6356-8855-47ba-8973-d0448933f779",
            "ip_address_space": "IPv4",
            "ip_subnet": "10.202.0.0/16",
            "name": "US_TECH",
            "type": "generic"
          },
          "sensitive_attributes": [],
          "identity_schema_version": 0
        }
      ]
    },
    {
      "mode": "managed",
      "type": "catalystcenter_ip_pool_reservation",
      "name": "adm_byod",
      "provider": "provider[\"registry.terraform.io/ciscodevnet/catalystcenter\"]",
      "instances": [
        {
          "schema_version": 0,
          "attributes": {
            "id": "ebf23ab4-f6a5-4020-b6cb-dc5235eee915",
            "ipv4_dhcp_servers": [
              "10.204.0.2"
            ],
            "ipv4_dns_servers": [
              "10.204.0.2"
            ],
            "ipv4_gateway": "10.204.4.1",
            "ipv4_global_pool": "10.204.0.0/16",
            "ipv4_prefix": true,
            "ipv4_prefix_length": 24,
            "ipv4_subnet": "10.204.4.0",
            "ipv4_total_host": null,
            "ipv6_address_space": null,
            "ipv6_dhcp_servers": null,
            "ipv6_dns_servers": null,
            "ipv6_gateway": null,
            "ipv6_global_pool": null,
            "ipv6_prefix": null,
            "ipv6_prefix_length": null,
            "ipv6_subnet": null,
            "ipv6_total_host": null,
            "name": "ADM_BYOD",
            "site_id": "e42803ca-ae9e-45ee-99bd-b753bda04b92",
            "slaac_support": null,
            "type": "Generic"
          },
          "sensitive_attributes": [],
          "identity_schema_version": 0,
          "dependencies": [
            "catalystcenter_area.oceanfront_mansion",
            "catalystcenter_area.united_states",
            "catalystcenter_building.art_deco_mansion",
            "catalystcenter_ip_pool.us_byod"
          ]
        }
      ]
    },
    {
      "mode": "managed",
      "type": "catalystcenter_ip_pool_reservation",
      "name": "adm_corp",
      "provider": "provider[\"registry.terraform.io/ciscodevnet/catalystcenter\"]",
      "instances": [
        {
          "schema_version": 0,
          "attributes": {
            "id": "e2c064a6-51f9-454e-95a4-c30495a59e1c",
            "ipv4_dhcp_servers": [
              "10.201.0.2"
            ],
            "ipv4_dns_servers": [
              "10.201.0.2"
            ],
            "ipv4_gateway": "10.201.4.1",
            "ipv4_global_pool": "10.201.0.0/16",
            "ipv4_prefix": true,
            "ipv4_prefix_length": 24,
            "ipv4_subnet": "10.201.4.0",
            "ipv4_total_host": null,
            "ipv6_address_space": null,
            "ipv6_dhcp_servers": null,
            "ipv6_dns_servers": null,
            "ipv6_gateway": null,
            "ipv6_global_pool": null,
            "ipv6_prefix": null,
            "ipv6_prefix_length": null,
            "ipv6_subnet": null,
            "ipv6_total_host": null,
            "name": "ADM_CORP",
            "site_id": "e42803ca-ae9e-45ee-99bd-b753bda04b92",
            "slaac_support": null,
            "type": "Generic"
          },
          "sensitive_attributes": [],
          "identity_schema_version": 0,
          "dependencies": [
            "catalystcenter_area.oceanfront_mansion",
            "catalystcenter_area.united_states",
            "catalystcenter_building.art_deco_mansion",
            "catalystcenter_ip_pool.us_corp"
          ]
        }
      ]
    },
    {
      "mode": "managed",
      "type": "catalystcenter_ip_pool_reservation",
      "name": "adm_guest",
      "provider": "provider[\"registry.terraform.io/ciscodevnet/catalystcenter\"]",
      "instances": [
        {
          "schema_version": 0,
          "attributes": {
            "id": "0e2acea6-49eb-4ee5-9198-e3df95160124",
            "ipv4_dhcp_servers": [
              "10.203.0.2"
            ],
            "ipv4_dns_servers": [
              "10.203.0.2"
            ],
            "ipv4_gateway": "10.203.4.1",
            "ipv4_global_pool": "10.203.0.0/16",
            "ipv4_prefix": true,
            "ipv4_prefix_length": 24,
            "ipv4_subnet": "10.203.4.0",
            "ipv4_total_host": null,
            "ipv6_address_space": null,
            "ipv6_dhcp_servers": null,
            "ipv6_dns_servers": null,
            "ipv6_gateway": null,
            "ipv6_global_pool": null,
            "ipv6_prefix": null,
            "ipv6_prefix_length": null,
            "ipv6_subnet": null,
            "ipv6_total_host": null,
            "name": "ADM_GUEST",
            "site_id": "e42803ca-ae9e-45ee-99bd-b753bda04b92",
            "slaac_support": null,
            "type": "Generic"
          },
          "sensitive_attributes": [],
          "identity_schema_version": 0,
          "dependencies": [
            "catalystcenter_area.oceanfront_mansion",
            "catalystcenter_area.united_states",
            "catalystcenter_building.art_deco_mansion",
            "catalystcenter_ip_pool.us_guest"
          ]
        }
      ]
    },
    {
      "mode": "managed",
      "type": "catalystcenter_ip_pool_reservation",
      "name": "adm_tech",
      "provider": "provider[\"registry.terraform.io/ciscodevnet/catalystcenter\"]",
      "instances": [
        {
          "schema_version": 0,
          "attributes": {
            "id": "56da873a-51be-46f8-b22c-7ce39138d471",
            "ipv4_dhcp_servers": [
              "10.202.0.2"
            ],
            "ipv4_dns_servers": [
              "10.202.0.2"
            ],
            "ipv4_gateway": "10.202.4.1",
            "ipv4_global_pool": "10.202.0.0/16",
            "ipv4_prefix": true,
            "ipv4_prefix_length": 24,
            "ipv4_subnet": "10.202.4.0",
            "ipv4_total_host": null,
            "ipv6_address_space": null,
            "ipv6_dhcp_servers": null,
            "ipv6_dns_servers": null,
            "ipv6_gateway": null,
            "ipv6_global_pool": null,
            "ipv6_prefix": null,
            "ipv6_prefix_length": null,
            "ipv6_subnet": null,
            "ipv6_total_host": null,
            "name": "ADM_TECH",
            "site_id": "e42803ca-ae9e-45ee-99bd-b753bda04b92",
            "slaac_support": null,
            "type": "Generic"
          },
          "sensitive_attributes": [],
          "identity_schema_version": 0,
          "dependencies": [
            "catalystcenter_area.oceanfront_mansion",
            "catalystcenter_area.united_states",
            "catalystcenter_building.art_deco_mansion",
            "catalystcenter_ip_pool.us_tech"
          ]
        }
      ]
    },
    {
      "mode": "managed",
      "type": "catalystcenter_ip_pool_reservation",
      "name": "dot_byod",
      "provider": "provider[\"registry.terraform.io/ciscodevnet/catalystcenter\"]",
      "instances": [
        {
          "schema_version": 0,
          "attributes": {
            "id": "7a718175-7501-4b5c-ae00-65c29c2ddc6d",
            "ipv4_dhcp_servers": [
              "10.204.0.2"
            ],
            "ipv4_dns_servers": [
              "10.204.0.2"
            ],
            "ipv4_gateway": "10.204.1.1",
            "ipv4_global_pool": "10.204.0.0/16",
            "ipv4_prefix": true,
            "ipv4_prefix_length": 24,
            "ipv4_subnet": "10.204.1.0",
            "ipv4_total_host": null,
            "ipv6_address_space": null,
            "ipv6_dhcp_servers": null,
            "ipv6_dns_servers": null,
            "ipv6_gateway": null,
            "ipv6_global_pool": null,
            "ipv6_prefix": null,
            "ipv6_prefix_length": null,
            "ipv6_subnet": null,
            "ipv6_total_host": null,
            "name": "DOT_BYOD",
            "site_id": "17d12ad2-617d-4561-81da-9d860b6a0291",
            "slaac_support": null,
            "type": "Generic"
          },
          "sensitive_attributes": [],
          "identity_schema_version": 0,
          "dependencies": [
            "catalystcenter_area.desert_oasis_branch",
            "catalystcenter_area.united_states",
            "catalystcenter_ip_pool.us_byod"
          ]
        }
      ]
    },
    {
      "mode": "managed",
      "type": "catalystcenter_ip_pool_reservation",
      "name": "dot_corp",
      "provider": "provider[\"registry.terraform.io/ciscodevnet/catalystcenter\"]",
      "instances": [
        {
          "schema_version": 0,
          "attributes": {
            "id": "5b621c65-5f12-4fb3-8462-f461220973b9",
            "ipv4_dhcp_servers": [
              "10.201.0.2"
            ],
            "ipv4_dns_servers": [
              "10.201.0.2"
            ],
            "ipv4_gateway": "10.201.1.1",
            "ipv4_global_pool": "10.201.0.0/16",
            "ipv4_prefix": true,
            "ipv4_prefix_length": 24,
            "ipv4_subnet": "10.201.1.0",
            "ipv4_total_host": null,
            "ipv6_address_space": null,
            "ipv6_dhcp_servers": null,
            "ipv6_dns_servers": null,
            "ipv6_gateway": null,
            "ipv6_global_pool": null,
            "ipv6_prefix": null,
            "ipv6_prefix_length": null,
            "ipv6_subnet": null,
            "ipv6_total_host": null,
            "name": "DOT_CORP",
            "site_id": "17d12ad2-617d-4561-81da-9d860b6a0291",
            "slaac_support": null,
            "type": "Generic"
          },
          "sensitive_attributes": [],
          "identity_schema_version": 0,
          "dependencies": [
            "catalystcenter_area.desert_oasis_branch",
            "catalystcenter_area.united_states",
            "catalystcenter_ip_pool.us_corp"
          ]
        }
      ]
    },
    {
      "mode": "managed",
      "type": "catalystcenter_ip_pool_reservation",
      "name": "dot_guest",
      "provider": "provider[\"registry.terraform.io/ciscodevnet/catalystcenter\"]",
      "instances": [
        {
          "schema_version": 0,
          "attributes": {
            "id": "3d2a46ef-7c1b-49a3-9a1b-195a543ca0e1",
            "ipv4_dhcp_servers": [
              "10.203.0.2"
            ],
            "ipv4_dns_servers": [
              "10.203.0.2"
            ],
            "ipv4_gateway": "10.203.1.1",
            "ipv4_global_pool": "10.203.0.0/16",
            "ipv4_prefix": true,
            "ipv4_prefix_length": 24,
            "ipv4_subnet": "10.203.1.0",
            "ipv4_total_host": null,
            "ipv6_address_space": null,
            "ipv6_dhcp_servers": null,
            "ipv6_dns_servers": null,
            "ipv6_gateway": null,
            "ipv6_global_pool": null,
            "ipv6_prefix": null,
            "ipv6_prefix_length": null,
            "ipv6_subnet": null,
            "ipv6_total_host": null,
            "name": "DOT_GUEST",
            "site_id": "17d12ad2-617d-4561-81da-9d860b6a0291",
            "slaac_support": null,
            "type": "Generic"
          },
          "sensitive_attributes": [],
          "identity_schema_version": 0,
          "dependencies": [
            "catalystcenter_area.desert_oasis_branch",
            "catalystcenter_area.united_states",
            "catalystcenter_ip_pool.us_guest"
          ]
        }
      ]
    },
    {
      "mode": "managed",
      "type": "catalystcenter_ip_pool_reservation",
      "name": "dot_tech",
      "provider": "provider[\"registry.terraform.io/ciscodevnet/catalystcenter\"]",
      "instances": [
        {
          "schema_version": 0,
          "attributes": {
            "id": "16a7d6ff-b9bb-4eca-b500-c950d9c1685f",
            "ipv4_dhcp_servers": [
              "10.202.0.2"
            ],
            "ipv4_dns_servers": [
              "10.202.0.2"
            ],
            "ipv4_gateway": "10.202.1.1",
            "ipv4_global_pool": "10.202.0.0/16",
            "ipv4_prefix": true,
            "ipv4_prefix_length": 24,
            "ipv4_subnet": "10.202.1.0",
            "ipv4_total_host": null,
            "ipv6_address_space": null,
            "ipv6_dhcp_servers": null,
            "ipv6_dns_servers": null,
            "ipv6_gateway": null,
            "ipv6_global_pool": null,
            "ipv6_prefix": null,
            "ipv6_prefix_length": null,
            "ipv6_subnet": null,
            "ipv6_total_host": null,
            "name": "DOT_TECH",
            "site_id": "17d12ad2-617d-4561-81da-9d860b6a0291",
            "slaac_support": null,
            "type": "Generic"
          },
          "sensitive_attributes": [],
          "identity_schema_version": 0,
          "dependencies": [
            "catalystcenter_area.desert_oasis_branch",
            "catalystcenter_area.united_states",
            "catalystcenter_ip_pool.us_tech"
          ]
        }
      ]
    },
    {
      "mode": "managed",
      "type": "catalystcenter_ip_pool_reservation",
      "name": "st_byod",
      "provider": "provider[\"registry.terraform.io/ciscodevnet/catalystcenter\"]",
      "instances": [
        {
          "schema_version": 0,
          "attributes": {
            "id": "c3e3d531-495d-4d9f-9764-af9877516fbf",
            "ipv4_dhcp_servers": [
              "10.204.0.2"
            ],
            "ipv4_dns_servers": [
              "10.204.0.2"
            ],
            "ipv4_gateway": "10.204.2.1",
            "ipv4_global_pool": "10.204.0.0/16",
            "ipv4_prefix": true,
            "ipv4_prefix_length": 24,
            "ipv4_subnet": "10.204.2.0",
            "ipv4_total_host": null,
            "ipv6_address_space": null,
            "ipv6_dhcp_servers": null,
            "ipv6_dns_servers": null,
            "ipv6_gateway": null,
            "ipv6_global_pool": null,
            "ipv6_prefix": null,
            "ipv6_prefix_length": null,
            "ipv6_subnet": null,
            "ipv6_total_host": null,
            "name": "ST_BYOD",
            "site_id": "d78c36fc-f911-4fda-8449-84bf41b97e84",
            "slaac_support": null,
            "type": "Generic"
          },
          "sensitive_attributes": [],
          "identity_schema_version": 0,
          "dependencies": [
            "catalystcenter_area.golden_hills_campus",
            "catalystcenter_area.united_states",
            "catalystcenter_building.sunset_tower",
            "catalystcenter_ip_pool.us_byod"
          ]
        }
      ]
    },
    {
      "mode": "managed",
      "type": "catalystcenter_ip_pool_reservation",
      "name": "st_corp",
      "provider": "provider[\"registry.terraform.io/ciscodevnet/catalystcenter\"]",
      "instances": [
        {
          "schema_version": 0,
          "attributes": {
            "id": "e5ff1f12-85f1-4461-afd9-f88e60f31c1d",
            "ipv4_dhcp_servers": [
              "10.201.0.2"
            ],
            "ipv4_dns_servers": [
              "10.201.0.2"
            ],
            "ipv4_gateway": "10.201.2.1",
            "ipv4_global_pool": "10.201.0.0/16",
            "ipv4_prefix": true,
            "ipv4_prefix_length": 24,
            "ipv4_subnet": "10.201.2.0",
            "ipv4_total_host": null,
            "ipv6_address_space": null,
            "ipv6_dhcp_servers": null,
            "ipv6_dns_servers": null,
            "ipv6_gateway": null,
            "ipv6_global_pool": null,
            "ipv6_prefix": null,
            "ipv6_prefix_length": null,
            "ipv6_subnet": null,
            "ipv6_total_host": null,
            "name": "ST_CORP",
            "site_id": "d78c36fc-f911-4fda-8449-84bf41b97e84",
            "slaac_support": null,
            "type": "Generic"
          },
          "sensitive_attributes": [],
          "identity_schema_version": 0,
          "dependencies": [
            "catalystcenter_area.golden_hills_campus",
            "catalystcenter_area.united_states",
            "catalystcenter_building.sunset_tower",
            "catalystcenter_ip_pool.us_corp"
          ]
        }
      ]
    },
    {
      "mode": "managed",
      "type": "catalystcenter_ip_pool_reservation",
      "name": "st_guest",
      "provider": "provider[\"registry.terraform.io/ciscodevnet/catalystcenter\"]",
      "instances": [
        {
          "schema_version": 0,
          "attributes": {
            "id": "c00e8f11-1298-4140-8ef5-3f0a333f2901",
            "ipv4_dhcp_servers": [
              "10.203.0.2"
            ],
            "ipv4_dns_servers": [
              "10.203.0.2"
            ],
            "ipv4_gateway": "10.203.2.1",
            "ipv4_global_pool": "10.203.0.0/16",
            "ipv4_prefix": true,
            "ipv4_prefix_length": 24,
            "ipv4_subnet": "10.203.2.0",
            "ipv4_total_host": null,
            "ipv6_address_space": null,
            "ipv6_dhcp_servers": null,
            "ipv6_dns_servers": null,
            "ipv6_gateway": null,
            "ipv6_global_pool": null,
            "ipv6_prefix": null,
            "ipv6_prefix_length": null,
            "ipv6_subnet": null,
            "ipv6_total_host": null,
            "name": "ST_GUEST",
            "site_id": "d78c36fc-f911-4fda-8449-84bf41b97e84",
            "slaac_support": null,
            "type": "Generic"
          },
          "sensitive_attributes": [],
          "identity_schema_version": 0,
          "dependencies": [
            "catalystcenter_area.golden_hills_campus",
            "catalystcenter_area.united_states",
            "catalystcenter_building.sunset_tower",
            "catalystcenter_ip_pool.us_guest"
          ]
        }
      ]
    },
    {
      "mode": "managed",
      "type": "catalystcenter_ip_pool_reservation",
      "name": "st_tech",
      "provider": "provider[\"registry.terraform.io/ciscodevnet/catalystcenter\"]",
      "instances": [
        {
          "schema_version": 0,
          "attributes": {
            "id": "4cf7ae16-3d60-43ef-8823-9c4639f7da7f",
            "ipv4_dhcp_servers": [
              "10.202.0.2"
            ],
            "ipv4_dns_servers": [
              "10.202.0.2"
            ],
            "ipv4_gateway": "10.202.2.1",
            "ipv4_global_pool": "10.202.0.0/16",
            "ipv4_prefix": true,
            "ipv4_prefix_length": 24,
            "ipv4_subnet": "10.202.2.0",
            "ipv4_total_host": null,
            "ipv6_address_space": null,
            "ipv6_dhcp_servers": null,
            "ipv6_dns_servers": null,
            "ipv6_gateway": null,
            "ipv6_global_pool": null,
            "ipv6_prefix": null,
            "ipv6_prefix_length": null,
            "ipv6_subnet": null,
            "ipv6_total_host": null,
            "name": "ST_TECH",
            "site_id": "d78c36fc-f911-4fda-8449-84bf41b97e84",
            "slaac_support": null,
            "type": "Generic"
          },
          "sensitive_attributes": [],
          "identity_schema_version": 0,
          "dependencies": [
            "catalystcenter_area.golden_hills_campus",
            "catalystcenter_area.united_states",
            "catalystcenter_building.sunset_tower",
            "catalystcenter_ip_pool.us_tech"
          ]
        }
      ]
    },
    {
      "mode": "managed",
      "type": "catalystcenter_ip_pool_reservation",
      "name": "wcp_byod",
      "provider": "provider[\"registry.terraform.io/ciscodevnet/catalystcenter\"]",
      "instances": [
        {
          "schema_version": 0,
          "attributes": {
            "id": "6440cad1-a049-4b47-b029-9ddbdd71fe2c",
            "ipv4_dhcp_servers": [
              "10.204.0.2"
            ],
            "ipv4_dns_servers": [
              "10.204.0.2"
            ],
            "ipv4_gateway": "10.204.3.1",
            "ipv4_global_pool": "10.204.0.0/16",
            "ipv4_prefix": true,
            "ipv4_prefix_length": 24,
            "ipv4_subnet": "10.204.3.0",
            "ipv4_total_host": null,
            "ipv6_address_space": null,
            "ipv6_dhcp_servers": null,
            "ipv6_dns_servers": null,
            "ipv6_gateway": null,
            "ipv6_global_pool": null,
            "ipv6_prefix": null,
            "ipv6_prefix_length": null,
            "ipv6_subnet": null,
            "ipv6_total_host": null,
            "name": "WCP_BYOD",
            "site_id": "2866d306-ec19-469f-bd16-f99535896c49",
            "slaac_support": null,
            "type": "Generic"
          },
          "sensitive_attributes": [],
          "identity_schema_version": 0,
          "dependencies": [
            "catalystcenter_area.lakefront_tower",
            "catalystcenter_area.united_states",
            "catalystcenter_building.windy_city_plaza",
            "catalystcenter_ip_pool.us_byod"
          ]
        }
      ]
    },
    {
      "mode": "managed",
      "type": "catalystcenter_ip_pool_reservation",
      "name": "wcp_corp",
      "provider": "provider[\"registry.terraform.io/ciscodevnet/catalystcenter\"]",
      "instances": [
        {
          "schema_version": 0,
          "attributes": {
            "id": "490c3554-93a3-4a64-bbe2-4c7e582ae9dd",
            "ipv4_dhcp_servers": [
              "10.201.0.2"
            ],
            "ipv4_dns_servers": [
              "10.201.0.2"
            ],
            "ipv4_gateway": "10.201.3.1",
            "ipv4_global_pool": "10.201.0.0/16",
            "ipv4_prefix": true,
            "ipv4_prefix_length": 24,
            "ipv4_subnet": "10.201.3.0",
            "ipv4_total_host": null,
            "ipv6_address_space": null,
            "ipv6_dhcp_servers": null,
            "ipv6_dns_servers": null,
            "ipv6_gateway": null,
            "ipv6_global_pool": null,
            "ipv6_prefix": null,
            "ipv6_prefix_length": null,
            "ipv6_subnet": null,
            "ipv6_total_host": null,
            "name": "WCP_CORP",
            "site_id": "2866d306-ec19-469f-bd16-f99535896c49",
            "slaac_support": null,
            "type": "Generic"
          },
          "sensitive_attributes": [],
          "identity_schema_version": 0,
          "dependencies": [
            "catalystcenter_area.lakefront_tower",
            "catalystcenter_area.united_states",
            "catalystcenter_building.windy_city_plaza",
            "catalystcenter_ip_pool.us_corp"
          ]
        }
      ]
    },
    {
      "mode": "managed",
      "type": "catalystcenter_ip_pool_reservation",
      "name": "wcp_guest",
      "provider": "provider[\"registry.terraform.io/ciscodevnet/catalystcenter\"]",
      "instances": [
        {
          "schema_version": 0,
          "attributes": {
            "id": "b73ba2d8-5f5e-4959-b482-4800cab0686b",
            "ipv4_dhcp_servers": [
              "10.203.0.2"
            ],
            "ipv4_dns_servers": [
              "10.203.0.2"
            ],
            "ipv4_gateway": "10.203.3.1",
            "ipv4_global_pool": "10.203.0.0/16",
            "ipv4_prefix": true,
            "ipv4_prefix_length": 24,
            "ipv4_subnet": "10.203.3.0",
            "ipv4_total_host": null,
            "ipv6_address_space": null,
            "ipv6_dhcp_servers": null,
            "ipv6_dns_servers": null,
            "ipv6_gateway": null,
            "ipv6_global_pool": null,
            "ipv6_prefix": null,
            "ipv6_prefix_length": null,
            "ipv6_subnet": null,
            "ipv6_total_host": null,
            "name": "WCP_GUEST",
            "site_id": "2866d306-ec19-469f-bd16-f99535896c49",
            "slaac_support": null,
            "type": "Generic"
          },
          "sensitive_attributes": [],
          "identity_schema_version": 0,
          "dependencies": [
            "catalystcenter_area.lakefront_tower",
            "catalystcenter_area.united_states",
            "catalystcenter_building.windy_city_plaza",
            "catalystcenter_ip_pool.us_guest"
          ]
        }
      ]
    },
    {
      "mode": "managed",
      "type": "catalystcenter_ip_pool_reservation",
      "name": "wcp_tech",
      "provider": "provider[\"registry.terraform.io/ciscodevnet/catalystcenter\"]",
      "instances": [
        {
          "schema_version": 0,
          "attributes": {
            "id": "cf23d7c0-4f0e-4dbd-a905-7e217f6992da",
            "ipv4_dhcp_servers": [
              "10.202.0.2"
            ],
            "ipv4_dns_servers": [
              "10.202.0.2"
            ],
            "ipv4_gateway": "10.202.3.1",
            "ipv4_global_pool": "10.202.0.0/16",
            "ipv4_prefix": true,
            "ipv4_prefix_length": 24,
            "ipv4_subnet": "10.202.3.0",
            "ipv4_total_host": null,
            "ipv6_address_space": null,
            "ipv6_dhcp_servers": null,
            "ipv6_dns_servers": null,
            "ipv6_gateway": null,
            "ipv6_global_pool": null,
            "ipv6_prefix": null,
            "ipv6_prefix_length": null,
            "ipv6_subnet": null,
            "ipv6_total_host": null,
            "name": "WCP_TECH",
            "site_id": "2866d306-ec19-469f-bd16-f99535896c49",
            "slaac_support": null,
            "type": "Generic"
          },
          "sensitive_attributes": [],
          "identity_schema_version": 0,
          "dependencies": [
            "catalystcenter_area.lakefront_tower",
            "catalystcenter_area.united_states",
            "catalystcenter_building.windy_city_plaza",
            "catalystcenter_ip_pool.us_tech"
          ]
        }
      ]
    }
  ],
  "check_results": null
}
