{
  "version": 4,
  "terraform_version": "1.14.1",
  "serial": 44,
  "lineage": "b09fef9e-4c0d-b66b-37db-27a0092f5d0a",
  "outputs": {},
  "resources": [
    {
      "mode": "managed",
      "type": "catalystcenter_area",
      "name": "desert_oasis_branch",
      "provider": "provider[\"registry.terraform.io/ciscodevnet/catalystcenter\"]",
      "instances": [
        {
          "schema_version": 0,
          "attributes": {
            "id": "c0c5ddea-4a76-40a1-a4fe-1396297093f0",
            "name": "Desert Oasis Branch",
            "parent_name": "Global/United States"
          },
          "sensitive_attributes": [],
          "identity_schema_version": 0,
          "dependencies": [
            "catalystcenter_area.united_states"
          ]
        }
      ]
    },
    {
      "mode": "managed",
      "type": "catalystcenter_area",
      "name": "golden_hills_campus",
      "provider": "provider[\"registry.terraform.io/ciscodevnet/catalystcenter\"]",
      "instances": [
        {
          "schema_version": 0,
          "attributes": {
            "id": "76a49e13-ab55-4dbd-a5ba-9d7354323737",
            "name": "Golden Hills Campus",
            "parent_name": "Global/United States"
          },
          "sensitive_attributes": [],
          "identity_schema_version": 0,
          "dependencies": [
            "catalystcenter_area.united_states"
          ]
        }
      ]
    },
    {
      "mode": "managed",
      "type": "catalystcenter_area",
      "name": "lakefront_tower",
      "provider": "provider[\"registry.terraform.io/ciscodevnet/catalystcenter\"]",
      "instances": [
        {
          "schema_version": 0,
          "attributes": {
            "id": "a5d856e7-77b8-4292-be53-51c29c0ea6e5",
            "name": "Lakefront Tower",
            "parent_name": "Global/United States"
          },
          "sensitive_attributes": [],
          "identity_schema_version": 0,
          "dependencies": [
            "catalystcenter_area.united_states"
          ]
        }
      ]
    },
    {
      "mode": "managed",
      "type": "catalystcenter_area",
      "name": "oceanfront_mansion",
      "provider": "provider[\"registry.terraform.io/ciscodevnet/catalystcenter\"]",
      "instances": [
        {
          "schema_version": 0,
          "attributes": {
            "id": "20249fca-5583-4163-8774-efd94136cfba",
            "name": "Oceanfront Mansion",
            "parent_name": "Global/United States"
          },
          "sensitive_attributes": [],
          "identity_schema_version": 0,
          "dependencies": [
            "catalystcenter_area.united_states"
          ]
        }
      ]
    },
    {
      "mode": "managed",
      "type": "catalystcenter_area",
      "name": "united_states",
      "provider": "provider[\"registry.terraform.io/ciscodevnet/catalystcenter\"]",
      "instances": [
        {
          "schema_version": 0,
          "attributes": {
            "id": "25d094e2-2350-4dba-9cd9-653ab787474e",
            "name": "United States",
            "parent_name": "Global"
          },
          "sensitive_attributes": [],
          "identity_schema_version": 0
        }
      ]
    },
    {
      "mode": "managed",
      "type": "catalystcenter_building",
      "name": "art_deco_mansion",
      "provider": "provider[\"registry.terraform.io/ciscodevnet/catalystcenter\"]",
      "instances": [
        {
          "schema_version": 0,
          "attributes": {
            "address": "123 Ocean Drive, Miami Beach, FL 33139",
            "country": "United States",
            "id": "dd728928-7157-4547-8368-01b5113f1b2d",
            "latitude": 25.782,
            "longitude": -80.133,
            "name": "Art Deco Mansion",
            "parent_name": "Global/United States/Oceanfront Mansion"
          },
          "sensitive_attributes": [],
          "identity_schema_version": 0,
          "dependencies": [
            "catalystcenter_area.oceanfront_mansion",
            "catalystcenter_area.united_states"
          ]
        }
      ]
    },
    {
      "mode": "managed",
      "type": "catalystcenter_building",
      "name": "desert_oasis_tower",
      "provider": "provider[\"registry.terraform.io/ciscodevnet/catalystcenter\"]",
      "instances": [
        {
          "schema_version": 0,
          "attributes": {
            "address": "1235 Cactus Ave, Phoenix, AZ 85001",
            "country": "United States",
            "id": "e51afbc3-abc6-4288-b13e-a90a9e58e24c",
            "latitude": 33.448,
            "longitude": -112.074,
            "name": "Desert Oasis Tower",
            "parent_name": "Global/United States/Desert Oasis Branch"
          },
          "sensitive_attributes": [],
          "identity_schema_version": 0,
          "dependencies": [
            "catalystcenter_area.desert_oasis_branch",
            "catalystcenter_area.united_states"
          ]
        }
      ]
    },
    {
      "mode": "managed",
      "type": "catalystcenter_building",
      "name": "sunset_tower",
      "provider": "provider[\"registry.terraform.io/ciscodevnet/catalystcenter\"]",
      "instances": [
        {
          "schema_version": 0,
          "attributes": {
            "address": "8358 Sunset Blvd, Los Angeles, CA 90069",
            "country": "United States",
            "id": "a26279e5-8370-4e4b-a299-449b1a6e7c1e",
            "latitude": 34.099,
            "longitude": -118.366,
            "name": "Sunset Tower",
            "parent_name": "Global/United States/Golden Hills Campus"
          },
          "sensitive_attributes": [],
          "identity_schema_version": 0,
          "dependencies": [
            "catalystcenter_area.golden_hills_campus",
            "catalystcenter_area.united_states"
          ]
        }
      ]
    },
    {
      "mode": "managed",
      "type": "catalystcenter_building",
      "name": "windy_city_plaza",
      "provider": "provider[\"registry.terraform.io/ciscodevnet/catalystcenter\"]",
      "instances": [
        {
          "schema_version": 0,
          "attributes": {
            "address": "233 S Wacker Dr, Chicago, IL 60606",
            "country": "United States",
            "id": "f421d331-1ca5-4412-a226-757a53177ed1",
            "latitude": 41.878,
            "longitude": -87.63,
            "name": "Windy City Plaza",
            "parent_name": "Global/United States/Lakefront Tower"
          },
          "sensitive_attributes": [],
          "identity_schema_version": 0,
          "dependencies": [
            "catalystcenter_area.lakefront_tower",
            "catalystcenter_area.united_states"
          ]
        }
      ]
    },
    {
      "mode": "managed",
      "type": "catalystcenter_floor",
      "name": "art_deco_mansion_floor_1",
      "provider": "provider[\"registry.terraform.io/ciscodevnet/catalystcenter\"]",
      "instances": [
        {
          "schema_version": 0,
          "attributes": {
            "floor_number": 1,
            "height": 10,
            "id": "23e2d9ae-3721-4daa-a992-4653dc71f881",
            "length": 100,
            "name": "FLOOR_1",
            "parent_name": "Global/United States/Oceanfront Mansion/Art Deco Mansion",
            "rf_model": "Cubes And Walled Offices",
            "width": 100
          },
          "sensitive_attributes": [],
          "identity_schema_version": 0,
          "dependencies": [
            "catalystcenter_area.oceanfront_mansion",
            "catalystcenter_area.united_states",
            "catalystcenter_building.art_deco_mansion"
          ]
        }
      ]
    },
    {
      "mode": "managed",
      "type": "catalystcenter_floor",
      "name": "desert_oasis_tower_floor_1",
      "provider": "provider[\"registry.terraform.io/ciscodevnet/catalystcenter\"]",
      "instances": [
        {
          "schema_version": 0,
          "attributes": {
            "floor_number": 1,
            "height": 10,
            "id": "36d92860-d85d-433a-84f5-724cf119aa46",
            "length": 100,
            "name": "FLOOR_1",
            "parent_name": "Global/United States/Desert Oasis Branch/Desert Oasis Tower",
            "rf_model": "Cubes And Walled Offices",
            "width": 100
          },
          "sensitive_attributes": [],
          "identity_schema_version": 0,
          "dependencies": [
            "catalystcenter_area.desert_oasis_branch",
            "catalystcenter_area.united_states",
            "catalystcenter_building.desert_oasis_tower"
          ]
        }
      ]
    },
    {
      "mode": "managed",
      "type": "catalystcenter_floor",
      "name": "sunset_tower_floor_1",
      "provider": "provider[\"registry.terraform.io/ciscodevnet/catalystcenter\"]",
      "instances": [
        {
          "schema_version": 0,
          "attributes": {
            "floor_number": 1,
            "height": 10,
            "id": "06d09bb9-b41f-4150-96b2-0549af2c14dd",
            "length": 100,
            "name": "FLOOR_1",
            "parent_name": "Global/United States/Golden Hills Campus/Sunset Tower",
            "rf_model": "Cubes And Walled Offices",
            "width": 100
          },
          "sensitive_attributes": [],
          "identity_schema_version": 0,
          "dependencies": [
            "catalystcenter_area.golden_hills_campus",
            "catalystcenter_area.united_states",
            "catalystcenter_building.sunset_tower"
          ]
        }
      ]
    },
    {
      "mode": "managed",
      "type": "catalystcenter_floor",
      "name": "sunset_tower_floor_2",
      "provider": "provider[\"registry.terraform.io/ciscodevnet/catalystcenter\"]",
      "instances": [
        {
          "schema_version": 0,
          "attributes": {
            "floor_number": 2,
            "height": 10,
            "id": "a175bf49-55a4-49bb-a629-f5bc9fa7365d",
            "length": 100,
            "name": "FLOOR_2",
            "parent_name": "Global/United States/Golden Hills Campus/Sunset Tower",
            "rf_model": "Cubes And Walled Offices",
            "width": 100
          },
          "sensitive_attributes": [],
          "identity_schema_version": 0,
          "dependencies": [
            "catalystcenter_area.golden_hills_campus",
            "catalystcenter_area.united_states",
            "catalystcenter_building.sunset_tower"
          ]
        }
      ]
    },
    {
      "mode": "managed",
      "type": "catalystcenter_floor",
      "name": "windy_city_plaza_floor_1",
      "provider": "provider[\"registry.terraform.io/ciscodevnet/catalystcenter\"]",
      "instances": [
        {
          "schema_version": 0,
          "attributes": {
            "floor_number": 1,
            "height": 10,
            "id": "579801d2-d0ee-4231-866b-93b1995ad9cc",
            "length": 100,
            "name": "FLOOR_1",
            "parent_name": "Global/United States/Lakefront Tower/Windy City Plaza",
            "rf_model": "Cubes And Walled Offices",
            "width": 100
          },
          "sensitive_attributes": [],
          "identity_schema_version": 0,
          "dependencies": [
            "catalystcenter_area.lakefront_tower",
            "catalystcenter_area.united_states",
            "catalystcenter_building.windy_city_plaza"
          ]
        }
      ]
    },
    {
      "mode": "managed",
      "type": "catalystcenter_floor",
      "name": "windy_city_plaza_floor_2",
      "provider": "provider[\"registry.terraform.io/ciscodevnet/catalystcenter\"]",
      "instances": [
        {
          "schema_version": 0,
          "attributes": {
            "floor_number": 2,
            "height": 10,
            "id": "b4968a2d-6675-4f19-a153-f3da65e5b481",
            "length": 100,
            "name": "FLOOR_2",
            "parent_name": "Global/United States/Lakefront Tower/Windy City Plaza",
            "rf_model": "Cubes And Walled Offices",
            "width": 100
          },
          "sensitive_attributes": [],
          "identity_schema_version": 0,
          "dependencies": [
            "catalystcenter_area.lakefront_tower",
            "catalystcenter_area.united_states",
            "catalystcenter_building.windy_city_plaza"
          ]
        }
      ]
    },
    {
      "mode": "managed",
      "type": "catalystcenter_ip_pool",
      "name": "us_byod",
      "provider": "provider[\"registry.terraform.io/ciscodevnet/catalystcenter\"]",
      "instances": [
        {
          "schema_version": 0,
          "attributes": {
            "dhcp_server_ips": [
              "10.204.0.2"
            ],
            "dns_server_ips": [
              "10.204.0.2"
            ],
            "gateway": [
              "10.204.0.1"
            ],
            "id": "de9ef7c3-427a-418f-aa0d-72f7b42fe5f3",
            "ip_address_space": "IPv4",
            "ip_subnet": "10.204.0.0/16",
            "name": "US_BYOD",
            "type": "generic"
          },
          "sensitive_attributes": [],
          "identity_schema_version": 0
        }
      ]
    },
    {
      "mode": "managed",
      "type": "catalystcenter_ip_pool",
      "name": "us_corp",
      "provider": "provider[\"registry.terraform.io/ciscodevnet/catalystcenter\"]",
      "instances": [
        {
          "schema_version": 0,
          "attributes": {
            "dhcp_server_ips": [
              "10.201.0.2"
            ],
            "dns_server_ips": [
              "10.201.0.2"
            ],
            "gateway": [
              "10.201.0.1"
            ],
            "id": "069a7dea-0dd4-45b9-bcff-eaa703079ca5",
            "ip_address_space": "IPv4",
            "ip_subnet": "10.201.0.0/16",
            "name": "US_CORP",
            "type": "generic"
          },
          "sensitive_attributes": [],
          "identity_schema_version": 0
        }
      ]
    },
    {
      "mode": "managed",
      "type": "catalystcenter_ip_pool",
      "name": "us_guest",
      "provider": "provider[\"registry.terraform.io/ciscodevnet/catalystcenter\"]",
      "instances": [
        {
          "schema_version": 0,
          "attributes": {
            "dhcp_server_ips": [
              "10.203.0.2"
            ],
            "dns_server_ips": [
              "10.203.0.2"
            ],
            "gateway": [
              "10.203.0.1"
            ],
            "id": "a53af132-65a8-4ccf-8018-bca4da83d9e6",
            "ip_address_space": "IPv4",
            "ip_subnet": "10.203.0.0/16",
            "name": "US_GUEST",
            "type": "generic"
          },
          "sensitive_attributes": [],
          "identity_schema_version": 0
        }
      ]
    },
    {
      "mode": "managed",
      "type": "catalystcenter_ip_pool",
      "name": "us_tech",
      "provider": "provider[\"registry.terraform.io/ciscodevnet/catalystcenter\"]",
      "instances": [
        {
          "schema_version": 0,
          "attributes": {
            "dhcp_server_ips": [
              "10.202.0.2"
            ],
            "dns_server_ips": [
              "10.202.0.2"
            ],
            "gateway": [
              "10.202.0.1"
            ],
            "id": "c4257c2e-b398-47e2-bb96-a51866c260e6",
            "ip_address_space": "IPv4",
            "ip_subnet": "10.202.0.0/16",
            "name": "US_TECH",
            "type": "generic"
          },
          "sensitive_attributes": [],
          "identity_schema_version": 0
        }
      ]
    },
    {
      "mode": "managed",
      "type": "catalystcenter_ip_pool_reservation",
      "name": "adm_byod",
      "provider": "provider[\"registry.terraform.io/ciscodevnet/catalystcenter\"]",
      "instances": [
        {
          "schema_version": 0,
          "attributes": {
            "id": "b205e6b8-2852-40a7-91ef-b6f9e9443f7a",
            "ipv4_dhcp_servers": [
              "10.204.0.2"
            ],
            "ipv4_dns_servers": [
              "10.204.0.2"
            ],
            "ipv4_gateway": "10.204.4.1",
            "ipv4_global_pool": "10.204.0.0/16",
            "ipv4_prefix": true,
            "ipv4_prefix_length": 24,
            "ipv4_subnet": "10.204.4.0",
            "ipv4_total_host": null,
            "ipv6_address_space": null,
            "ipv6_dhcp_servers": null,
            "ipv6_dns_servers": null,
            "ipv6_gateway": null,
            "ipv6_global_pool": null,
            "ipv6_prefix": null,
            "ipv6_prefix_length": null,
            "ipv6_subnet": null,
            "ipv6_total_host": null,
            "name": "ADM_BYOD",
            "site_id": "dd728928-7157-4547-8368-01b5113f1b2d",
            "slaac_support": null,
            "type": "Generic"
          },
          "sensitive_attributes": [],
          "identity_schema_version": 0,
          "dependencies": [
            "catalystcenter_area.oceanfront_mansion",
            "catalystcenter_area.united_states",
            "catalystcenter_building.art_deco_mansion",
            "catalystcenter_ip_pool.us_byod"
          ]
        }
      ]
    },
    {
      "mode": "managed",
      "type": "catalystcenter_ip_pool_reservation",
      "name": "adm_corp",
      "provider": "provider[\"registry.terraform.io/ciscodevnet/catalystcenter\"]",
      "instances": [
        {
          "schema_version": 0,
          "attributes": {
            "id": "d82114d0-7246-45ac-82aa-638fcb0dcce4",
            "ipv4_dhcp_servers": [
              "10.201.0.2"
            ],
            "ipv4_dns_servers": [
              "10.201.0.2"
            ],
            "ipv4_gateway": "10.201.4.1",
            "ipv4_global_pool": "10.201.0.0/16",
            "ipv4_prefix": true,
            "ipv4_prefix_length": 24,
            "ipv4_subnet": "10.201.4.0",
            "ipv4_total_host": null,
            "ipv6_address_space": null,
            "ipv6_dhcp_servers": null,
            "ipv6_dns_servers": null,
            "ipv6_gateway": null,
            "ipv6_global_pool": null,
            "ipv6_prefix": null,
            "ipv6_prefix_length": null,
            "ipv6_subnet": null,
            "ipv6_total_host": null,
            "name": "ADM_CORP",
            "site_id": "dd728928-7157-4547-8368-01b5113f1b2d",
            "slaac_support": null,
            "type": "Generic"
          },
          "sensitive_attributes": [],
          "identity_schema_version": 0,
          "dependencies": [
            "catalystcenter_area.oceanfront_mansion",
            "catalystcenter_area.united_states",
            "catalystcenter_building.art_deco_mansion",
            "catalystcenter_ip_pool.us_corp"
          ]
        }
      ]
    },
    {
      "mode": "managed",
      "type": "catalystcenter_ip_pool_reservation",
      "name": "adm_guest",
      "provider": "provider[\"registry.terraform.io/ciscodevnet/catalystcenter\"]",
      "instances": [
        {
          "schema_version": 0,
          "attributes": {
            "id": "b7176575-24f8-4b34-8b9f-92dacbc45cb8",
            "ipv4_dhcp_servers": [
              "10.203.0.2"
            ],
            "ipv4_dns_servers": [
              "10.203.0.2"
            ],
            "ipv4_gateway": "10.203.4.1",
            "ipv4_global_pool": "10.203.0.0/16",
            "ipv4_prefix": true,
            "ipv4_prefix_length": 24,
            "ipv4_subnet": "10.203.4.0",
            "ipv4_total_host": null,
            "ipv6_address_space": null,
            "ipv6_dhcp_servers": null,
            "ipv6_dns_servers": null,
            "ipv6_gateway": null,
            "ipv6_global_pool": null,
            "ipv6_prefix": null,
            "ipv6_prefix_length": null,
            "ipv6_subnet": null,
            "ipv6_total_host": null,
            "name": "ADM_GUEST",
            "site_id": "dd728928-7157-4547-8368-01b5113f1b2d",
            "slaac_support": null,
            "type": "Generic"
          },
          "sensitive_attributes": [],
          "identity_schema_version": 0,
          "dependencies": [
            "catalystcenter_area.oceanfront_mansion",
            "catalystcenter_area.united_states",
            "catalystcenter_building.art_deco_mansion",
            "catalystcenter_ip_pool.us_guest"
          ]
        }
      ]
    },
    {
      "mode": "managed",
      "type": "catalystcenter_ip_pool_reservation",
      "name": "adm_tech",
      "provider": "provider[\"registry.terraform.io/ciscodevnet/catalystcenter\"]",
      "instances": [
        {
          "schema_version": 0,
          "attributes": {
            "id": "c8858997-6fef-4e43-ba8f-24ab7b53772e",
            "ipv4_dhcp_servers": [
              "10.202.0.2"
            ],
            "ipv4_dns_servers": [
              "10.202.0.2"
            ],
            "ipv4_gateway": "10.202.4.1",
            "ipv4_global_pool": "10.202.0.0/16",
            "ipv4_prefix": true,
            "ipv4_prefix_length": 24,
            "ipv4_subnet": "10.202.4.0",
            "ipv4_total_host": null,
            "ipv6_address_space": null,
            "ipv6_dhcp_servers": null,
            "ipv6_dns_servers": null,
            "ipv6_gateway": null,
            "ipv6_global_pool": null,
            "ipv6_prefix": null,
            "ipv6_prefix_length": null,
            "ipv6_subnet": null,
            "ipv6_total_host": null,
            "name": "ADM_TECH",
            "site_id": "dd728928-7157-4547-8368-01b5113f1b2d",
            "slaac_support": null,
            "type": "Generic"
          },
          "sensitive_attributes": [],
          "identity_schema_version": 0,
          "dependencies": [
            "catalystcenter_area.oceanfront_mansion",
            "catalystcenter_area.united_states",
            "catalystcenter_building.art_deco_mansion",
            "catalystcenter_ip_pool.us_tech"
          ]
        }
      ]
    },
    {
      "mode": "managed",
      "type": "catalystcenter_ip_pool_reservation",
      "name": "dot_byod",
      "provider": "provider[\"registry.terraform.io/ciscodevnet/catalystcenter\"]",
      "instances": [
        {
          "schema_version": 0,
          "attributes": {
            "id": "bf835f08-5c52-4b37-b869-4588ad3d45c0",
            "ipv4_dhcp_servers": [
              "10.204.0.2"
            ],
            "ipv4_dns_servers": [
              "10.204.0.2"
            ],
            "ipv4_gateway": "10.204.1.1",
            "ipv4_global_pool": "10.204.0.0/16",
            "ipv4_prefix": true,
            "ipv4_prefix_length": 24,
            "ipv4_subnet": "10.204.1.0",
            "ipv4_total_host": null,
            "ipv6_address_space": null,
            "ipv6_dhcp_servers": null,
            "ipv6_dns_servers": null,
            "ipv6_gateway": null,
            "ipv6_global_pool": null,
            "ipv6_prefix": null,
            "ipv6_prefix_length": null,
            "ipv6_subnet": null,
            "ipv6_total_host": null,
            "name": "DOT_BYOD",
            "site_id": "c0c5ddea-4a76-40a1-a4fe-1396297093f0",
            "slaac_support": null,
            "type": "Generic"
          },
          "sensitive_attributes": [],
          "identity_schema_version": 0,
          "dependencies": [
            "catalystcenter_area.desert_oasis_branch",
            "catalystcenter_area.united_states",
            "catalystcenter_ip_pool.us_byod"
          ]
        }
      ]
    },
    {
      "mode": "managed",
      "type": "catalystcenter_ip_pool_reservation",
      "name": "dot_corp",
      "provider": "provider[\"registry.terraform.io/ciscodevnet/catalystcenter\"]",
      "instances": [
        {
          "schema_version": 0,
          "attributes": {
            "id": "c3f76a80-44e6-434d-98b5-aa53b778253c",
            "ipv4_dhcp_servers": [
              "10.201.0.2"
            ],
            "ipv4_dns_servers": [
              "10.201.0.2"
            ],
            "ipv4_gateway": "10.201.1.1",
            "ipv4_global_pool": "10.201.0.0/16",
            "ipv4_prefix": true,
            "ipv4_prefix_length": 24,
            "ipv4_subnet": "10.201.1.0",
            "ipv4_total_host": null,
            "ipv6_address_space": null,
            "ipv6_dhcp_servers": null,
            "ipv6_dns_servers": null,
            "ipv6_gateway": null,
            "ipv6_global_pool": null,
            "ipv6_prefix": null,
            "ipv6_prefix_length": null,
            "ipv6_subnet": null,
            "ipv6_total_host": null,
            "name": "DOT_CORP",
            "site_id": "c0c5ddea-4a76-40a1-a4fe-1396297093f0",
            "slaac_support": null,
            "type": "Generic"
          },
          "sensitive_attributes": [],
          "identity_schema_version": 0,
          "dependencies": [
            "catalystcenter_area.desert_oasis_branch",
            "catalystcenter_area.united_states",
            "catalystcenter_ip_pool.us_corp"
          ]
        }
      ]
    },
    {
      "mode": "managed",
      "type": "catalystcenter_ip_pool_reservation",
      "name": "dot_guest",
      "provider": "provider[\"registry.terraform.io/ciscodevnet/catalystcenter\"]",
      "instances": [
        {
          "schema_version": 0,
          "attributes": {
            "id": "1f98c51b-5fcd-4181-8d9d-4ca5ccd6c0d9",
            "ipv4_dhcp_servers": [
              "10.203.0.2"
            ],
            "ipv4_dns_servers": [
              "10.203.0.2"
            ],
            "ipv4_gateway": "10.203.1.1",
            "ipv4_global_pool": "10.203.0.0/16",
            "ipv4_prefix": true,
            "ipv4_prefix_length": 24,
            "ipv4_subnet": "10.203.1.0",
            "ipv4_total_host": null,
            "ipv6_address_space": null,
            "ipv6_dhcp_servers": null,
            "ipv6_dns_servers": null,
            "ipv6_gateway": null,
            "ipv6_global_pool": null,
            "ipv6_prefix": null,
            "ipv6_prefix_length": null,
            "ipv6_subnet": null,
            "ipv6_total_host": null,
            "name": "DOT_GUEST",
            "site_id": "c0c5ddea-4a76-40a1-a4fe-1396297093f0",
            "slaac_support": null,
            "type": "Generic"
          },
          "sensitive_attributes": [],
          "identity_schema_version": 0,
          "dependencies": [
            "catalystcenter_area.desert_oasis_branch",
            "catalystcenter_area.united_states",
            "catalystcenter_ip_pool.us_guest"
          ]
        }
      ]
    },
    {
      "mode": "managed",
      "type": "catalystcenter_ip_pool_reservation",
      "name": "dot_tech",
      "provider": "provider[\"registry.terraform.io/ciscodevnet/catalystcenter\"]",
      "instances": [
        {
          "schema_version": 0,
          "attributes": {
            "id": "e6b69ef4-d6a1-4a34-895b-1e641f77850b",
            "ipv4_dhcp_servers": [
              "10.202.0.2"
            ],
            "ipv4_dns_servers": [
              "10.202.0.2"
            ],
            "ipv4_gateway": "10.202.1.1",
            "ipv4_global_pool": "10.202.0.0/16",
            "ipv4_prefix": true,
            "ipv4_prefix_length": 24,
            "ipv4_subnet": "10.202.1.0",
            "ipv4_total_host": null,
            "ipv6_address_space": null,
            "ipv6_dhcp_servers": null,
            "ipv6_dns_servers": null,
            "ipv6_gateway": null,
            "ipv6_global_pool": null,
            "ipv6_prefix": null,
            "ipv6_prefix_length": null,
            "ipv6_subnet": null,
            "ipv6_total_host": null,
            "name": "DOT_TECH",
            "site_id": "c0c5ddea-4a76-40a1-a4fe-1396297093f0",
            "slaac_support": null,
            "type": "Generic"
          },
          "sensitive_attributes": [],
          "identity_schema_version": 0,
          "dependencies": [
            "catalystcenter_area.desert_oasis_branch",
            "catalystcenter_area.united_states",
            "catalystcenter_ip_pool.us_tech"
          ]
        }
      ]
    },
    {
      "mode": "managed",
      "type": "catalystcenter_ip_pool_reservation",
      "name": "st_byod",
      "provider": "provider[\"registry.terraform.io/ciscodevnet/catalystcenter\"]",
      "instances": [
        {
          "schema_version": 0,
          "attributes": {
            "id": "bde79451-6466-42a4-9d42-1bc12e71bb31",
            "ipv4_dhcp_servers": [
              "10.204.0.2"
            ],
            "ipv4_dns_servers": [
              "10.204.0.2"
            ],
            "ipv4_gateway": "10.204.2.1",
            "ipv4_global_pool": "10.204.0.0/16",
            "ipv4_prefix": true,
            "ipv4_prefix_length": 24,
            "ipv4_subnet": "10.204.2.0",
            "ipv4_total_host": null,
            "ipv6_address_space": null,
            "ipv6_dhcp_servers": null,
            "ipv6_dns_servers": null,
            "ipv6_gateway": null,
            "ipv6_global_pool": null,
            "ipv6_prefix": null,
            "ipv6_prefix_length": null,
            "ipv6_subnet": null,
            "ipv6_total_host": null,
            "name": "ST_BYOD",
            "site_id": "a26279e5-8370-4e4b-a299-449b1a6e7c1e",
            "slaac_support": null,
            "type": "Generic"
          },
          "sensitive_attributes": [],
          "identity_schema_version": 0,
          "dependencies": [
            "catalystcenter_area.golden_hills_campus",
            "catalystcenter_area.united_states",
            "catalystcenter_building.sunset_tower",
            "catalystcenter_ip_pool.us_byod"
          ]
        }
      ]
    },
    {
      "mode": "managed",
      "type": "catalystcenter_ip_pool_reservation",
      "name": "st_corp",
      "provider": "provider[\"registry.terraform.io/ciscodevnet/catalystcenter\"]",
      "instances": [
        {
          "schema_version": 0,
          "attributes": {
            "id": "15ad6592-ca6b-4bec-a5f6-83f9fd45efe5",
            "ipv4_dhcp_servers": [
              "10.201.0.2"
            ],
            "ipv4_dns_servers": [
              "10.201.0.2"
            ],
            "ipv4_gateway": "10.201.2.1",
            "ipv4_global_pool": "10.201.0.0/16",
            "ipv4_prefix": true,
            "ipv4_prefix_length": 24,
            "ipv4_subnet": "10.201.2.0",
            "ipv4_total_host": null,
            "ipv6_address_space": null,
            "ipv6_dhcp_servers": null,
            "ipv6_dns_servers": null,
            "ipv6_gateway": null,
            "ipv6_global_pool": null,
            "ipv6_prefix": null,
            "ipv6_prefix_length": null,
            "ipv6_subnet": null,
            "ipv6_total_host": null,
            "name": "ST_CORP",
            "site_id": "a26279e5-8370-4e4b-a299-449b1a6e7c1e",
            "slaac_support": null,
            "type": "Generic"
          },
          "sensitive_attributes": [],
          "identity_schema_version": 0,
          "dependencies": [
            "catalystcenter_area.golden_hills_campus",
            "catalystcenter_area.united_states",
            "catalystcenter_building.sunset_tower",
            "catalystcenter_ip_pool.us_corp"
          ]
        }
      ]
    },
    {
      "mode": "managed",
      "type": "catalystcenter_ip_pool_reservation",
      "name": "st_guest",
      "provider": "provider[\"registry.terraform.io/ciscodevnet/catalystcenter\"]",
      "instances": [
        {
          "schema_version": 0,
          "attributes": {
            "id": "540b2606-5837-40ba-8a77-4ab087339bdd",
            "ipv4_dhcp_servers": [
              "10.203.0.2"
            ],
            "ipv4_dns_servers": [
              "10.203.0.2"
            ],
            "ipv4_gateway": "10.203.2.1",
            "ipv4_global_pool": "10.203.0.0/16",
            "ipv4_prefix": true,
            "ipv4_prefix_length": 24,
            "ipv4_subnet": "10.203.2.0",
            "ipv4_total_host": null,
            "ipv6_address_space": null,
            "ipv6_dhcp_servers": null,
            "ipv6_dns_servers": null,
            "ipv6_gateway": null,
            "ipv6_global_pool": null,
            "ipv6_prefix": null,
            "ipv6_prefix_length": null,
            "ipv6_subnet": null,
            "ipv6_total_host": null,
            "name": "ST_GUEST",
            "site_id": "a26279e5-8370-4e4b-a299-449b1a6e7c1e",
            "slaac_support": null,
            "type": "Generic"
          },
          "sensitive_attributes": [],
          "identity_schema_version": 0,
          "dependencies": [
            "catalystcenter_area.golden_hills_campus",
            "catalystcenter_area.united_states",
            "catalystcenter_building.sunset_tower",
            "catalystcenter_ip_pool.us_guest"
          ]
        }
      ]
    },
    {
      "mode": "managed",
      "type": "catalystcenter_ip_pool_reservation",
      "name": "st_tech",
      "provider": "provider[\"registry.terraform.io/ciscodevnet/catalystcenter\"]",
      "instances": [
        {
          "schema_version": 0,
          "attributes": {
            "id": "79dca3e0-b9e7-444a-a93a-fd256ae75444",
            "ipv4_dhcp_servers": [
              "10.202.0.2"
            ],
            "ipv4_dns_servers": [
              "10.202.0.2"
            ],
            "ipv4_gateway": "10.202.2.1",
            "ipv4_global_pool": "10.202.0.0/16",
            "ipv4_prefix": true,
            "ipv4_prefix_length": 24,
            "ipv4_subnet": "10.202.2.0",
            "ipv4_total_host": null,
            "ipv6_address_space": null,
            "ipv6_dhcp_servers": null,
            "ipv6_dns_servers": null,
            "ipv6_gateway": null,
            "ipv6_global_pool": null,
            "ipv6_prefix": null,
            "ipv6_prefix_length": null,
            "ipv6_subnet": null,
            "ipv6_total_host": null,
            "name": "ST_TECH",
            "site_id": "a26279e5-8370-4e4b-a299-449b1a6e7c1e",
            "slaac_support": null,
            "type": "Generic"
          },
          "sensitive_attributes": [],
          "identity_schema_version": 0,
          "dependencies": [
            "catalystcenter_area.golden_hills_campus",
            "catalystcenter_area.united_states",
            "catalystcenter_building.sunset_tower",
            "catalystcenter_ip_pool.us_tech"
          ]
        }
      ]
    },
    {
      "mode": "managed",
      "type": "catalystcenter_ip_pool_reservation",
      "name": "wcp_byod",
      "provider": "provider[\"registry.terraform.io/ciscodevnet/catalystcenter\"]",
      "instances": [
        {
          "schema_version": 0,
          "attributes": {
            "id": "177ffbac-3b7c-43db-b610-c77331e55a32",
            "ipv4_dhcp_servers": [
              "10.204.0.2"
            ],
            "ipv4_dns_servers": [
              "10.204.0.2"
            ],
            "ipv4_gateway": "10.204.3.1",
            "ipv4_global_pool": "10.204.0.0/16",
            "ipv4_prefix": true,
            "ipv4_prefix_length": 24,
            "ipv4_subnet": "10.204.3.0",
            "ipv4_total_host": null,
            "ipv6_address_space": null,
            "ipv6_dhcp_servers": null,
            "ipv6_dns_servers": null,
            "ipv6_gateway": null,
            "ipv6_global_pool": null,
            "ipv6_prefix": null,
            "ipv6_prefix_length": null,
            "ipv6_subnet": null,
            "ipv6_total_host": null,
            "name": "WCP_BYOD",
            "site_id": "f421d331-1ca5-4412-a226-757a53177ed1",
            "slaac_support": null,
            "type": "Generic"
          },
          "sensitive_attributes": [],
          "identity_schema_version": 0,
          "dependencies": [
            "catalystcenter_area.lakefront_tower",
            "catalystcenter_area.united_states",
            "catalystcenter_building.windy_city_plaza",
            "catalystcenter_ip_pool.us_byod"
          ]
        }
      ]
    },
    {
      "mode": "managed",
      "type": "catalystcenter_ip_pool_reservation",
      "name": "wcp_corp",
      "provider": "provider[\"registry.terraform.io/ciscodevnet/catalystcenter\"]",
      "instances": [
        {
          "schema_version": 0,
          "attributes": {
            "id": "3da0065e-dad4-44eb-b8e2-28a7d6eef946",
            "ipv4_dhcp_servers": [
              "10.201.0.2"
            ],
            "ipv4_dns_servers": [
              "10.201.0.2"
            ],
            "ipv4_gateway": "10.201.3.1",
            "ipv4_global_pool": "10.201.0.0/16",
            "ipv4_prefix": true,
            "ipv4_prefix_length": 24,
            "ipv4_subnet": "10.201.3.0",
            "ipv4_total_host": null,
            "ipv6_address_space": null,
            "ipv6_dhcp_servers": null,
            "ipv6_dns_servers": null,
            "ipv6_gateway": null,
            "ipv6_global_pool": null,
            "ipv6_prefix": null,
            "ipv6_prefix_length": null,
            "ipv6_subnet": null,
            "ipv6_total_host": null,
            "name": "WCP_CORP",
            "site_id": "f421d331-1ca5-4412-a226-757a53177ed1",
            "slaac_support": null,
            "type": "Generic"
          },
          "sensitive_attributes": [],
          "identity_schema_version": 0,
          "dependencies": [
            "catalystcenter_area.lakefront_tower",
            "catalystcenter_area.united_states",
            "catalystcenter_building.windy_city_plaza",
            "catalystcenter_ip_pool.us_corp"
          ]
        }
      ]
    },
    {
      "mode": "managed",
      "type": "catalystcenter_ip_pool_reservation",
      "name": "wcp_guest",
      "provider": "provider[\"registry.terraform.io/ciscodevnet/catalystcenter\"]",
      "instances": [
        {
          "schema_version": 0,
          "attributes": {
            "id": "be169848-92eb-48f6-83bf-69296dffc321",
            "ipv4_dhcp_servers": [
              "10.203.0.2"
            ],
            "ipv4_dns_servers": [
              "10.203.0.2"
            ],
            "ipv4_gateway": "10.203.3.1",
            "ipv4_global_pool": "10.203.0.0/16",
            "ipv4_prefix": true,
            "ipv4_prefix_length": 24,
            "ipv4_subnet": "10.203.3.0",
            "ipv4_total_host": null,
            "ipv6_address_space": null,
            "ipv6_dhcp_servers": null,
            "ipv6_dns_servers": null,
            "ipv6_gateway": null,
            "ipv6_global_pool": null,
            "ipv6_prefix": null,
            "ipv6_prefix_length": null,
            "ipv6_subnet": null,
            "ipv6_total_host": null,
            "name": "WCP_GUEST",
            "site_id": "f421d331-1ca5-4412-a226-757a53177ed1",
            "slaac_support": null,
            "type": "Generic"
          },
          "sensitive_attributes": [],
          "identity_schema_version": 0,
          "dependencies": [
            "catalystcenter_area.lakefront_tower",
            "catalystcenter_area.united_states",
            "catalystcenter_building.windy_city_plaza",
            "catalystcenter_ip_pool.us_guest"
          ]
        }
      ]
    },
    {
      "mode": "managed",
      "type": "catalystcenter_ip_pool_reservation",
      "name": "wcp_tech",
      "provider": "provider[\"registry.terraform.io/ciscodevnet/catalystcenter\"]",
      "instances": [
        {
          "schema_version": 0,
          "attributes": {
            "id": "3a8096ec-4f6a-4957-8157-0438f28d3efc",
            "ipv4_dhcp_servers": [
              "10.202.0.2"
            ],
            "ipv4_dns_servers": [
              "10.202.0.2"
            ],
            "ipv4_gateway": "10.202.3.1",
            "ipv4_global_pool": "10.202.0.0/16",
            "ipv4_prefix": true,
            "ipv4_prefix_length": 24,
            "ipv4_subnet": "10.202.3.0",
            "ipv4_total_host": null,
            "ipv6_address_space": null,
            "ipv6_dhcp_servers": null,
            "ipv6_dns_servers": null,
            "ipv6_gateway": null,
            "ipv6_global_pool": null,
            "ipv6_prefix": null,
            "ipv6_prefix_length": null,
            "ipv6_subnet": null,
            "ipv6_total_host": null,
            "name": "WCP_TECH",
            "site_id": "f421d331-1ca5-4412-a226-757a53177ed1",
            "slaac_support": null,
            "type": "Generic"
          },
          "sensitive_attributes": [],
          "identity_schema_version": 0,
          "dependencies": [
            "catalystcenter_area.lakefront_tower",
            "catalystcenter_area.united_states",
            "catalystcenter_building.windy_city_plaza",
            "catalystcenter_ip_pool.us_tech"
          ]
        }
      ]
    }
  ],
  "check_results": null
}
