{
  "version": 4,
  "terraform_version": "1.14.1",
  "serial": 151,
  "lineage": "10ff89ec-eb34-32bd-da97-794ca7242803",
  "outputs": {},
  "resources": [
    {
      "module": "module.catalyst_center",
      "mode": "data",
      "type": "catalystcenter_area",
      "name": "global",
      "provider": "provider[\"registry.terraform.io/ciscodevnet/catalystcenter\"]",
      "instances": [
        {
          "schema_version": 0,
          "attributes": {
            "id": "534d06cf-0f75-4e92-bdbe-6f2dc5c49da6",
            "name": "Global",
            "parent_name": null
          },
          "sensitive_attributes": [],
          "identity_schema_version": 0
        }
      ]
    },
    {
      "module": "module.catalyst_center",
      "mode": "data",
      "type": "catalystcenter_assign_credentials",
      "name": "global_assign_credentials",
      "provider": "provider[\"registry.terraform.io/ciscodevnet/catalystcenter\"]",
      "instances": [
        {
          "schema_version": 0,
          "attributes": {
            "cli_id": "ec6ae85e-6ccb-4020-b565-d3f36c1bae7d",
            "https_read_id": null,
            "https_write_id": null,
            "id": "534d06cf-0f75-4e92-bdbe-6f2dc5c49da6",
            "site_id": "534d06cf-0f75-4e92-bdbe-6f2dc5c49da6",
            "snmp_v2_read_id": "b6c36edd-1c3b-470c-87a3-a0f9c745bfb0",
            "snmp_v2_write_id": "c8aec3c3-0d0a-446d-afec-7bed6e73857b",
            "snmp_v3_id": null
          },
          "sensitive_attributes": [],
          "identity_schema_version": 0
        }
      ]
    },
    {
      "module": "module.catalyst_center",
      "mode": "data",
      "type": "catalystcenter_fabric_sites",
      "name": "fabric_sites",
      "provider": "provider[\"registry.terraform.io/ciscodevnet/catalystcenter\"]",
      "instances": [
        {
          "schema_version": 0,
          "attributes": {
            "sites": null
          },
          "sensitive_attributes": [],
          "identity_schema_version": 0
        }
      ]
    },
    {
      "module": "module.catalyst_center",
      "mode": "data",
      "type": "catalystcenter_network_devices",
      "name": "all_devices",
      "provider": "provider[\"registry.terraform.io/ciscodevnet/catalystcenter\"]",
      "instances": [
        {
          "schema_version": 0,
          "attributes": {
            "devices": [
              {
                "hostname": "BR10.cisco.eu",
                "id": "e7869917-cf34-44ed-998a-e72ef9866eeb",
                "management_ip_address": "198.18.130.10",
                "management_state": "Managed",
                "platform_id": "C9KV-UADP-8P",
                "role": "ACCESS",
                "software_type": "IOS-XE"
              },
              {
                "hostname": "C9800-CL-WLC.cisco.eu",
                "id": "29998034-a675-43db-9bcb-17a9d5d580f8",
                "management_ip_address": "181.1.1.13",
                "management_state": "Managed",
                "platform_id": "C9800-CL-K9",
                "role": "ACCESS",
                "software_type": "IOS-XE"
              },
              {
                "hostname": "EDGE01.cisco.eu",
                "id": "7ef492ca-b008-479a-9de4-7e40438c7d10",
                "management_ip_address": "198.18.130.1",
                "management_state": "Managed",
                "platform_id": "C9KV-UADP-8P",
                "role": "ACCESS",
                "software_type": "IOS-XE"
              },
              {
                "hostname": "EDGE02.cisco.eu",
                "id": "024f383c-14a5-421c-b21d-b80910cde422",
                "management_ip_address": "198.18.130.2",
                "management_state": "Managed",
                "platform_id": "C9KV-UADP-8P",
                "role": "ACCESS",
                "software_type": "IOS-XE"
              },
              {
                "hostname": "FIAB.cisco.eu",
                "id": "28a9f0f0-2834-4f12-8409-26d34a7f5bbb",
                "management_ip_address": "181.1.1.1",
                "management_state": "Managed",
                "platform_id": "C9KV-UADP-8P",
                "role": "ACCESS",
                "software_type": "IOS-XE"
              },
              {
                "hostname": "Transit-CP-1.cisco.eu",
                "id": "e9272b6f-6ef0-487c-92dd-bce5c21747d7",
                "management_ip_address": "190.1.1.1",
                "management_state": "Managed",
                "platform_id": "C8000V",
                "role": "BORDER ROUTER",
                "software_type": "IOS-XE"
              }
            ]
          },
          "sensitive_attributes": [],
          "identity_schema_version": 0
        }
      ]
    },
    {
      "module": "module.catalyst_center",
      "mode": "data",
      "type": "catalystcenter_project",
      "name": "onboarding",
      "provider": "provider[\"registry.terraform.io/ciscodevnet/catalystcenter\"]",
      "instances": [
        {
          "schema_version": 0,
          "attributes": {
            "description": "Onboarding Configuration",
            "id": "e9e305d1-aa84-47f4-9ed9-d6ba0aa2e499",
            "name": "Onboarding Configuration"
          },
          "sensitive_attributes": [],
          "identity_schema_version": 0
        }
      ]
    },
    {
      "module": "module.catalyst_center",
      "mode": "data",
      "type": "catalystcenter_sites",
      "name": "all_sites",
      "provider": "provider[\"registry.terraform.io/ciscodevnet/catalystcenter\"]",
      "instances": [
        {
          "schema_version": 0,
          "attributes": {
            "sites": [
              {
                "address": null,
                "country": null,
                "floor_number": null,
                "height": null,
                "id": "534d06cf-0f75-4e92-bdbe-6f2dc5c49da6",
                "latitude": null,
                "length": null,
                "longitude": null,
                "name": "Global",
                "name_hierarchy": null,
                "parent_id": null,
                "rf_model": null,
                "type": "global",
                "units_of_measure": null,
                "width": null
              },
              {
                "address": null,
                "country": null,
                "floor_number": null,
                "height": null,
                "id": "eae71759-a3fe-42e7-8c7d-80f35b348a49",
                "latitude": null,
                "length": null,
                "longitude": null,
                "name": "Rome",
                "name_hierarchy": "Global/Europe/Italy/Rome",
                "parent_id": "9c2ad45f-dec9-4331-a144-af2c340428b6",
                "rf_model": null,
                "type": "area",
                "units_of_measure": null,
                "width": null
              },
              {
                "address": null,
                "country": null,
                "floor_number": null,
                "height": null,
                "id": "636bc387-e954-47cc-be36-5d3fe7366c87",
                "latitude": null,
                "length": null,
                "longitude": null,
                "name": "Golden Hills Campus",
                "name_hierarchy": "Global/United States/Golden Hills Campus",
                "parent_id": "04ecd719-0c60-4729-b8b6-b673f1ceaea3",
                "rf_model": null,
                "type": "area",
                "units_of_measure": null,
                "width": null
              },
              {
                "address": null,
                "country": null,
                "floor_number": null,
                "height": null,
                "id": "04ecd719-0c60-4729-b8b6-b673f1ceaea3",
                "latitude": null,
                "length": null,
                "longitude": null,
                "name": "United States",
                "name_hierarchy": "Global/United States",
                "parent_id": "534d06cf-0f75-4e92-bdbe-6f2dc5c49da6",
                "rf_model": null,
                "type": "area",
                "units_of_measure": null,
                "width": null
              },
              {
                "address": null,
                "country": null,
                "floor_number": null,
                "height": null,
                "id": "0d7a5c51-2823-460e-946d-f9474ffc248c",
                "latitude": null,
                "length": null,
                "longitude": null,
                "name": "Europe",
                "name_hierarchy": "Global/Europe",
                "parent_id": "534d06cf-0f75-4e92-bdbe-6f2dc5c49da6",
                "rf_model": null,
                "type": "area",
                "units_of_measure": null,
                "width": null
              },
              {
                "address": null,
                "country": null,
                "floor_number": null,
                "height": null,
                "id": "abb72297-8763-41fe-948d-2f6fdace982a",
                "latitude": null,
                "length": null,
                "longitude": null,
                "name": "Desert Oasis Branch",
                "name_hierarchy": "Global/United States/Desert Oasis Branch",
                "parent_id": "04ecd719-0c60-4729-b8b6-b673f1ceaea3",
                "rf_model": null,
                "type": "area",
                "units_of_measure": null,
                "width": null
              },
              {
                "address": null,
                "country": null,
                "floor_number": null,
                "height": null,
                "id": "a581856f-d822-42f7-8047-9d89941a47aa",
                "latitude": null,
                "length": null,
                "longitude": null,
                "name": "Oceanfront Mansion",
                "name_hierarchy": "Global/United States/Oceanfront Mansion",
                "parent_id": "04ecd719-0c60-4729-b8b6-b673f1ceaea3",
                "rf_model": null,
                "type": "area",
                "units_of_measure": null,
                "width": null
              },
              {
                "address": null,
                "country": null,
                "floor_number": null,
                "height": null,
                "id": "9c2ad45f-dec9-4331-a144-af2c340428b6",
                "latitude": null,
                "length": null,
                "longitude": null,
                "name": "Italy",
                "name_hierarchy": "Global/Europe/Italy",
                "parent_id": "0d7a5c51-2823-460e-946d-f9474ffc248c",
                "rf_model": null,
                "type": "area",
                "units_of_measure": null,
                "width": null
              },
              {
                "address": null,
                "country": null,
                "floor_number": null,
                "height": null,
                "id": "2d15e2cd-3f3d-4b3c-a5c8-9bfb730f2a05",
                "latitude": null,
                "length": null,
                "longitude": null,
                "name": "Lakefront Tower",
                "name_hierarchy": "Global/United States/Lakefront Tower",
                "parent_id": "04ecd719-0c60-4729-b8b6-b673f1ceaea3",
                "rf_model": null,
                "type": "area",
                "units_of_measure": null,
                "width": null
              },
              {
                "address": "8358 Sunset Blvd, Los Angeles, CA 90069",
                "country": "United States",
                "floor_number": null,
                "height": null,
                "id": "8dcf05a4-44ed-420f-97b4-8fb654bb0ebd",
                "latitude": "34.099",
                "length": null,
                "longitude": "-118.366",
                "name": "Sunset Tower",
                "name_hierarchy": "Global/United States/Golden Hills Campus/Sunset Tower",
                "parent_id": "636bc387-e954-47cc-be36-5d3fe7366c87",
                "rf_model": null,
                "type": "building",
                "units_of_measure": null,
                "width": null
              },
              {
                "address": "1235 Cactus Ave, Phoenix, AZ 85001",
                "country": "United States",
                "floor_number": null,
                "height": null,
                "id": "a568df2e-d088-4eb2-81c3-adfd048735af",
                "latitude": "33.448",
                "length": null,
                "longitude": "-112.074",
                "name": "Desert Oasis Tower",
                "name_hierarchy": "Global/United States/Desert Oasis Branch/Desert Oasis Tower",
                "parent_id": "abb72297-8763-41fe-948d-2f6fdace982a",
                "rf_model": null,
                "type": "building",
                "units_of_measure": null,
                "width": null
              },
              {
                "address": "123 Ocean Drive, Miami Beach, FL 33139",
                "country": "United States",
                "floor_number": null,
                "height": null,
                "id": "f7cb8c9b-0539-42d8-9b7d-92306d4fccc1",
                "latitude": "25.782",
                "length": null,
                "longitude": "-80.133",
                "name": "Art Deco Mansion",
                "name_hierarchy": "Global/United States/Oceanfront Mansion/Art Deco Mansion",
                "parent_id": "a581856f-d822-42f7-8047-9d89941a47aa",
                "rf_model": null,
                "type": "building",
                "units_of_measure": null,
                "width": null
              },
              {
                "address": "233 S Wacker Dr, Chicago, IL 60606",
                "country": "United States",
                "floor_number": null,
                "height": null,
                "id": "b0ced8e7-3667-4be2-90d3-25d1c0e812ab",
                "latitude": "41.878",
                "length": null,
                "longitude": "-87.63",
                "name": "Windy City Plaza",
                "name_hierarchy": "Global/United States/Lakefront Tower/Windy City Plaza",
                "parent_id": "2d15e2cd-3f3d-4b3c-a5c8-9bfb730f2a05",
                "rf_model": null,
                "type": "building",
                "units_of_measure": null,
                "width": null
              },
              {
                "address": "Via Del Serafico 200, 00142 Roma Rome, Italy",
                "country": "Italy",
                "floor_number": null,
                "height": null,
                "id": "f42faa6c-396a-432a-a476-afaf972e95f3",
                "latitude": "41.832",
                "length": null,
                "longitude": "12.491654",
                "name": "Rome Office",
                "name_hierarchy": "Global/Europe/Italy/Rome/Rome Office",
                "parent_id": "eae71759-a3fe-42e7-8c7d-80f35b348a49",
                "rf_model": null,
                "type": "building",
                "units_of_measure": null,
                "width": null
              },
              {
                "address": null,
                "country": null,
                "floor_number": 1,
                "height": 3,
                "id": "0301a200-efee-471c-9a51-405dcd615934",
                "latitude": null,
                "length": 30,
                "longitude": null,
                "name": "FLOOR_1",
                "name_hierarchy": "Global/United States/Golden Hills Campus/Sunset Tower/FLOOR_1",
                "parent_id": "8dcf05a4-44ed-420f-97b4-8fb654bb0ebd",
                "rf_model": "Cubes And Walled Offices",
                "type": "floor",
                "units_of_measure": "feet",
                "width": 30
              },
              {
                "address": null,
                "country": null,
                "floor_number": 1,
                "height": 3,
                "id": "35018c1d-00fa-4e95-a575-92f36cbc93a4",
                "latitude": null,
                "length": 30,
                "longitude": null,
                "name": "FLOOR_1",
                "name_hierarchy": "Global/United States/Lakefront Tower/Windy City Plaza/FLOOR_1",
                "parent_id": "b0ced8e7-3667-4be2-90d3-25d1c0e812ab",
                "rf_model": "Cubes And Walled Offices",
                "type": "floor",
                "units_of_measure": "feet",
                "width": 30
              },
              {
                "address": null,
                "country": null,
                "floor_number": 1,
                "height": 3,
                "id": "669cbe05-b180-44f5-8474-4915c8d1612f",
                "latitude": null,
                "length": 30,
                "longitude": null,
                "name": "FLOOR_1",
                "name_hierarchy": "Global/United States/Oceanfront Mansion/Art Deco Mansion/FLOOR_1",
                "parent_id": "f7cb8c9b-0539-42d8-9b7d-92306d4fccc1",
                "rf_model": "Cubes And Walled Offices",
                "type": "floor",
                "units_of_measure": "feet",
                "width": 30
              },
              {
                "address": null,
                "country": null,
                "floor_number": 2,
                "height": 3,
                "id": "346151e7-5091-40b1-8295-025395dc275e",
                "latitude": null,
                "length": 30,
                "longitude": null,
                "name": "FLOOR_2",
                "name_hierarchy": "Global/United States/Golden Hills Campus/Sunset Tower/FLOOR_2",
                "parent_id": "8dcf05a4-44ed-420f-97b4-8fb654bb0ebd",
                "rf_model": "Cubes And Walled Offices",
                "type": "floor",
                "units_of_measure": "feet",
                "width": 30
              },
              {
                "address": null,
                "country": null,
                "floor_number": 1,
                "height": 3,
                "id": "5543be0f-5da5-44d7-818a-d6c5a6d94f82",
                "latitude": null,
                "length": 30,
                "longitude": null,
                "name": "FLOOR_1",
                "name_hierarchy": "Global/United States/Desert Oasis Branch/Desert Oasis Tower/FLOOR_1",
                "parent_id": "a568df2e-d088-4eb2-81c3-adfd048735af",
                "rf_model": "Cubes And Walled Offices",
                "type": "floor",
                "units_of_measure": "feet",
                "width": 30
              },
              {
                "address": null,
                "country": null,
                "floor_number": 2,
                "height": 3,
                "id": "93836c01-d781-48f1-9ab7-b70ea52e527c",
                "latitude": null,
                "length": 30,
                "longitude": null,
                "name": "FLOOR_2",
                "name_hierarchy": "Global/United States/Lakefront Tower/Windy City Plaza/FLOOR_2",
                "parent_id": "b0ced8e7-3667-4be2-90d3-25d1c0e812ab",
                "rf_model": "Cubes And Walled Offices",
                "type": "floor",
                "units_of_measure": "feet",
                "width": 30
              },
              {
                "address": null,
                "country": null,
                "floor_number": 1,
                "height": 3,
                "id": "eb1374b1-18eb-4823-bb45-8a3b3eee9c4f",
                "latitude": null,
                "length": 30,
                "longitude": null,
                "name": "FLOOR_1",
                "name_hierarchy": "Global/Europe/Italy/Rome/Rome Office/FLOOR_1",
                "parent_id": "f42faa6c-396a-432a-a476-afaf972e95f3",
                "rf_model": "Cubes And Walled Offices",
                "type": "floor",
                "units_of_measure": "feet",
                "width": 30
              }
            ],
            "type": null
          },
          "sensitive_attributes": [],
          "identity_schema_version": 0
        }
      ]
    },
    {
      "module": "module.catalyst_center",
      "mode": "managed",
      "type": "catalystcenter_area",
      "name": "area_0",
      "provider": "provider[\"registry.terraform.io/ciscodevnet/catalystcenter\"]",
      "instances": [
        {
          "index_key": "Global/Europe",
          "schema_version": 0,
          "attributes": {
            "id": "0d7a5c51-2823-460e-946d-f9474ffc248c",
            "name": "Europe",
            "parent_name": "Global"
          },
          "sensitive_attributes": [],
          "identity_schema_version": 0,
          "dependencies": [
            "module.catalyst_center.catalystcenter_credentials_cli.cli_credentials",
            "module.catalyst_center.catalystcenter_credentials_https_read.https_read_credentials",
            "module.catalyst_center.catalystcenter_credentials_https_write.https_write_credentials",
            "module.catalyst_center.catalystcenter_credentials_snmpv2_read.snmpv2_read_credentials",
            "module.catalyst_center.catalystcenter_credentials_snmpv2_write.snmpv2_write_credentials",
            "module.catalyst_center.catalystcenter_credentials_snmpv3.snmpv3_credentials",
            "module.catalyst_center.catalystcenter_discovery.discovery"
          ]
        },
        {
          "index_key": "Global/United States",
          "schema_version": 0,
          "attributes": {
            "id": "04ecd719-0c60-4729-b8b6-b673f1ceaea3",
            "name": "United States",
            "parent_name": "Global"
          },
          "sensitive_attributes": [],
          "identity_schema_version": 0,
          "dependencies": [
            "module.catalyst_center.catalystcenter_credentials_cli.cli_credentials",
            "module.catalyst_center.catalystcenter_credentials_https_read.https_read_credentials",
            "module.catalyst_center.catalystcenter_credentials_https_write.https_write_credentials",
            "module.catalyst_center.catalystcenter_credentials_snmpv2_read.snmpv2_read_credentials",
            "module.catalyst_center.catalystcenter_credentials_snmpv2_write.snmpv2_write_credentials",
            "module.catalyst_center.catalystcenter_credentials_snmpv3.snmpv3_credentials",
            "module.catalyst_center.catalystcenter_discovery.discovery"
          ]
        }
      ]
    },
    {
      "module": "module.catalyst_center",
      "mode": "managed",
      "type": "catalystcenter_area",
      "name": "area_1",
      "provider": "provider[\"registry.terraform.io/ciscodevnet/catalystcenter\"]",
      "instances": [
        {
          "index_key": "Global/Europe/Italy",
          "schema_version": 0,
          "attributes": {
            "id": "9c2ad45f-dec9-4331-a144-af2c340428b6",
            "name": "Italy",
            "parent_name": "Global/Europe"
          },
          "sensitive_attributes": [],
          "identity_schema_version": 0,
          "dependencies": [
            "module.catalyst_center.catalystcenter_area.area_0",
            "module.catalyst_center.catalystcenter_credentials_cli.cli_credentials",
            "module.catalyst_center.catalystcenter_credentials_https_read.https_read_credentials",
            "module.catalyst_center.catalystcenter_credentials_https_write.https_write_credentials",
            "module.catalyst_center.catalystcenter_credentials_snmpv2_read.snmpv2_read_credentials",
            "module.catalyst_center.catalystcenter_credentials_snmpv2_write.snmpv2_write_credentials",
            "module.catalyst_center.catalystcenter_credentials_snmpv3.snmpv3_credentials",
            "module.catalyst_center.catalystcenter_discovery.discovery"
          ]
        },
        {
          "index_key": "Global/United States/Desert Oasis Branch",
          "schema_version": 0,
          "attributes": {
            "id": "abb72297-8763-41fe-948d-2f6fdace982a",
            "name": "Desert Oasis Branch",
            "parent_name": "Global/United States"
          },
          "sensitive_attributes": [],
          "identity_schema_version": 0,
          "dependencies": [
            "module.catalyst_center.catalystcenter_area.area_0",
            "module.catalyst_center.catalystcenter_credentials_cli.cli_credentials",
            "module.catalyst_center.catalystcenter_credentials_https_read.https_read_credentials",
            "module.catalyst_center.catalystcenter_credentials_https_write.https_write_credentials",
            "module.catalyst_center.catalystcenter_credentials_snmpv2_read.snmpv2_read_credentials",
            "module.catalyst_center.catalystcenter_credentials_snmpv2_write.snmpv2_write_credentials",
            "module.catalyst_center.catalystcenter_credentials_snmpv3.snmpv3_credentials",
            "module.catalyst_center.catalystcenter_discovery.discovery"
          ]
        },
        {
          "index_key": "Global/United States/Golden Hills Campus",
          "schema_version": 0,
          "attributes": {
            "id": "636bc387-e954-47cc-be36-5d3fe7366c87",
            "name": "Golden Hills Campus",
            "parent_name": "Global/United States"
          },
          "sensitive_attributes": [],
          "identity_schema_version": 0,
          "dependencies": [
            "module.catalyst_center.catalystcenter_area.area_0",
            "module.catalyst_center.catalystcenter_credentials_cli.cli_credentials",
            "module.catalyst_center.catalystcenter_credentials_https_read.https_read_credentials",
            "module.catalyst_center.catalystcenter_credentials_https_write.https_write_credentials",
            "module.catalyst_center.catalystcenter_credentials_snmpv2_read.snmpv2_read_credentials",
            "module.catalyst_center.catalystcenter_credentials_snmpv2_write.snmpv2_write_credentials",
            "module.catalyst_center.catalystcenter_credentials_snmpv3.snmpv3_credentials",
            "module.catalyst_center.catalystcenter_discovery.discovery"
          ]
        },
        {
          "index_key": "Global/United States/Lakefront Tower",
          "schema_version": 0,
          "attributes": {
            "id": "2d15e2cd-3f3d-4b3c-a5c8-9bfb730f2a05",
            "name": "Lakefront Tower",
            "parent_name": "Global/United States"
          },
          "sensitive_attributes": [],
          "identity_schema_version": 0,
          "dependencies": [
            "module.catalyst_center.catalystcenter_area.area_0",
            "module.catalyst_center.catalystcenter_credentials_cli.cli_credentials",
            "module.catalyst_center.catalystcenter_credentials_https_read.https_read_credentials",
            "module.catalyst_center.catalystcenter_credentials_https_write.https_write_credentials",
            "module.catalyst_center.catalystcenter_credentials_snmpv2_read.snmpv2_read_credentials",
            "module.catalyst_center.catalystcenter_credentials_snmpv2_write.snmpv2_write_credentials",
            "module.catalyst_center.catalystcenter_credentials_snmpv3.snmpv3_credentials",
            "module.catalyst_center.catalystcenter_discovery.discovery"
          ]
        },
        {
          "index_key": "Global/United States/Oceanfront Mansion",
          "schema_version": 0,
          "attributes": {
            "id": "a581856f-d822-42f7-8047-9d89941a47aa",
            "name": "Oceanfront Mansion",
            "parent_name": "Global/United States"
          },
          "sensitive_attributes": [],
          "identity_schema_version": 0,
          "dependencies": [
            "module.catalyst_center.catalystcenter_area.area_0",
            "module.catalyst_center.catalystcenter_credentials_cli.cli_credentials",
            "module.catalyst_center.catalystcenter_credentials_https_read.https_read_credentials",
            "module.catalyst_center.catalystcenter_credentials_https_write.https_write_credentials",
            "module.catalyst_center.catalystcenter_credentials_snmpv2_read.snmpv2_read_credentials",
            "module.catalyst_center.catalystcenter_credentials_snmpv2_write.snmpv2_write_credentials",
            "module.catalyst_center.catalystcenter_credentials_snmpv3.snmpv3_credentials",
            "module.catalyst_center.catalystcenter_discovery.discovery"
          ]
        }
      ]
    },
    {
      "module": "module.catalyst_center",
      "mode": "managed",
      "type": "catalystcenter_area",
      "name": "area_2",
      "provider": "provider[\"registry.terraform.io/ciscodevnet/catalystcenter\"]",
      "instances": [
        {
          "index_key": "Global/Europe/Italy/Rome",
          "schema_version": 0,
          "attributes": {
            "id": "eae71759-a3fe-42e7-8c7d-80f35b348a49",
            "name": "Rome",
            "parent_name": "Global/Europe/Italy"
          },
          "sensitive_attributes": [],
          "identity_schema_version": 0,
          "dependencies": [
            "module.catalyst_center.catalystcenter_area.area_0",
            "module.catalyst_center.catalystcenter_area.area_1",
            "module.catalyst_center.catalystcenter_credentials_cli.cli_credentials",
            "module.catalyst_center.catalystcenter_credentials_https_read.https_read_credentials",
            "module.catalyst_center.catalystcenter_credentials_https_write.https_write_credentials",
            "module.catalyst_center.catalystcenter_credentials_snmpv2_read.snmpv2_read_credentials",
            "module.catalyst_center.catalystcenter_credentials_snmpv2_write.snmpv2_write_credentials",
            "module.catalyst_center.catalystcenter_credentials_snmpv3.snmpv3_credentials",
            "module.catalyst_center.catalystcenter_discovery.discovery"
          ]
        }
      ]
    },
    {
      "module": "module.catalyst_center",
      "mode": "managed",
      "type": "catalystcenter_building",
      "name": "building",
      "provider": "provider[\"registry.terraform.io/ciscodevnet/catalystcenter\"]",
      "instances": [
        {
          "index_key": "Global/Europe/Italy/Rome/Rome Office",
          "schema_version": 0,
          "attributes": {
            "address": "Via Del Serafico 200, 00142 Roma Rome, Italy",
            "country": "Italy",
            "id": "f42faa6c-396a-432a-a476-afaf972e95f3",
            "latitude": 41.832002,
            "longitude": 12.491654,
            "name": "Rome Office",
            "parent_name": "Global/Europe/Italy/Rome"
          },
          "sensitive_attributes": [],
          "identity_schema_version": 0,
          "dependencies": [
            "module.catalyst_center.catalystcenter_area.area_0",
            "module.catalyst_center.catalystcenter_area.area_1",
            "module.catalyst_center.catalystcenter_area.area_2",
            "module.catalyst_center.catalystcenter_area.area_3",
            "module.catalyst_center.catalystcenter_credentials_cli.cli_credentials",
            "module.catalyst_center.catalystcenter_credentials_https_read.https_read_credentials",
            "module.catalyst_center.catalystcenter_credentials_https_write.https_write_credentials",
            "module.catalyst_center.catalystcenter_credentials_snmpv2_read.snmpv2_read_credentials",
            "module.catalyst_center.catalystcenter_credentials_snmpv2_write.snmpv2_write_credentials",
            "module.catalyst_center.catalystcenter_credentials_snmpv3.snmpv3_credentials",
            "module.catalyst_center.catalystcenter_discovery.discovery"
          ]
        },
        {
          "index_key": "Global/United States/Desert Oasis Branch/Desert Oasis Tower",
          "schema_version": 0,
          "attributes": {
            "address": "1235 Cactus Ave, Phoenix, AZ 85001",
            "country": "United States",
            "id": "a568df2e-d088-4eb2-81c3-adfd048735af",
            "latitude": 33.448,
            "longitude": -112.074,
            "name": "Desert Oasis Tower",
            "parent_name": "Global/United States/Desert Oasis Branch"
          },
          "sensitive_attributes": [],
          "identity_schema_version": 0,
          "dependencies": [
            "module.catalyst_center.catalystcenter_area.area_0",
            "module.catalyst_center.catalystcenter_area.area_1",
            "module.catalyst_center.catalystcenter_area.area_2",
            "module.catalyst_center.catalystcenter_area.area_3",
            "module.catalyst_center.catalystcenter_credentials_cli.cli_credentials",
            "module.catalyst_center.catalystcenter_credentials_https_read.https_read_credentials",
            "module.catalyst_center.catalystcenter_credentials_https_write.https_write_credentials",
            "module.catalyst_center.catalystcenter_credentials_snmpv2_read.snmpv2_read_credentials",
            "module.catalyst_center.catalystcenter_credentials_snmpv2_write.snmpv2_write_credentials",
            "module.catalyst_center.catalystcenter_credentials_snmpv3.snmpv3_credentials",
            "module.catalyst_center.catalystcenter_discovery.discovery"
          ]
        },
        {
          "index_key": "Global/United States/Golden Hills Campus/Sunset Tower",
          "schema_version": 0,
          "attributes": {
            "address": "8358 Sunset Blvd, Los Angeles, CA 90069",
            "country": "United States",
            "id": "8dcf05a4-44ed-420f-97b4-8fb654bb0ebd",
            "latitude": 34.099,
            "longitude": -118.366,
            "name": "Sunset Tower",
            "parent_name": "Global/United States/Golden Hills Campus"
          },
          "sensitive_attributes": [],
          "identity_schema_version": 0,
          "dependencies": [
            "module.catalyst_center.catalystcenter_area.area_0",
            "module.catalyst_center.catalystcenter_area.area_1",
            "module.catalyst_center.catalystcenter_area.area_2",
            "module.catalyst_center.catalystcenter_area.area_3",
            "module.catalyst_center.catalystcenter_credentials_cli.cli_credentials",
            "module.catalyst_center.catalystcenter_credentials_https_read.https_read_credentials",
            "module.catalyst_center.catalystcenter_credentials_https_write.https_write_credentials",
            "module.catalyst_center.catalystcenter_credentials_snmpv2_read.snmpv2_read_credentials",
            "module.catalyst_center.catalystcenter_credentials_snmpv2_write.snmpv2_write_credentials",
            "module.catalyst_center.catalystcenter_credentials_snmpv3.snmpv3_credentials",
            "module.catalyst_center.catalystcenter_discovery.discovery"
          ]
        },
        {
          "index_key": "Global/United States/Lakefront Tower/Windy City Plaza",
          "schema_version": 0,
          "attributes": {
            "address": "233 S Wacker Dr, Chicago, IL 60606",
            "country": "United States",
            "id": "b0ced8e7-3667-4be2-90d3-25d1c0e812ab",
            "latitude": 41.878,
            "longitude": -87.63,
            "name": "Windy City Plaza",
            "parent_name": "Global/United States/Lakefront Tower"
          },
          "sensitive_attributes": [],
          "identity_schema_version": 0,
          "dependencies": [
            "module.catalyst_center.catalystcenter_area.area_0",
            "module.catalyst_center.catalystcenter_area.area_1",
            "module.catalyst_center.catalystcenter_area.area_2",
            "module.catalyst_center.catalystcenter_area.area_3",
            "module.catalyst_center.catalystcenter_credentials_cli.cli_credentials",
            "module.catalyst_center.catalystcenter_credentials_https_read.https_read_credentials",
            "module.catalyst_center.catalystcenter_credentials_https_write.https_write_credentials",
            "module.catalyst_center.catalystcenter_credentials_snmpv2_read.snmpv2_read_credentials",
            "module.catalyst_center.catalystcenter_credentials_snmpv2_write.snmpv2_write_credentials",
            "module.catalyst_center.catalystcenter_credentials_snmpv3.snmpv3_credentials",
            "module.catalyst_center.catalystcenter_discovery.discovery"
          ]
        },
        {
          "index_key": "Global/United States/Oceanfront Mansion/Art Deco Mansion",
          "schema_version": 0,
          "attributes": {
            "address": "123 Ocean Drive, Miami Beach, FL 33139",
            "country": "United States",
            "id": "f7cb8c9b-0539-42d8-9b7d-92306d4fccc1",
            "latitude": 25.782,
            "longitude": -80.133,
            "name": "Art Deco Mansion",
            "parent_name": "Global/United States/Oceanfront Mansion"
          },
          "sensitive_attributes": [],
          "identity_schema_version": 0,
          "dependencies": [
            "module.catalyst_center.catalystcenter_area.area_0",
            "module.catalyst_center.catalystcenter_area.area_1",
            "module.catalyst_center.catalystcenter_area.area_2",
            "module.catalyst_center.catalystcenter_area.area_3",
            "module.catalyst_center.catalystcenter_credentials_cli.cli_credentials",
            "module.catalyst_center.catalystcenter_credentials_https_read.https_read_credentials",
            "module.catalyst_center.catalystcenter_credentials_https_write.https_write_credentials",
            "module.catalyst_center.catalystcenter_credentials_snmpv2_read.snmpv2_read_credentials",
            "module.catalyst_center.catalystcenter_credentials_snmpv2_write.snmpv2_write_credentials",
            "module.catalyst_center.catalystcenter_credentials_snmpv3.snmpv3_credentials",
            "module.catalyst_center.catalystcenter_discovery.discovery"
          ]
        }
      ]
    },
    {
      "module": "module.catalyst_center",
      "mode": "managed",
      "type": "catalystcenter_floor",
      "name": "floor",
      "provider": "provider[\"registry.terraform.io/ciscodevnet/catalystcenter\"]",
      "instances": [
        {
          "index_key": "Global/Europe/Italy/Rome/Rome Office/FLOOR_1",
          "schema_version": 0,
          "attributes": {
            "floor_number": 1,
            "height": 3,
            "id": "eb1374b1-18eb-4823-bb45-8a3b3eee9c4f",
            "length": 30,
            "name": "FLOOR_1",
            "parent_name": "Global/Europe/Italy/Rome/Rome Office",
            "rf_model": "Cubes And Walled Offices",
            "width": 30
          },
          "sensitive_attributes": [],
          "identity_schema_version": 0,
          "dependencies": [
            "module.catalyst_center.catalystcenter_area.area_0",
            "module.catalyst_center.catalystcenter_area.area_1",
            "module.catalyst_center.catalystcenter_area.area_2",
            "module.catalyst_center.catalystcenter_area.area_3",
            "module.catalyst_center.catalystcenter_building.building",
            "module.catalyst_center.catalystcenter_credentials_cli.cli_credentials",
            "module.catalyst_center.catalystcenter_credentials_https_read.https_read_credentials",
            "module.catalyst_center.catalystcenter_credentials_https_write.https_write_credentials",
            "module.catalyst_center.catalystcenter_credentials_snmpv2_read.snmpv2_read_credentials",
            "module.catalyst_center.catalystcenter_credentials_snmpv2_write.snmpv2_write_credentials",
            "module.catalyst_center.catalystcenter_credentials_snmpv3.snmpv3_credentials",
            "module.catalyst_center.catalystcenter_discovery.discovery"
          ]
        },
        {
          "index_key": "Global/United States/Desert Oasis Branch/Desert Oasis Tower/FLOOR_1",
          "schema_version": 0,
          "attributes": {
            "floor_number": 1,
            "height": 3,
            "id": "5543be0f-5da5-44d7-818a-d6c5a6d94f82",
            "length": 30,
            "name": "FLOOR_1",
            "parent_name": "Global/United States/Desert Oasis Branch/Desert Oasis Tower",
            "rf_model": "Cubes And Walled Offices",
            "width": 30
          },
          "sensitive_attributes": [],
          "identity_schema_version": 0,
          "dependencies": [
            "module.catalyst_center.catalystcenter_area.area_0",
            "module.catalyst_center.catalystcenter_area.area_1",
            "module.catalyst_center.catalystcenter_area.area_2",
            "module.catalyst_center.catalystcenter_area.area_3",
            "module.catalyst_center.catalystcenter_building.building",
            "module.catalyst_center.catalystcenter_credentials_cli.cli_credentials",
            "module.catalyst_center.catalystcenter_credentials_https_read.https_read_credentials",
            "module.catalyst_center.catalystcenter_credentials_https_write.https_write_credentials",
            "module.catalyst_center.catalystcenter_credentials_snmpv2_read.snmpv2_read_credentials",
            "module.catalyst_center.catalystcenter_credentials_snmpv2_write.snmpv2_write_credentials",
            "module.catalyst_center.catalystcenter_credentials_snmpv3.snmpv3_credentials",
            "module.catalyst_center.catalystcenter_discovery.discovery"
          ]
        },
        {
          "index_key": "Global/United States/Golden Hills Campus/Sunset Tower/FLOOR_1",
          "schema_version": 0,
          "attributes": {
            "floor_number": 1,
            "height": 3,
            "id": "0301a200-efee-471c-9a51-405dcd615934",
            "length": 30,
            "name": "FLOOR_1",
            "parent_name": "Global/United States/Golden Hills Campus/Sunset Tower",
            "rf_model": "Cubes And Walled Offices",
            "width": 30
          },
          "sensitive_attributes": [],
          "identity_schema_version": 0,
          "dependencies": [
            "module.catalyst_center.catalystcenter_area.area_0",
            "module.catalyst_center.catalystcenter_area.area_1",
            "module.catalyst_center.catalystcenter_area.area_2",
            "module.catalyst_center.catalystcenter_area.area_3",
            "module.catalyst_center.catalystcenter_building.building",
            "module.catalyst_center.catalystcenter_credentials_cli.cli_credentials",
            "module.catalyst_center.catalystcenter_credentials_https_read.https_read_credentials",
            "module.catalyst_center.catalystcenter_credentials_https_write.https_write_credentials",
            "module.catalyst_center.catalystcenter_credentials_snmpv2_read.snmpv2_read_credentials",
            "module.catalyst_center.catalystcenter_credentials_snmpv2_write.snmpv2_write_credentials",
            "module.catalyst_center.catalystcenter_credentials_snmpv3.snmpv3_credentials",
            "module.catalyst_center.catalystcenter_discovery.discovery"
          ]
        },
        {
          "index_key": "Global/United States/Golden Hills Campus/Sunset Tower/FLOOR_2",
          "schema_version": 0,
          "attributes": {
            "floor_number": 2,
            "height": 3,
            "id": "346151e7-5091-40b1-8295-025395dc275e",
            "length": 30,
            "name": "FLOOR_2",
            "parent_name": "Global/United States/Golden Hills Campus/Sunset Tower",
            "rf_model": "Cubes And Walled Offices",
            "width": 30
          },
          "sensitive_attributes": [],
          "identity_schema_version": 0,
          "dependencies": [
            "module.catalyst_center.catalystcenter_area.area_0",
            "module.catalyst_center.catalystcenter_area.area_1",
            "module.catalyst_center.catalystcenter_area.area_2",
            "module.catalyst_center.catalystcenter_area.area_3",
            "module.catalyst_center.catalystcenter_building.building",
            "module.catalyst_center.catalystcenter_credentials_cli.cli_credentials",
            "module.catalyst_center.catalystcenter_credentials_https_read.https_read_credentials",
            "module.catalyst_center.catalystcenter_credentials_https_write.https_write_credentials",
            "module.catalyst_center.catalystcenter_credentials_snmpv2_read.snmpv2_read_credentials",
            "module.catalyst_center.catalystcenter_credentials_snmpv2_write.snmpv2_write_credentials",
            "module.catalyst_center.catalystcenter_credentials_snmpv3.snmpv3_credentials",
            "module.catalyst_center.catalystcenter_discovery.discovery"
          ]
        },
        {
          "index_key": "Global/United States/Lakefront Tower/Windy City Plaza/FLOOR_1",
          "schema_version": 0,
          "attributes": {
            "floor_number": 1,
            "height": 3,
            "id": "35018c1d-00fa-4e95-a575-92f36cbc93a4",
            "length": 30,
            "name": "FLOOR_1",
            "parent_name": "Global/United States/Lakefront Tower/Windy City Plaza",
            "rf_model": "Cubes And Walled Offices",
            "width": 30
          },
          "sensitive_attributes": [],
          "identity_schema_version": 0,
          "dependencies": [
            "module.catalyst_center.catalystcenter_area.area_0",
            "module.catalyst_center.catalystcenter_area.area_1",
            "module.catalyst_center.catalystcenter_area.area_2",
            "module.catalyst_center.catalystcenter_area.area_3",
            "module.catalyst_center.catalystcenter_building.building",
            "module.catalyst_center.catalystcenter_credentials_cli.cli_credentials",
            "module.catalyst_center.catalystcenter_credentials_https_read.https_read_credentials",
            "module.catalyst_center.catalystcenter_credentials_https_write.https_write_credentials",
            "module.catalyst_center.catalystcenter_credentials_snmpv2_read.snmpv2_read_credentials",
            "module.catalyst_center.catalystcenter_credentials_snmpv2_write.snmpv2_write_credentials",
            "module.catalyst_center.catalystcenter_credentials_snmpv3.snmpv3_credentials",
            "module.catalyst_center.catalystcenter_discovery.discovery"
          ]
        },
        {
          "index_key": "Global/United States/Lakefront Tower/Windy City Plaza/FLOOR_2",
          "schema_version": 0,
          "attributes": {
            "floor_number": 2,
            "height": 3,
            "id": "93836c01-d781-48f1-9ab7-b70ea52e527c",
            "length": 30,
            "name": "FLOOR_2",
            "parent_name": "Global/United States/Lakefront Tower/Windy City Plaza",
            "rf_model": "Cubes And Walled Offices",
            "width": 30
          },
          "sensitive_attributes": [],
          "identity_schema_version": 0,
          "dependencies": [
            "module.catalyst_center.catalystcenter_area.area_0",
            "module.catalyst_center.catalystcenter_area.area_1",
            "module.catalyst_center.catalystcenter_area.area_2",
            "module.catalyst_center.catalystcenter_area.area_3",
            "module.catalyst_center.catalystcenter_building.building",
            "module.catalyst_center.catalystcenter_credentials_cli.cli_credentials",
            "module.catalyst_center.catalystcenter_credentials_https_read.https_read_credentials",
            "module.catalyst_center.catalystcenter_credentials_https_write.https_write_credentials",
            "module.catalyst_center.catalystcenter_credentials_snmpv2_read.snmpv2_read_credentials",
            "module.catalyst_center.catalystcenter_credentials_snmpv2_write.snmpv2_write_credentials",
            "module.catalyst_center.catalystcenter_credentials_snmpv3.snmpv3_credentials",
            "module.catalyst_center.catalystcenter_discovery.discovery"
          ]
        },
        {
          "index_key": "Global/United States/Oceanfront Mansion/Art Deco Mansion/FLOOR_1",
          "schema_version": 0,
          "attributes": {
            "floor_number": 1,
            "height": 3,
            "id": "669cbe05-b180-44f5-8474-4915c8d1612f",
            "length": 30,
            "name": "FLOOR_1",
            "parent_name": "Global/United States/Oceanfront Mansion/Art Deco Mansion",
            "rf_model": "Cubes And Walled Offices",
            "width": 30
          },
          "sensitive_attributes": [],
          "identity_schema_version": 0,
          "dependencies": [
            "module.catalyst_center.catalystcenter_area.area_0",
            "module.catalyst_center.catalystcenter_area.area_1",
            "module.catalyst_center.catalystcenter_area.area_2",
            "module.catalyst_center.catalystcenter_area.area_3",
            "module.catalyst_center.catalystcenter_building.building",
            "module.catalyst_center.catalystcenter_credentials_cli.cli_credentials",
            "module.catalyst_center.catalystcenter_credentials_https_read.https_read_credentials",
            "module.catalyst_center.catalystcenter_credentials_https_write.https_write_credentials",
            "module.catalyst_center.catalystcenter_credentials_snmpv2_read.snmpv2_read_credentials",
            "module.catalyst_center.catalystcenter_credentials_snmpv2_write.snmpv2_write_credentials",
            "module.catalyst_center.catalystcenter_credentials_snmpv3.snmpv3_credentials",
            "module.catalyst_center.catalystcenter_discovery.discovery"
          ]
        }
      ]
    },
    {
      "module": "module.catalyst_center",
      "mode": "managed",
      "type": "catalystcenter_ip_pool",
      "name": "ip_pool_v4",
      "provider": "provider[\"registry.terraform.io/ciscodevnet/catalystcenter\"]",
      "instances": [
        {
          "index_key": "EU_CORP",
          "schema_version": 0,
          "attributes": {
            "dhcp_server_ips": [
              "198.18.130.11"
            ],
            "dns_server_ips": [
              "198.18.130.11"
            ],
            "gateway": null,
            "id": "5ce4362a-7bae-42d4-97ca-912629174ca0",
            "ip_address_space": "IPv4",
            "ip_subnet": "10.205.0.0/16",
            "name": "EU_CORP",
            "type": "generic"
          },
          "sensitive_attributes": [],
          "identity_schema_version": 0,
          "dependencies": [
            "module.catalyst_center.catalystcenter_area.area_0",
            "module.catalyst_center.catalystcenter_area.area_1",
            "module.catalyst_center.catalystcenter_area.area_2",
            "module.catalyst_center.catalystcenter_area.area_3",
            "module.catalyst_center.catalystcenter_building.building",
            "module.catalyst_center.catalystcenter_credentials_cli.cli_credentials",
            "module.catalyst_center.catalystcenter_credentials_https_read.https_read_credentials",
            "module.catalyst_center.catalystcenter_credentials_https_write.https_write_credentials",
            "module.catalyst_center.catalystcenter_credentials_snmpv2_read.snmpv2_read_credentials",
            "module.catalyst_center.catalystcenter_credentials_snmpv2_write.snmpv2_write_credentials",
            "module.catalyst_center.catalystcenter_credentials_snmpv3.snmpv3_credentials",
            "module.catalyst_center.catalystcenter_discovery.discovery",
            "module.catalyst_center.catalystcenter_floor.floor"
          ]
        },
        {
          "index_key": "US_BYOD",
          "schema_version": 0,
          "attributes": {
            "dhcp_server_ips": [
              "10.204.0.1"
            ],
            "dns_server_ips": [
              "10.204.0.1"
            ],
            "gateway": null,
            "id": "611ac1d5-5a6f-4f6e-812c-85d5da58dd25",
            "ip_address_space": "IPv4",
            "ip_subnet": "10.204.0.0/16",
            "name": "US_BYOD",
            "type": "generic"
          },
          "sensitive_attributes": [],
          "identity_schema_version": 0,
          "dependencies": [
            "module.catalyst_center.catalystcenter_area.area_0",
            "module.catalyst_center.catalystcenter_area.area_1",
            "module.catalyst_center.catalystcenter_area.area_2",
            "module.catalyst_center.catalystcenter_area.area_3",
            "module.catalyst_center.catalystcenter_building.building",
            "module.catalyst_center.catalystcenter_credentials_cli.cli_credentials",
            "module.catalyst_center.catalystcenter_credentials_https_read.https_read_credentials",
            "module.catalyst_center.catalystcenter_credentials_https_write.https_write_credentials",
            "module.catalyst_center.catalystcenter_credentials_snmpv2_read.snmpv2_read_credentials",
            "module.catalyst_center.catalystcenter_credentials_snmpv2_write.snmpv2_write_credentials",
            "module.catalyst_center.catalystcenter_credentials_snmpv3.snmpv3_credentials",
            "module.catalyst_center.catalystcenter_discovery.discovery",
            "module.catalyst_center.catalystcenter_floor.floor"
          ]
        },
        {
          "index_key": "US_CORP",
          "schema_version": 0,
          "attributes": {
            "dhcp_server_ips": [
              "10.201.0.1"
            ],
            "dns_server_ips": [
              "10.201.0.1"
            ],
            "gateway": null,
            "id": "404ed9b0-9746-46f8-87ab-b79d9a08e35c",
            "ip_address_space": "IPv4",
            "ip_subnet": "10.201.0.0/16",
            "name": "US_CORP",
            "type": "generic"
          },
          "sensitive_attributes": [],
          "identity_schema_version": 0,
          "dependencies": [
            "module.catalyst_center.catalystcenter_area.area_0",
            "module.catalyst_center.catalystcenter_area.area_1",
            "module.catalyst_center.catalystcenter_area.area_2",
            "module.catalyst_center.catalystcenter_area.area_3",
            "module.catalyst_center.catalystcenter_building.building",
            "module.catalyst_center.catalystcenter_credentials_cli.cli_credentials",
            "module.catalyst_center.catalystcenter_credentials_https_read.https_read_credentials",
            "module.catalyst_center.catalystcenter_credentials_https_write.https_write_credentials",
            "module.catalyst_center.catalystcenter_credentials_snmpv2_read.snmpv2_read_credentials",
            "module.catalyst_center.catalystcenter_credentials_snmpv2_write.snmpv2_write_credentials",
            "module.catalyst_center.catalystcenter_credentials_snmpv3.snmpv3_credentials",
            "module.catalyst_center.catalystcenter_discovery.discovery",
            "module.catalyst_center.catalystcenter_floor.floor"
          ]
        },
        {
          "index_key": "US_GUEST",
          "schema_version": 0,
          "attributes": {
            "dhcp_server_ips": [
              "10.203.0.1"
            ],
            "dns_server_ips": [
              "10.203.0.1"
            ],
            "gateway": null,
            "id": "38097f7f-6191-485e-a239-7832119c2309",
            "ip_address_space": "IPv4",
            "ip_subnet": "10.203.0.0/16",
            "name": "US_GUEST",
            "type": "generic"
          },
          "sensitive_attributes": [],
          "identity_schema_version": 0,
          "dependencies": [
            "module.catalyst_center.catalystcenter_area.area_0",
            "module.catalyst_center.catalystcenter_area.area_1",
            "module.catalyst_center.catalystcenter_area.area_2",
            "module.catalyst_center.catalystcenter_area.area_3",
            "module.catalyst_center.catalystcenter_building.building",
            "module.catalyst_center.catalystcenter_credentials_cli.cli_credentials",
            "module.catalyst_center.catalystcenter_credentials_https_read.https_read_credentials",
            "module.catalyst_center.catalystcenter_credentials_https_write.https_write_credentials",
            "module.catalyst_center.catalystcenter_credentials_snmpv2_read.snmpv2_read_credentials",
            "module.catalyst_center.catalystcenter_credentials_snmpv2_write.snmpv2_write_credentials",
            "module.catalyst_center.catalystcenter_credentials_snmpv3.snmpv3_credentials",
            "module.catalyst_center.catalystcenter_discovery.discovery",
            "module.catalyst_center.catalystcenter_floor.floor"
          ]
        },
        {
          "index_key": "US_TECH",
          "schema_version": 0,
          "attributes": {
            "dhcp_server_ips": [
              "10.202.0.1"
            ],
            "dns_server_ips": [
              "10.202.0.1"
            ],
            "gateway": null,
            "id": "ad48bb2c-f6dd-4b86-9345-4f6b351a5d95",
            "ip_address_space": "IPv4",
            "ip_subnet": "10.202.0.0/16",
            "name": "US_TECH",
            "type": "generic"
          },
          "sensitive_attributes": [],
          "identity_schema_version": 0,
          "dependencies": [
            "module.catalyst_center.catalystcenter_area.area_0",
            "module.catalyst_center.catalystcenter_area.area_1",
            "module.catalyst_center.catalystcenter_area.area_2",
            "module.catalyst_center.catalystcenter_area.area_3",
            "module.catalyst_center.catalystcenter_building.building",
            "module.catalyst_center.catalystcenter_credentials_cli.cli_credentials",
            "module.catalyst_center.catalystcenter_credentials_https_read.https_read_credentials",
            "module.catalyst_center.catalystcenter_credentials_https_write.https_write_credentials",
            "module.catalyst_center.catalystcenter_credentials_snmpv2_read.snmpv2_read_credentials",
            "module.catalyst_center.catalystcenter_credentials_snmpv2_write.snmpv2_write_credentials",
            "module.catalyst_center.catalystcenter_credentials_snmpv3.snmpv3_credentials",
            "module.catalyst_center.catalystcenter_discovery.discovery",
            "module.catalyst_center.catalystcenter_floor.floor"
          ]
        }
      ]
    },
    {
      "module": "module.catalyst_center",
      "mode": "managed",
      "type": "catalystcenter_ip_pool_reservation",
      "name": "pool_reservation",
      "provider": "provider[\"registry.terraform.io/ciscodevnet/catalystcenter\"]",
      "instances": [
        {
          "index_key": "ADM_BYOD",
          "schema_version": 0,
          "attributes": {
            "id": "1d24683f-c0eb-4b55-a85f-fd7aa9871e6b",
            "ipv4_dhcp_servers": null,
            "ipv4_dns_servers": null,
            "ipv4_gateway": null,
            "ipv4_global_pool": "10.204.0.0/16",
            "ipv4_prefix": true,
            "ipv4_prefix_length": 24,
            "ipv4_subnet": "10.204.4.0",
            "ipv4_total_host": null,
            "ipv6_address_space": false,
            "ipv6_dhcp_servers": null,
            "ipv6_dns_servers": null,
            "ipv6_gateway": null,
            "ipv6_global_pool": null,
            "ipv6_prefix": false,
            "ipv6_prefix_length": null,
            "ipv6_subnet": null,
            "ipv6_total_host": null,
            "name": "ADM_BYOD",
            "site_id": "f7cb8c9b-0539-42d8-9b7d-92306d4fccc1",
            "slaac_support": null,
            "type": "Generic"
          },
          "sensitive_attributes": [],
          "identity_schema_version": 0,
          "dependencies": [
            "module.catalyst_center.catalystcenter_area.area_0",
            "module.catalyst_center.catalystcenter_area.area_1",
            "module.catalyst_center.catalystcenter_area.area_2",
            "module.catalyst_center.catalystcenter_area.area_3",
            "module.catalyst_center.catalystcenter_building.building",
            "module.catalyst_center.catalystcenter_credentials_cli.cli_credentials",
            "module.catalyst_center.catalystcenter_credentials_https_read.https_read_credentials",
            "module.catalyst_center.catalystcenter_credentials_https_write.https_write_credentials",
            "module.catalyst_center.catalystcenter_credentials_snmpv2_read.snmpv2_read_credentials",
            "module.catalyst_center.catalystcenter_credentials_snmpv2_write.snmpv2_write_credentials",
            "module.catalyst_center.catalystcenter_credentials_snmpv3.snmpv3_credentials",
            "module.catalyst_center.catalystcenter_discovery.discovery",
            "module.catalyst_center.catalystcenter_floor.floor",
            "module.catalyst_center.catalystcenter_ip_pool.ip_pool_v4",
            "module.catalyst_center.catalystcenter_ip_pool.ip_pool_v6"
          ]
        },
        {
          "index_key": "ADM_CORP",
          "schema_version": 0,
          "attributes": {
            "id": "19b27101-df3d-4077-9dd6-b1fb1cadf8ec",
            "ipv4_dhcp_servers": null,
            "ipv4_dns_servers": null,
            "ipv4_gateway": null,
            "ipv4_global_pool": "10.201.0.0/16",
            "ipv4_prefix": true,
            "ipv4_prefix_length": 24,
            "ipv4_subnet": "10.201.4.0",
            "ipv4_total_host": null,
            "ipv6_address_space": false,
            "ipv6_dhcp_servers": null,
            "ipv6_dns_servers": null,
            "ipv6_gateway": null,
            "ipv6_global_pool": null,
            "ipv6_prefix": false,
            "ipv6_prefix_length": null,
            "ipv6_subnet": null,
            "ipv6_total_host": null,
            "name": "ADM_CORP",
            "site_id": "f7cb8c9b-0539-42d8-9b7d-92306d4fccc1",
            "slaac_support": null,
            "type": "Generic"
          },
          "sensitive_attributes": [],
          "identity_schema_version": 0,
          "dependencies": [
            "module.catalyst_center.catalystcenter_area.area_0",
            "module.catalyst_center.catalystcenter_area.area_1",
            "module.catalyst_center.catalystcenter_area.area_2",
            "module.catalyst_center.catalystcenter_area.area_3",
            "module.catalyst_center.catalystcenter_building.building",
            "module.catalyst_center.catalystcenter_credentials_cli.cli_credentials",
            "module.catalyst_center.catalystcenter_credentials_https_read.https_read_credentials",
            "module.catalyst_center.catalystcenter_credentials_https_write.https_write_credentials",
            "module.catalyst_center.catalystcenter_credentials_snmpv2_read.snmpv2_read_credentials",
            "module.catalyst_center.catalystcenter_credentials_snmpv2_write.snmpv2_write_credentials",
            "module.catalyst_center.catalystcenter_credentials_snmpv3.snmpv3_credentials",
            "module.catalyst_center.catalystcenter_discovery.discovery",
            "module.catalyst_center.catalystcenter_floor.floor",
            "module.catalyst_center.catalystcenter_ip_pool.ip_pool_v4",
            "module.catalyst_center.catalystcenter_ip_pool.ip_pool_v6"
          ]
        },
        {
          "index_key": "ADM_GUEST",
          "schema_version": 0,
          "attributes": {
            "id": "ac578b06-9beb-490c-9d46-ed69837e3885",
            "ipv4_dhcp_servers": null,
            "ipv4_dns_servers": null,
            "ipv4_gateway": null,
            "ipv4_global_pool": "10.203.0.0/16",
            "ipv4_prefix": true,
            "ipv4_prefix_length": 24,
            "ipv4_subnet": "10.203.4.0",
            "ipv4_total_host": null,
            "ipv6_address_space": false,
            "ipv6_dhcp_servers": null,
            "ipv6_dns_servers": null,
            "ipv6_gateway": null,
            "ipv6_global_pool": null,
            "ipv6_prefix": false,
            "ipv6_prefix_length": null,
            "ipv6_subnet": null,
            "ipv6_total_host": null,
            "name": "ADM_GUEST",
            "site_id": "f7cb8c9b-0539-42d8-9b7d-92306d4fccc1",
            "slaac_support": null,
            "type": "Generic"
          },
          "sensitive_attributes": [],
          "identity_schema_version": 0,
          "dependencies": [
            "module.catalyst_center.catalystcenter_area.area_0",
            "module.catalyst_center.catalystcenter_area.area_1",
            "module.catalyst_center.catalystcenter_area.area_2",
            "module.catalyst_center.catalystcenter_area.area_3",
            "module.catalyst_center.catalystcenter_building.building",
            "module.catalyst_center.catalystcenter_credentials_cli.cli_credentials",
            "module.catalyst_center.catalystcenter_credentials_https_read.https_read_credentials",
            "module.catalyst_center.catalystcenter_credentials_https_write.https_write_credentials",
            "module.catalyst_center.catalystcenter_credentials_snmpv2_read.snmpv2_read_credentials",
            "module.catalyst_center.catalystcenter_credentials_snmpv2_write.snmpv2_write_credentials",
            "module.catalyst_center.catalystcenter_credentials_snmpv3.snmpv3_credentials",
            "module.catalyst_center.catalystcenter_discovery.discovery",
            "module.catalyst_center.catalystcenter_floor.floor",
            "module.catalyst_center.catalystcenter_ip_pool.ip_pool_v4",
            "module.catalyst_center.catalystcenter_ip_pool.ip_pool_v6"
          ]
        },
        {
          "index_key": "ADM_TECH",
          "schema_version": 0,
          "attributes": {
            "id": "32db967d-ca80-47d0-9a5b-355209695d34",
            "ipv4_dhcp_servers": null,
            "ipv4_dns_servers": null,
            "ipv4_gateway": null,
            "ipv4_global_pool": "10.202.0.0/16",
            "ipv4_prefix": true,
            "ipv4_prefix_length": 24,
            "ipv4_subnet": "10.202.4.0",
            "ipv4_total_host": null,
            "ipv6_address_space": false,
            "ipv6_dhcp_servers": null,
            "ipv6_dns_servers": null,
            "ipv6_gateway": null,
            "ipv6_global_pool": null,
            "ipv6_prefix": false,
            "ipv6_prefix_length": null,
            "ipv6_subnet": null,
            "ipv6_total_host": null,
            "name": "ADM_TECH",
            "site_id": "f7cb8c9b-0539-42d8-9b7d-92306d4fccc1",
            "slaac_support": null,
            "type": "Generic"
          },
          "sensitive_attributes": [],
          "identity_schema_version": 0,
          "dependencies": [
            "module.catalyst_center.catalystcenter_area.area_0",
            "module.catalyst_center.catalystcenter_area.area_1",
            "module.catalyst_center.catalystcenter_area.area_2",
            "module.catalyst_center.catalystcenter_area.area_3",
            "module.catalyst_center.catalystcenter_building.building",
            "module.catalyst_center.catalystcenter_credentials_cli.cli_credentials",
            "module.catalyst_center.catalystcenter_credentials_https_read.https_read_credentials",
            "module.catalyst_center.catalystcenter_credentials_https_write.https_write_credentials",
            "module.catalyst_center.catalystcenter_credentials_snmpv2_read.snmpv2_read_credentials",
            "module.catalyst_center.catalystcenter_credentials_snmpv2_write.snmpv2_write_credentials",
            "module.catalyst_center.catalystcenter_credentials_snmpv3.snmpv3_credentials",
            "module.catalyst_center.catalystcenter_discovery.discovery",
            "module.catalyst_center.catalystcenter_floor.floor",
            "module.catalyst_center.catalystcenter_ip_pool.ip_pool_v4",
            "module.catalyst_center.catalystcenter_ip_pool.ip_pool_v6"
          ]
        },
        {
          "index_key": "DOT_BYOD",
          "schema_version": 0,
          "attributes": {
            "id": "2212989c-1f3a-4d8f-a81e-41e6437bab7b",
            "ipv4_dhcp_servers": null,
            "ipv4_dns_servers": null,
            "ipv4_gateway": null,
            "ipv4_global_pool": "10.204.0.0/16",
            "ipv4_prefix": true,
            "ipv4_prefix_length": 24,
            "ipv4_subnet": "10.204.1.0",
            "ipv4_total_host": null,
            "ipv6_address_space": false,
            "ipv6_dhcp_servers": null,
            "ipv6_dns_servers": null,
            "ipv6_gateway": null,
            "ipv6_global_pool": null,
            "ipv6_prefix": false,
            "ipv6_prefix_length": null,
            "ipv6_subnet": null,
            "ipv6_total_host": null,
            "name": "DOT_BYOD",
            "site_id": "a568df2e-d088-4eb2-81c3-adfd048735af",
            "slaac_support": null,
            "type": "Generic"
          },
          "sensitive_attributes": [],
          "identity_schema_version": 0,
          "dependencies": [
            "module.catalyst_center.catalystcenter_area.area_0",
            "module.catalyst_center.catalystcenter_area.area_1",
            "module.catalyst_center.catalystcenter_area.area_2",
            "module.catalyst_center.catalystcenter_area.area_3",
            "module.catalyst_center.catalystcenter_building.building",
            "module.catalyst_center.catalystcenter_credentials_cli.cli_credentials",
            "module.catalyst_center.catalystcenter_credentials_https_read.https_read_credentials",
            "module.catalyst_center.catalystcenter_credentials_https_write.https_write_credentials",
            "module.catalyst_center.catalystcenter_credentials_snmpv2_read.snmpv2_read_credentials",
            "module.catalyst_center.catalystcenter_credentials_snmpv2_write.snmpv2_write_credentials",
            "module.catalyst_center.catalystcenter_credentials_snmpv3.snmpv3_credentials",
            "module.catalyst_center.catalystcenter_discovery.discovery",
            "module.catalyst_center.catalystcenter_floor.floor",
            "module.catalyst_center.catalystcenter_ip_pool.ip_pool_v4",
            "module.catalyst_center.catalystcenter_ip_pool.ip_pool_v6"
          ]
        },
        {
          "index_key": "DOT_CORP",
          "schema_version": 0,
          "attributes": {
            "id": "cf8cf411-b13f-4fe1-bec8-0a2a50791709",
            "ipv4_dhcp_servers": null,
            "ipv4_dns_servers": null,
            "ipv4_gateway": null,
            "ipv4_global_pool": "10.201.0.0/16",
            "ipv4_prefix": true,
            "ipv4_prefix_length": 24,
            "ipv4_subnet": "10.201.1.0",
            "ipv4_total_host": null,
            "ipv6_address_space": false,
            "ipv6_dhcp_servers": null,
            "ipv6_dns_servers": null,
            "ipv6_gateway": null,
            "ipv6_global_pool": null,
            "ipv6_prefix": false,
            "ipv6_prefix_length": null,
            "ipv6_subnet": null,
            "ipv6_total_host": null,
            "name": "DOT_CORP",
            "site_id": "a568df2e-d088-4eb2-81c3-adfd048735af",
            "slaac_support": null,
            "type": "Generic"
          },
          "sensitive_attributes": [],
          "identity_schema_version": 0,
          "dependencies": [
            "module.catalyst_center.catalystcenter_area.area_0",
            "module.catalyst_center.catalystcenter_area.area_1",
            "module.catalyst_center.catalystcenter_area.area_2",
            "module.catalyst_center.catalystcenter_area.area_3",
            "module.catalyst_center.catalystcenter_building.building",
            "module.catalyst_center.catalystcenter_credentials_cli.cli_credentials",
            "module.catalyst_center.catalystcenter_credentials_https_read.https_read_credentials",
            "module.catalyst_center.catalystcenter_credentials_https_write.https_write_credentials",
            "module.catalyst_center.catalystcenter_credentials_snmpv2_read.snmpv2_read_credentials",
            "module.catalyst_center.catalystcenter_credentials_snmpv2_write.snmpv2_write_credentials",
            "module.catalyst_center.catalystcenter_credentials_snmpv3.snmpv3_credentials",
            "module.catalyst_center.catalystcenter_discovery.discovery",
            "module.catalyst_center.catalystcenter_floor.floor",
            "module.catalyst_center.catalystcenter_ip_pool.ip_pool_v4",
            "module.catalyst_center.catalystcenter_ip_pool.ip_pool_v6"
          ]
        },
        {
          "index_key": "DOT_GUEST",
          "schema_version": 0,
          "attributes": {
            "id": "a21e6008-80db-4bd5-aedb-256ae367b323",
            "ipv4_dhcp_servers": null,
            "ipv4_dns_servers": null,
            "ipv4_gateway": null,
            "ipv4_global_pool": "10.203.0.0/16",
            "ipv4_prefix": true,
            "ipv4_prefix_length": 24,
            "ipv4_subnet": "10.203.1.0",
            "ipv4_total_host": null,
            "ipv6_address_space": false,
            "ipv6_dhcp_servers": null,
            "ipv6_dns_servers": null,
            "ipv6_gateway": null,
            "ipv6_global_pool": null,
            "ipv6_prefix": false,
            "ipv6_prefix_length": null,
            "ipv6_subnet": null,
            "ipv6_total_host": null,
            "name": "DOT_GUEST",
            "site_id": "a568df2e-d088-4eb2-81c3-adfd048735af",
            "slaac_support": null,
            "type": "Generic"
          },
          "sensitive_attributes": [],
          "identity_schema_version": 0,
          "dependencies": [
            "module.catalyst_center.catalystcenter_area.area_0",
            "module.catalyst_center.catalystcenter_area.area_1",
            "module.catalyst_center.catalystcenter_area.area_2",
            "module.catalyst_center.catalystcenter_area.area_3",
            "module.catalyst_center.catalystcenter_building.building",
            "module.catalyst_center.catalystcenter_credentials_cli.cli_credentials",
            "module.catalyst_center.catalystcenter_credentials_https_read.https_read_credentials",
            "module.catalyst_center.catalystcenter_credentials_https_write.https_write_credentials",
            "module.catalyst_center.catalystcenter_credentials_snmpv2_read.snmpv2_read_credentials",
            "module.catalyst_center.catalystcenter_credentials_snmpv2_write.snmpv2_write_credentials",
            "module.catalyst_center.catalystcenter_credentials_snmpv3.snmpv3_credentials",
            "module.catalyst_center.catalystcenter_discovery.discovery",
            "module.catalyst_center.catalystcenter_floor.floor",
            "module.catalyst_center.catalystcenter_ip_pool.ip_pool_v4",
            "module.catalyst_center.catalystcenter_ip_pool.ip_pool_v6"
          ]
        },
        {
          "index_key": "DOT_TECH",
          "schema_version": 0,
          "attributes": {
            "id": "c28c94ec-d876-41ad-8bad-c948cbc50ddd",
            "ipv4_dhcp_servers": null,
            "ipv4_dns_servers": null,
            "ipv4_gateway": null,
            "ipv4_global_pool": "10.202.0.0/16",
            "ipv4_prefix": true,
            "ipv4_prefix_length": 24,
            "ipv4_subnet": "10.202.1.0",
            "ipv4_total_host": null,
            "ipv6_address_space": false,
            "ipv6_dhcp_servers": null,
            "ipv6_dns_servers": null,
            "ipv6_gateway": null,
            "ipv6_global_pool": null,
            "ipv6_prefix": false,
            "ipv6_prefix_length": null,
            "ipv6_subnet": null,
            "ipv6_total_host": null,
            "name": "DOT_TECH",
            "site_id": "a568df2e-d088-4eb2-81c3-adfd048735af",
            "slaac_support": null,
            "type": "Generic"
          },
          "sensitive_attributes": [],
          "identity_schema_version": 0,
          "dependencies": [
            "module.catalyst_center.catalystcenter_area.area_0",
            "module.catalyst_center.catalystcenter_area.area_1",
            "module.catalyst_center.catalystcenter_area.area_2",
            "module.catalyst_center.catalystcenter_area.area_3",
            "module.catalyst_center.catalystcenter_building.building",
            "module.catalyst_center.catalystcenter_credentials_cli.cli_credentials",
            "module.catalyst_center.catalystcenter_credentials_https_read.https_read_credentials",
            "module.catalyst_center.catalystcenter_credentials_https_write.https_write_credentials",
            "module.catalyst_center.catalystcenter_credentials_snmpv2_read.snmpv2_read_credentials",
            "module.catalyst_center.catalystcenter_credentials_snmpv2_write.snmpv2_write_credentials",
            "module.catalyst_center.catalystcenter_credentials_snmpv3.snmpv3_credentials",
            "module.catalyst_center.catalystcenter_discovery.discovery",
            "module.catalyst_center.catalystcenter_floor.floor",
            "module.catalyst_center.catalystcenter_ip_pool.ip_pool_v4",
            "module.catalyst_center.catalystcenter_ip_pool.ip_pool_v6"
          ]
        },
        {
          "index_key": "ROM_CORP",
          "schema_version": 0,
          "attributes": {
            "id": "ee162499-71f3-4de6-b1de-ecae8553e62f",
            "ipv4_dhcp_servers": null,
            "ipv4_dns_servers": null,
            "ipv4_gateway": null,
            "ipv4_global_pool": "10.205.0.0/16",
            "ipv4_prefix": true,
            "ipv4_prefix_length": 24,
            "ipv4_subnet": "10.205.1.0",
            "ipv4_total_host": null,
            "ipv6_address_space": false,
            "ipv6_dhcp_servers": null,
            "ipv6_dns_servers": null,
            "ipv6_gateway": null,
            "ipv6_global_pool": null,
            "ipv6_prefix": false,
            "ipv6_prefix_length": null,
            "ipv6_subnet": null,
            "ipv6_total_host": null,
            "name": "ROM_CORP",
            "site_id": "f42faa6c-396a-432a-a476-afaf972e95f3",
            "slaac_support": null,
            "type": "Generic"
          },
          "sensitive_attributes": [],
          "identity_schema_version": 0,
          "dependencies": [
            "module.catalyst_center.catalystcenter_area.area_0",
            "module.catalyst_center.catalystcenter_area.area_1",
            "module.catalyst_center.catalystcenter_area.area_2",
            "module.catalyst_center.catalystcenter_area.area_3",
            "module.catalyst_center.catalystcenter_building.building",
            "module.catalyst_center.catalystcenter_credentials_cli.cli_credentials",
            "module.catalyst_center.catalystcenter_credentials_https_read.https_read_credentials",
            "module.catalyst_center.catalystcenter_credentials_https_write.https_write_credentials",
            "module.catalyst_center.catalystcenter_credentials_snmpv2_read.snmpv2_read_credentials",
            "module.catalyst_center.catalystcenter_credentials_snmpv2_write.snmpv2_write_credentials",
            "module.catalyst_center.catalystcenter_credentials_snmpv3.snmpv3_credentials",
            "module.catalyst_center.catalystcenter_discovery.discovery",
            "module.catalyst_center.catalystcenter_floor.floor",
            "module.catalyst_center.catalystcenter_ip_pool.ip_pool_v4",
            "module.catalyst_center.catalystcenter_ip_pool.ip_pool_v6"
          ]
        },
        {
          "index_key": "ST_BYOD",
          "schema_version": 0,
          "attributes": {
            "id": "85617626-cee4-4151-a8a9-1788aa4a92d8",
            "ipv4_dhcp_servers": null,
            "ipv4_dns_servers": null,
            "ipv4_gateway": null,
            "ipv4_global_pool": "10.204.0.0/16",
            "ipv4_prefix": true,
            "ipv4_prefix_length": 24,
            "ipv4_subnet": "10.204.2.0",
            "ipv4_total_host": null,
            "ipv6_address_space": false,
            "ipv6_dhcp_servers": null,
            "ipv6_dns_servers": null,
            "ipv6_gateway": null,
            "ipv6_global_pool": null,
            "ipv6_prefix": false,
            "ipv6_prefix_length": null,
            "ipv6_subnet": null,
            "ipv6_total_host": null,
            "name": "ST_BYOD",
            "site_id": "8dcf05a4-44ed-420f-97b4-8fb654bb0ebd",
            "slaac_support": null,
            "type": "Generic"
          },
          "sensitive_attributes": [],
          "identity_schema_version": 0,
          "dependencies": [
            "module.catalyst_center.catalystcenter_area.area_0",
            "module.catalyst_center.catalystcenter_area.area_1",
            "module.catalyst_center.catalystcenter_area.area_2",
            "module.catalyst_center.catalystcenter_area.area_3",
            "module.catalyst_center.catalystcenter_building.building",
            "module.catalyst_center.catalystcenter_credentials_cli.cli_credentials",
            "module.catalyst_center.catalystcenter_credentials_https_read.https_read_credentials",
            "module.catalyst_center.catalystcenter_credentials_https_write.https_write_credentials",
            "module.catalyst_center.catalystcenter_credentials_snmpv2_read.snmpv2_read_credentials",
            "module.catalyst_center.catalystcenter_credentials_snmpv2_write.snmpv2_write_credentials",
            "module.catalyst_center.catalystcenter_credentials_snmpv3.snmpv3_credentials",
            "module.catalyst_center.catalystcenter_discovery.discovery",
            "module.catalyst_center.catalystcenter_floor.floor",
            "module.catalyst_center.catalystcenter_ip_pool.ip_pool_v4",
            "module.catalyst_center.catalystcenter_ip_pool.ip_pool_v6"
          ]
        },
        {
          "index_key": "ST_CORP",
          "schema_version": 0,
          "attributes": {
            "id": "fefaa4db-5a3d-4799-ad9d-0d0bea99dc7c",
            "ipv4_dhcp_servers": null,
            "ipv4_dns_servers": null,
            "ipv4_gateway": null,
            "ipv4_global_pool": "10.201.0.0/16",
            "ipv4_prefix": true,
            "ipv4_prefix_length": 24,
            "ipv4_subnet": "10.201.2.0",
            "ipv4_total_host": null,
            "ipv6_address_space": false,
            "ipv6_dhcp_servers": null,
            "ipv6_dns_servers": null,
            "ipv6_gateway": null,
            "ipv6_global_pool": null,
            "ipv6_prefix": false,
            "ipv6_prefix_length": null,
            "ipv6_subnet": null,
            "ipv6_total_host": null,
            "name": "ST_CORP",
            "site_id": "8dcf05a4-44ed-420f-97b4-8fb654bb0ebd",
            "slaac_support": null,
            "type": "Generic"
          },
          "sensitive_attributes": [],
          "identity_schema_version": 0,
          "dependencies": [
            "module.catalyst_center.catalystcenter_area.area_0",
            "module.catalyst_center.catalystcenter_area.area_1",
            "module.catalyst_center.catalystcenter_area.area_2",
            "module.catalyst_center.catalystcenter_area.area_3",
            "module.catalyst_center.catalystcenter_building.building",
            "module.catalyst_center.catalystcenter_credentials_cli.cli_credentials",
            "module.catalyst_center.catalystcenter_credentials_https_read.https_read_credentials",
            "module.catalyst_center.catalystcenter_credentials_https_write.https_write_credentials",
            "module.catalyst_center.catalystcenter_credentials_snmpv2_read.snmpv2_read_credentials",
            "module.catalyst_center.catalystcenter_credentials_snmpv2_write.snmpv2_write_credentials",
            "module.catalyst_center.catalystcenter_credentials_snmpv3.snmpv3_credentials",
            "module.catalyst_center.catalystcenter_discovery.discovery",
            "module.catalyst_center.catalystcenter_floor.floor",
            "module.catalyst_center.catalystcenter_ip_pool.ip_pool_v4",
            "module.catalyst_center.catalystcenter_ip_pool.ip_pool_v6"
          ]
        },
        {
          "index_key": "ST_GUEST",
          "schema_version": 0,
          "attributes": {
            "id": "9cddca44-4a10-4ef9-adbb-8a6893a2c0b6",
            "ipv4_dhcp_servers": null,
            "ipv4_dns_servers": null,
            "ipv4_gateway": null,
            "ipv4_global_pool": "10.203.0.0/16",
            "ipv4_prefix": true,
            "ipv4_prefix_length": 24,
            "ipv4_subnet": "10.203.2.0",
            "ipv4_total_host": null,
            "ipv6_address_space": false,
            "ipv6_dhcp_servers": null,
            "ipv6_dns_servers": null,
            "ipv6_gateway": null,
            "ipv6_global_pool": null,
            "ipv6_prefix": false,
            "ipv6_prefix_length": null,
            "ipv6_subnet": null,
            "ipv6_total_host": null,
            "name": "ST_GUEST",
            "site_id": "8dcf05a4-44ed-420f-97b4-8fb654bb0ebd",
            "slaac_support": null,
            "type": "Generic"
          },
          "sensitive_attributes": [],
          "identity_schema_version": 0,
          "dependencies": [
            "module.catalyst_center.catalystcenter_area.area_0",
            "module.catalyst_center.catalystcenter_area.area_1",
            "module.catalyst_center.catalystcenter_area.area_2",
            "module.catalyst_center.catalystcenter_area.area_3",
            "module.catalyst_center.catalystcenter_building.building",
            "module.catalyst_center.catalystcenter_credentials_cli.cli_credentials",
            "module.catalyst_center.catalystcenter_credentials_https_read.https_read_credentials",
            "module.catalyst_center.catalystcenter_credentials_https_write.https_write_credentials",
            "module.catalyst_center.catalystcenter_credentials_snmpv2_read.snmpv2_read_credentials",
            "module.catalyst_center.catalystcenter_credentials_snmpv2_write.snmpv2_write_credentials",
            "module.catalyst_center.catalystcenter_credentials_snmpv3.snmpv3_credentials",
            "module.catalyst_center.catalystcenter_discovery.discovery",
            "module.catalyst_center.catalystcenter_floor.floor",
            "module.catalyst_center.catalystcenter_ip_pool.ip_pool_v4",
            "module.catalyst_center.catalystcenter_ip_pool.ip_pool_v6"
          ]
        },
        {
          "index_key": "ST_TECH",
          "schema_version": 0,
          "attributes": {
            "id": "73745527-229e-479f-aa89-9b0e207fbedb",
            "ipv4_dhcp_servers": null,
            "ipv4_dns_servers": null,
            "ipv4_gateway": null,
            "ipv4_global_pool": "10.202.0.0/16",
            "ipv4_prefix": true,
            "ipv4_prefix_length": 24,
            "ipv4_subnet": "10.202.2.0",
            "ipv4_total_host": null,
            "ipv6_address_space": false,
            "ipv6_dhcp_servers": null,
            "ipv6_dns_servers": null,
            "ipv6_gateway": null,
            "ipv6_global_pool": null,
            "ipv6_prefix": false,
            "ipv6_prefix_length": null,
            "ipv6_subnet": null,
            "ipv6_total_host": null,
            "name": "ST_TECH",
            "site_id": "8dcf05a4-44ed-420f-97b4-8fb654bb0ebd",
            "slaac_support": null,
            "type": "Generic"
          },
          "sensitive_attributes": [],
          "identity_schema_version": 0,
          "dependencies": [
            "module.catalyst_center.catalystcenter_area.area_0",
            "module.catalyst_center.catalystcenter_area.area_1",
            "module.catalyst_center.catalystcenter_area.area_2",
            "module.catalyst_center.catalystcenter_area.area_3",
            "module.catalyst_center.catalystcenter_building.building",
            "module.catalyst_center.catalystcenter_credentials_cli.cli_credentials",
            "module.catalyst_center.catalystcenter_credentials_https_read.https_read_credentials",
            "module.catalyst_center.catalystcenter_credentials_https_write.https_write_credentials",
            "module.catalyst_center.catalystcenter_credentials_snmpv2_read.snmpv2_read_credentials",
            "module.catalyst_center.catalystcenter_credentials_snmpv2_write.snmpv2_write_credentials",
            "module.catalyst_center.catalystcenter_credentials_snmpv3.snmpv3_credentials",
            "module.catalyst_center.catalystcenter_discovery.discovery",
            "module.catalyst_center.catalystcenter_floor.floor",
            "module.catalyst_center.catalystcenter_ip_pool.ip_pool_v4",
            "module.catalyst_center.catalystcenter_ip_pool.ip_pool_v6"
          ]
        },
        {
          "index_key": "WCP_BYOD",
          "schema_version": 0,
          "attributes": {
            "id": "f721a960-c8c2-44cb-87dd-c49a2d3ac151",
            "ipv4_dhcp_servers": null,
            "ipv4_dns_servers": null,
            "ipv4_gateway": null,
            "ipv4_global_pool": "10.204.0.0/16",
            "ipv4_prefix": true,
            "ipv4_prefix_length": 24,
            "ipv4_subnet": "10.204.3.0",
            "ipv4_total_host": null,
            "ipv6_address_space": false,
            "ipv6_dhcp_servers": null,
            "ipv6_dns_servers": null,
            "ipv6_gateway": null,
            "ipv6_global_pool": null,
            "ipv6_prefix": false,
            "ipv6_prefix_length": null,
            "ipv6_subnet": null,
            "ipv6_total_host": null,
            "name": "WCP_BYOD",
            "site_id": "b0ced8e7-3667-4be2-90d3-25d1c0e812ab",
            "slaac_support": null,
            "type": "Generic"
          },
          "sensitive_attributes": [],
          "identity_schema_version": 0,
          "dependencies": [
            "module.catalyst_center.catalystcenter_area.area_0",
            "module.catalyst_center.catalystcenter_area.area_1",
            "module.catalyst_center.catalystcenter_area.area_2",
            "module.catalyst_center.catalystcenter_area.area_3",
            "module.catalyst_center.catalystcenter_building.building",
            "module.catalyst_center.catalystcenter_credentials_cli.cli_credentials",
            "module.catalyst_center.catalystcenter_credentials_https_read.https_read_credentials",
            "module.catalyst_center.catalystcenter_credentials_https_write.https_write_credentials",
            "module.catalyst_center.catalystcenter_credentials_snmpv2_read.snmpv2_read_credentials",
            "module.catalyst_center.catalystcenter_credentials_snmpv2_write.snmpv2_write_credentials",
            "module.catalyst_center.catalystcenter_credentials_snmpv3.snmpv3_credentials",
            "module.catalyst_center.catalystcenter_discovery.discovery",
            "module.catalyst_center.catalystcenter_floor.floor",
            "module.catalyst_center.catalystcenter_ip_pool.ip_pool_v4",
            "module.catalyst_center.catalystcenter_ip_pool.ip_pool_v6"
          ]
        },
        {
          "index_key": "WCP_CORP",
          "schema_version": 0,
          "attributes": {
            "id": "6b705df6-6ae4-4864-9320-794c0ea7b3fb",
            "ipv4_dhcp_servers": null,
            "ipv4_dns_servers": null,
            "ipv4_gateway": null,
            "ipv4_global_pool": "10.201.0.0/16",
            "ipv4_prefix": true,
            "ipv4_prefix_length": 24,
            "ipv4_subnet": "10.201.3.0",
            "ipv4_total_host": null,
            "ipv6_address_space": false,
            "ipv6_dhcp_servers": null,
            "ipv6_dns_servers": null,
            "ipv6_gateway": null,
            "ipv6_global_pool": null,
            "ipv6_prefix": false,
            "ipv6_prefix_length": null,
            "ipv6_subnet": null,
            "ipv6_total_host": null,
            "name": "WCP_CORP",
            "site_id": "b0ced8e7-3667-4be2-90d3-25d1c0e812ab",
            "slaac_support": null,
            "type": "Generic"
          },
          "sensitive_attributes": [],
          "identity_schema_version": 0,
          "dependencies": [
            "module.catalyst_center.catalystcenter_area.area_0",
            "module.catalyst_center.catalystcenter_area.area_1",
            "module.catalyst_center.catalystcenter_area.area_2",
            "module.catalyst_center.catalystcenter_area.area_3",
            "module.catalyst_center.catalystcenter_building.building",
            "module.catalyst_center.catalystcenter_credentials_cli.cli_credentials",
            "module.catalyst_center.catalystcenter_credentials_https_read.https_read_credentials",
            "module.catalyst_center.catalystcenter_credentials_https_write.https_write_credentials",
            "module.catalyst_center.catalystcenter_credentials_snmpv2_read.snmpv2_read_credentials",
            "module.catalyst_center.catalystcenter_credentials_snmpv2_write.snmpv2_write_credentials",
            "module.catalyst_center.catalystcenter_credentials_snmpv3.snmpv3_credentials",
            "module.catalyst_center.catalystcenter_discovery.discovery",
            "module.catalyst_center.catalystcenter_floor.floor",
            "module.catalyst_center.catalystcenter_ip_pool.ip_pool_v4",
            "module.catalyst_center.catalystcenter_ip_pool.ip_pool_v6"
          ]
        },
        {
          "index_key": "WCP_GUEST",
          "schema_version": 0,
          "attributes": {
            "id": "42a94566-b1c8-4c22-a1d4-0a85ff9803c2",
            "ipv4_dhcp_servers": null,
            "ipv4_dns_servers": null,
            "ipv4_gateway": null,
            "ipv4_global_pool": "10.203.0.0/16",
            "ipv4_prefix": true,
            "ipv4_prefix_length": 24,
            "ipv4_subnet": "10.203.3.0",
            "ipv4_total_host": null,
            "ipv6_address_space": false,
            "ipv6_dhcp_servers": null,
            "ipv6_dns_servers": null,
            "ipv6_gateway": null,
            "ipv6_global_pool": null,
            "ipv6_prefix": false,
            "ipv6_prefix_length": null,
            "ipv6_subnet": null,
            "ipv6_total_host": null,
            "name": "WCP_GUEST",
            "site_id": "b0ced8e7-3667-4be2-90d3-25d1c0e812ab",
            "slaac_support": null,
            "type": "Generic"
          },
          "sensitive_attributes": [],
          "identity_schema_version": 0,
          "dependencies": [
            "module.catalyst_center.catalystcenter_area.area_0",
            "module.catalyst_center.catalystcenter_area.area_1",
            "module.catalyst_center.catalystcenter_area.area_2",
            "module.catalyst_center.catalystcenter_area.area_3",
            "module.catalyst_center.catalystcenter_building.building",
            "module.catalyst_center.catalystcenter_credentials_cli.cli_credentials",
            "module.catalyst_center.catalystcenter_credentials_https_read.https_read_credentials",
            "module.catalyst_center.catalystcenter_credentials_https_write.https_write_credentials",
            "module.catalyst_center.catalystcenter_credentials_snmpv2_read.snmpv2_read_credentials",
            "module.catalyst_center.catalystcenter_credentials_snmpv2_write.snmpv2_write_credentials",
            "module.catalyst_center.catalystcenter_credentials_snmpv3.snmpv3_credentials",
            "module.catalyst_center.catalystcenter_discovery.discovery",
            "module.catalyst_center.catalystcenter_floor.floor",
            "module.catalyst_center.catalystcenter_ip_pool.ip_pool_v4",
            "module.catalyst_center.catalystcenter_ip_pool.ip_pool_v6"
          ]
        },
        {
          "index_key": "WCP_TECH",
          "schema_version": 0,
          "attributes": {
            "id": "8933189e-560c-4d18-a5f3-5e74d4d163f4",
            "ipv4_dhcp_servers": null,
            "ipv4_dns_servers": null,
            "ipv4_gateway": null,
            "ipv4_global_pool": "10.202.0.0/16",
            "ipv4_prefix": true,
            "ipv4_prefix_length": 24,
            "ipv4_subnet": "10.202.3.0",
            "ipv4_total_host": null,
            "ipv6_address_space": false,
            "ipv6_dhcp_servers": null,
            "ipv6_dns_servers": null,
            "ipv6_gateway": null,
            "ipv6_global_pool": null,
            "ipv6_prefix": false,
            "ipv6_prefix_length": null,
            "ipv6_subnet": null,
            "ipv6_total_host": null,
            "name": "WCP_TECH",
            "site_id": "b0ced8e7-3667-4be2-90d3-25d1c0e812ab",
            "slaac_support": null,
            "type": "Generic"
          },
          "sensitive_attributes": [],
          "identity_schema_version": 0,
          "dependencies": [
            "module.catalyst_center.catalystcenter_area.area_0",
            "module.catalyst_center.catalystcenter_area.area_1",
            "module.catalyst_center.catalystcenter_area.area_2",
            "module.catalyst_center.catalystcenter_area.area_3",
            "module.catalyst_center.catalystcenter_building.building",
            "module.catalyst_center.catalystcenter_credentials_cli.cli_credentials",
            "module.catalyst_center.catalystcenter_credentials_https_read.https_read_credentials",
            "module.catalyst_center.catalystcenter_credentials_https_write.https_write_credentials",
            "module.catalyst_center.catalystcenter_credentials_snmpv2_read.snmpv2_read_credentials",
            "module.catalyst_center.catalystcenter_credentials_snmpv2_write.snmpv2_write_credentials",
            "module.catalyst_center.catalystcenter_credentials_snmpv3.snmpv3_credentials",
            "module.catalyst_center.catalystcenter_discovery.discovery",
            "module.catalyst_center.catalystcenter_floor.floor",
            "module.catalyst_center.catalystcenter_ip_pool.ip_pool_v4",
            "module.catalyst_center.catalystcenter_ip_pool.ip_pool_v6"
          ]
        }
      ]
    },
    {
      "module": "module.catalyst_center",
      "mode": "managed",
      "type": "terraform_data",
      "name": "validation",
      "provider": "provider[\"terraform.io/builtin/terraform\"]",
      "instances": [
        {
          "schema_version": 0,
          "attributes": {
            "id": "4cc334b1-69e4-df60-c26f-404ef5c0f77c",
            "input": null,
            "output": null,
            "triggers_replace": null
          },
          "sensitive_attributes": [],
          "identity_schema_version": 0
        }
      ]
    }
  ],
  "check_results": [
    {
      "object_kind": "resource",
      "config_addr": "module.catalyst_center.terraform_data.validation",
      "status": "pass",
      "objects": [
        {
          "object_addr": "module.catalyst_center.terraform_data.validation",
          "status": "pass"
        }
      ]
    }
  ]
}
