{
  "version": 4,
  "terraform_version": "1.14.1",
  "serial": 37,
  "lineage": "10ff89ec-eb34-32bd-da97-794ca7242803",
  "outputs": {},
  "resources": [
    {
      "module": "module.catalyst_center",
      "mode": "data",
      "type": "catalystcenter_area",
      "name": "global",
      "provider": "provider[\"registry.terraform.io/ciscodevnet/catalystcenter\"]",
      "instances": [
        {
          "schema_version": 0,
          "attributes": {
            "id": "534d06cf-0f75-4e92-bdbe-6f2dc5c49da6",
            "name": "Global",
            "parent_name": null
          },
          "sensitive_attributes": [],
          "identity_schema_version": 0
        }
      ]
    },
    {
      "module": "module.catalyst_center",
      "mode": "data",
      "type": "catalystcenter_assign_credentials",
      "name": "global_assign_credentials",
      "provider": "provider[\"registry.terraform.io/ciscodevnet/catalystcenter\"]",
      "instances": [
        {
          "schema_version": 0,
          "attributes": {
            "cli_id": "ec6ae85e-6ccb-4020-b565-d3f36c1bae7d",
            "https_read_id": null,
            "https_write_id": null,
            "id": "534d06cf-0f75-4e92-bdbe-6f2dc5c49da6",
            "site_id": "534d06cf-0f75-4e92-bdbe-6f2dc5c49da6",
            "snmp_v2_read_id": "b6c36edd-1c3b-470c-87a3-a0f9c745bfb0",
            "snmp_v2_write_id": "c8aec3c3-0d0a-446d-afec-7bed6e73857b",
            "snmp_v3_id": null
          },
          "sensitive_attributes": [],
          "identity_schema_version": 0
        }
      ]
    },
    {
      "module": "module.catalyst_center",
      "mode": "data",
      "type": "catalystcenter_fabric_sites",
      "name": "fabric_sites",
      "provider": "provider[\"registry.terraform.io/ciscodevnet/catalystcenter\"]",
      "instances": [
        {
          "schema_version": 0,
          "attributes": {
            "sites": null
          },
          "sensitive_attributes": [],
          "identity_schema_version": 0
        }
      ]
    },
    {
      "module": "module.catalyst_center",
      "mode": "data",
      "type": "catalystcenter_network_devices",
      "name": "all_devices",
      "provider": "provider[\"registry.terraform.io/ciscodevnet/catalystcenter\"]",
      "instances": [
        {
          "schema_version": 0,
          "attributes": {
            "devices": [
              {
                "hostname": "BR10.cisco.eu",
                "id": "e7869917-cf34-44ed-998a-e72ef9866eeb",
                "management_ip_address": "198.18.130.10",
                "management_state": "Managed",
                "platform_id": "C9KV-UADP-8P",
                "role": "ACCESS",
                "software_type": "IOS-XE"
              },
              {
                "hostname": "C9800-CL-WLC.cisco.eu",
                "id": "29998034-a675-43db-9bcb-17a9d5d580f8",
                "management_ip_address": "181.1.1.13",
                "management_state": "Managed",
                "platform_id": "C9800-CL-K9",
                "role": "ACCESS",
                "software_type": "IOS-XE"
              },
              {
                "hostname": "EDGE01.cisco.eu",
                "id": "7ef492ca-b008-479a-9de4-7e40438c7d10",
                "management_ip_address": "198.18.130.1",
                "management_state": "Managed",
                "platform_id": "C9KV-UADP-8P",
                "role": "ACCESS",
                "software_type": "IOS-XE"
              },
              {
                "hostname": "EDGE02.cisco.eu",
                "id": "024f383c-14a5-421c-b21d-b80910cde422",
                "management_ip_address": "198.18.130.2",
                "management_state": "Managed",
                "platform_id": "C9KV-UADP-8P",
                "role": "ACCESS",
                "software_type": "IOS-XE"
              },
              {
                "hostname": "FIAB.cisco.eu",
                "id": "28a9f0f0-2834-4f12-8409-26d34a7f5bbb",
                "management_ip_address": "181.1.1.1",
                "management_state": "Managed",
                "platform_id": "C9KV-UADP-8P",
                "role": "ACCESS",
                "software_type": "IOS-XE"
              },
              {
                "hostname": "Transit-CP-1.cisco.eu",
                "id": "e9272b6f-6ef0-487c-92dd-bce5c21747d7",
                "management_ip_address": "190.1.1.1",
                "management_state": "Managed",
                "platform_id": "C8000V",
                "role": "BORDER ROUTER",
                "software_type": "IOS-XE"
              }
            ]
          },
          "sensitive_attributes": [],
          "identity_schema_version": 0
        }
      ]
    },
    {
      "module": "module.catalyst_center",
      "mode": "data",
      "type": "catalystcenter_project",
      "name": "onboarding",
      "provider": "provider[\"registry.terraform.io/ciscodevnet/catalystcenter\"]",
      "instances": [
        {
          "schema_version": 0,
          "attributes": {
            "description": "Onboarding Configuration",
            "id": "e9e305d1-aa84-47f4-9ed9-d6ba0aa2e499",
            "name": "Onboarding Configuration"
          },
          "sensitive_attributes": [],
          "identity_schema_version": 0
        }
      ]
    },
    {
      "module": "module.catalyst_center",
      "mode": "data",
      "type": "catalystcenter_sites",
      "name": "all_sites",
      "provider": "provider[\"registry.terraform.io/ciscodevnet/catalystcenter\"]",
      "instances": [
        {
          "schema_version": 0,
          "attributes": {
            "sites": [
              {
                "address": null,
                "country": null,
                "floor_number": null,
                "height": null,
                "id": "534d06cf-0f75-4e92-bdbe-6f2dc5c49da6",
                "latitude": null,
                "length": null,
                "longitude": null,
                "name": "Global",
                "name_hierarchy": null,
                "parent_id": null,
                "rf_model": null,
                "type": "global",
                "units_of_measure": null,
                "width": null
              }
            ],
            "type": null
          },
          "sensitive_attributes": [],
          "identity_schema_version": 0
        }
      ]
    },
    {
      "module": "module.catalyst_center",
      "mode": "managed",
      "type": "catalystcenter_area",
      "name": "area_0",
      "provider": "provider[\"registry.terraform.io/ciscodevnet/catalystcenter\"]",
      "instances": [
        {
          "index_key": "Global/United States",
          "schema_version": 0,
          "attributes": {
            "id": "eafa8794-2651-4b1e-83f4-5bb0a69cb3cd",
            "name": "United States",
            "parent_name": "Global"
          },
          "sensitive_attributes": [],
          "identity_schema_version": 0,
          "dependencies": [
            "module.catalyst_center.catalystcenter_credentials_cli.cli_credentials",
            "module.catalyst_center.catalystcenter_credentials_https_read.https_read_credentials",
            "module.catalyst_center.catalystcenter_credentials_https_write.https_write_credentials",
            "module.catalyst_center.catalystcenter_credentials_snmpv2_read.snmpv2_read_credentials",
            "module.catalyst_center.catalystcenter_credentials_snmpv2_write.snmpv2_write_credentials",
            "module.catalyst_center.catalystcenter_credentials_snmpv3.snmpv3_credentials",
            "module.catalyst_center.catalystcenter_discovery.discovery"
          ]
        }
      ]
    },
    {
      "module": "module.catalyst_center",
      "mode": "managed",
      "type": "catalystcenter_area",
      "name": "area_1",
      "provider": "provider[\"registry.terraform.io/ciscodevnet/catalystcenter\"]",
      "instances": [
        {
          "index_key": "Global/United States/Desert Oasis Branch",
          "schema_version": 0,
          "attributes": {
            "id": "2beb00d1-6752-41ab-b12e-4f4a58f864a9",
            "name": "Desert Oasis Branch",
            "parent_name": "Global/United States"
          },
          "sensitive_attributes": [],
          "identity_schema_version": 0,
          "dependencies": [
            "module.catalyst_center.catalystcenter_area.area_0",
            "module.catalyst_center.catalystcenter_credentials_cli.cli_credentials",
            "module.catalyst_center.catalystcenter_credentials_https_read.https_read_credentials",
            "module.catalyst_center.catalystcenter_credentials_https_write.https_write_credentials",
            "module.catalyst_center.catalystcenter_credentials_snmpv2_read.snmpv2_read_credentials",
            "module.catalyst_center.catalystcenter_credentials_snmpv2_write.snmpv2_write_credentials",
            "module.catalyst_center.catalystcenter_credentials_snmpv3.snmpv3_credentials",
            "module.catalyst_center.catalystcenter_discovery.discovery"
          ]
        },
        {
          "index_key": "Global/United States/Golden Hills Campus",
          "schema_version": 0,
          "attributes": {
            "id": "2a516dcd-c73c-4243-8506-ae3ee8fb1a3b",
            "name": "Golden Hills Campus",
            "parent_name": "Global/United States"
          },
          "sensitive_attributes": [],
          "identity_schema_version": 0,
          "dependencies": [
            "module.catalyst_center.catalystcenter_area.area_0",
            "module.catalyst_center.catalystcenter_credentials_cli.cli_credentials",
            "module.catalyst_center.catalystcenter_credentials_https_read.https_read_credentials",
            "module.catalyst_center.catalystcenter_credentials_https_write.https_write_credentials",
            "module.catalyst_center.catalystcenter_credentials_snmpv2_read.snmpv2_read_credentials",
            "module.catalyst_center.catalystcenter_credentials_snmpv2_write.snmpv2_write_credentials",
            "module.catalyst_center.catalystcenter_credentials_snmpv3.snmpv3_credentials",
            "module.catalyst_center.catalystcenter_discovery.discovery"
          ]
        },
        {
          "index_key": "Global/United States/Lakefront Tower",
          "schema_version": 0,
          "attributes": {
            "id": "85954685-6968-4306-8de0-a04eb1483a0f",
            "name": "Lakefront Tower",
            "parent_name": "Global/United States"
          },
          "sensitive_attributes": [],
          "identity_schema_version": 0,
          "dependencies": [
            "module.catalyst_center.catalystcenter_area.area_0",
            "module.catalyst_center.catalystcenter_credentials_cli.cli_credentials",
            "module.catalyst_center.catalystcenter_credentials_https_read.https_read_credentials",
            "module.catalyst_center.catalystcenter_credentials_https_write.https_write_credentials",
            "module.catalyst_center.catalystcenter_credentials_snmpv2_read.snmpv2_read_credentials",
            "module.catalyst_center.catalystcenter_credentials_snmpv2_write.snmpv2_write_credentials",
            "module.catalyst_center.catalystcenter_credentials_snmpv3.snmpv3_credentials",
            "module.catalyst_center.catalystcenter_discovery.discovery"
          ]
        },
        {
          "index_key": "Global/United States/Oceanfront Mansion",
          "schema_version": 0,
          "attributes": {
            "id": "955a8f79-65a4-4f01-bc9c-7cd637f70ef6",
            "name": "Oceanfront Mansion",
            "parent_name": "Global/United States"
          },
          "sensitive_attributes": [],
          "identity_schema_version": 0,
          "dependencies": [
            "module.catalyst_center.catalystcenter_area.area_0",
            "module.catalyst_center.catalystcenter_credentials_cli.cli_credentials",
            "module.catalyst_center.catalystcenter_credentials_https_read.https_read_credentials",
            "module.catalyst_center.catalystcenter_credentials_https_write.https_write_credentials",
            "module.catalyst_center.catalystcenter_credentials_snmpv2_read.snmpv2_read_credentials",
            "module.catalyst_center.catalystcenter_credentials_snmpv2_write.snmpv2_write_credentials",
            "module.catalyst_center.catalystcenter_credentials_snmpv3.snmpv3_credentials",
            "module.catalyst_center.catalystcenter_discovery.discovery"
          ]
        }
      ]
    },
    {
      "module": "module.catalyst_center",
      "mode": "managed",
      "type": "catalystcenter_building",
      "name": "building",
      "provider": "provider[\"registry.terraform.io/ciscodevnet/catalystcenter\"]",
      "instances": [
        {
          "index_key": "Global/United States/Desert Oasis Branch/Desert Oasis Tower",
          "schema_version": 0,
          "attributes": {
            "address": "1235 Cactus Ave, Phoenix, AZ 85001",
            "country": "United States",
            "id": "61eec355-e831-4b07-93dd-47b6436c0695",
            "latitude": 33.448,
            "longitude": -112.074,
            "name": "Desert Oasis Tower",
            "parent_name": "Global/United States/Desert Oasis Branch"
          },
          "sensitive_attributes": [],
          "identity_schema_version": 0,
          "dependencies": [
            "module.catalyst_center.catalystcenter_area.area_0",
            "module.catalyst_center.catalystcenter_area.area_1",
            "module.catalyst_center.catalystcenter_area.area_2",
            "module.catalyst_center.catalystcenter_area.area_3",
            "module.catalyst_center.catalystcenter_credentials_cli.cli_credentials",
            "module.catalyst_center.catalystcenter_credentials_https_read.https_read_credentials",
            "module.catalyst_center.catalystcenter_credentials_https_write.https_write_credentials",
            "module.catalyst_center.catalystcenter_credentials_snmpv2_read.snmpv2_read_credentials",
            "module.catalyst_center.catalystcenter_credentials_snmpv2_write.snmpv2_write_credentials",
            "module.catalyst_center.catalystcenter_credentials_snmpv3.snmpv3_credentials",
            "module.catalyst_center.catalystcenter_discovery.discovery"
          ]
        },
        {
          "index_key": "Global/United States/Golden Hills Campus/Sunset Tower",
          "schema_version": 0,
          "attributes": {
            "address": "8358 Sunset Blvd, Los Angeles, CA 90069",
            "country": "United States",
            "id": "1cdc7fab-f97a-405a-beb6-99c8e19b722c",
            "latitude": 34.099,
            "longitude": -118.366,
            "name": "Sunset Tower",
            "parent_name": "Global/United States/Golden Hills Campus"
          },
          "sensitive_attributes": [],
          "identity_schema_version": 0,
          "dependencies": [
            "module.catalyst_center.catalystcenter_area.area_0",
            "module.catalyst_center.catalystcenter_area.area_1",
            "module.catalyst_center.catalystcenter_area.area_2",
            "module.catalyst_center.catalystcenter_area.area_3",
            "module.catalyst_center.catalystcenter_credentials_cli.cli_credentials",
            "module.catalyst_center.catalystcenter_credentials_https_read.https_read_credentials",
            "module.catalyst_center.catalystcenter_credentials_https_write.https_write_credentials",
            "module.catalyst_center.catalystcenter_credentials_snmpv2_read.snmpv2_read_credentials",
            "module.catalyst_center.catalystcenter_credentials_snmpv2_write.snmpv2_write_credentials",
            "module.catalyst_center.catalystcenter_credentials_snmpv3.snmpv3_credentials",
            "module.catalyst_center.catalystcenter_discovery.discovery"
          ]
        },
        {
          "index_key": "Global/United States/Lakefront Tower/Windy City Plaza",
          "schema_version": 0,
          "attributes": {
            "address": "233 S Wacker Dr, Chicago, IL 60606",
            "country": "United States",
            "id": "534abc5d-bfb1-45ab-9e96-e39d8e74794c",
            "latitude": 41.878,
            "longitude": -87.63,
            "name": "Windy City Plaza",
            "parent_name": "Global/United States/Lakefront Tower"
          },
          "sensitive_attributes": [],
          "identity_schema_version": 0,
          "dependencies": [
            "module.catalyst_center.catalystcenter_area.area_0",
            "module.catalyst_center.catalystcenter_area.area_1",
            "module.catalyst_center.catalystcenter_area.area_2",
            "module.catalyst_center.catalystcenter_area.area_3",
            "module.catalyst_center.catalystcenter_credentials_cli.cli_credentials",
            "module.catalyst_center.catalystcenter_credentials_https_read.https_read_credentials",
            "module.catalyst_center.catalystcenter_credentials_https_write.https_write_credentials",
            "module.catalyst_center.catalystcenter_credentials_snmpv2_read.snmpv2_read_credentials",
            "module.catalyst_center.catalystcenter_credentials_snmpv2_write.snmpv2_write_credentials",
            "module.catalyst_center.catalystcenter_credentials_snmpv3.snmpv3_credentials",
            "module.catalyst_center.catalystcenter_discovery.discovery"
          ]
        },
        {
          "index_key": "Global/United States/Oceanfront Mansion/Art Deco Mansion",
          "schema_version": 0,
          "attributes": {
            "address": "123 Ocean Drive, Miami Beach, FL 33139",
            "country": "United States",
            "id": "618b0b46-9939-46af-a599-97a2ec647318",
            "latitude": 25.782,
            "longitude": -80.133,
            "name": "Art Deco Mansion",
            "parent_name": "Global/United States/Oceanfront Mansion"
          },
          "sensitive_attributes": [],
          "identity_schema_version": 0,
          "dependencies": [
            "module.catalyst_center.catalystcenter_area.area_0",
            "module.catalyst_center.catalystcenter_area.area_1",
            "module.catalyst_center.catalystcenter_area.area_2",
            "module.catalyst_center.catalystcenter_area.area_3",
            "module.catalyst_center.catalystcenter_credentials_cli.cli_credentials",
            "module.catalyst_center.catalystcenter_credentials_https_read.https_read_credentials",
            "module.catalyst_center.catalystcenter_credentials_https_write.https_write_credentials",
            "module.catalyst_center.catalystcenter_credentials_snmpv2_read.snmpv2_read_credentials",
            "module.catalyst_center.catalystcenter_credentials_snmpv2_write.snmpv2_write_credentials",
            "module.catalyst_center.catalystcenter_credentials_snmpv3.snmpv3_credentials",
            "module.catalyst_center.catalystcenter_discovery.discovery"
          ]
        }
      ]
    },
    {
      "module": "module.catalyst_center",
      "mode": "managed",
      "type": "catalystcenter_floor",
      "name": "floor",
      "provider": "provider[\"registry.terraform.io/ciscodevnet/catalystcenter\"]",
      "instances": [
        {
          "index_key": "Global/United States/Desert Oasis Branch/Desert Oasis Tower/FLOOR_1",
          "schema_version": 0,
          "attributes": {
            "floor_number": 1,
            "height": 3,
            "id": "0cec477c-0c38-4ed5-978d-cb7047497d2e",
            "length": 30,
            "name": "FLOOR_1",
            "parent_name": "Global/United States/Desert Oasis Branch/Desert Oasis Tower",
            "rf_model": "Cubes And Walled Offices",
            "width": 30
          },
          "sensitive_attributes": [],
          "identity_schema_version": 0,
          "dependencies": [
            "module.catalyst_center.catalystcenter_area.area_0",
            "module.catalyst_center.catalystcenter_area.area_1",
            "module.catalyst_center.catalystcenter_area.area_2",
            "module.catalyst_center.catalystcenter_area.area_3",
            "module.catalyst_center.catalystcenter_building.building",
            "module.catalyst_center.catalystcenter_credentials_cli.cli_credentials",
            "module.catalyst_center.catalystcenter_credentials_https_read.https_read_credentials",
            "module.catalyst_center.catalystcenter_credentials_https_write.https_write_credentials",
            "module.catalyst_center.catalystcenter_credentials_snmpv2_read.snmpv2_read_credentials",
            "module.catalyst_center.catalystcenter_credentials_snmpv2_write.snmpv2_write_credentials",
            "module.catalyst_center.catalystcenter_credentials_snmpv3.snmpv3_credentials",
            "module.catalyst_center.catalystcenter_discovery.discovery"
          ]
        },
        {
          "index_key": "Global/United States/Golden Hills Campus/Sunset Tower/FLOOR_1",
          "schema_version": 0,
          "attributes": {
            "floor_number": 1,
            "height": 3,
            "id": "1be13fba-6efa-41b5-ac32-4e27f78f622f",
            "length": 30,
            "name": "FLOOR_1",
            "parent_name": "Global/United States/Golden Hills Campus/Sunset Tower",
            "rf_model": "Cubes And Walled Offices",
            "width": 30
          },
          "sensitive_attributes": [],
          "identity_schema_version": 0,
          "dependencies": [
            "module.catalyst_center.catalystcenter_area.area_0",
            "module.catalyst_center.catalystcenter_area.area_1",
            "module.catalyst_center.catalystcenter_area.area_2",
            "module.catalyst_center.catalystcenter_area.area_3",
            "module.catalyst_center.catalystcenter_building.building",
            "module.catalyst_center.catalystcenter_credentials_cli.cli_credentials",
            "module.catalyst_center.catalystcenter_credentials_https_read.https_read_credentials",
            "module.catalyst_center.catalystcenter_credentials_https_write.https_write_credentials",
            "module.catalyst_center.catalystcenter_credentials_snmpv2_read.snmpv2_read_credentials",
            "module.catalyst_center.catalystcenter_credentials_snmpv2_write.snmpv2_write_credentials",
            "module.catalyst_center.catalystcenter_credentials_snmpv3.snmpv3_credentials",
            "module.catalyst_center.catalystcenter_discovery.discovery"
          ]
        },
        {
          "index_key": "Global/United States/Golden Hills Campus/Sunset Tower/FLOOR_2",
          "schema_version": 0,
          "attributes": {
            "floor_number": 2,
            "height": 3,
            "id": "65033cd8-14dd-473a-a873-97082db57b49",
            "length": 30,
            "name": "FLOOR_2",
            "parent_name": "Global/United States/Golden Hills Campus/Sunset Tower",
            "rf_model": "Cubes And Walled Offices",
            "width": 30
          },
          "sensitive_attributes": [],
          "identity_schema_version": 0,
          "dependencies": [
            "module.catalyst_center.catalystcenter_area.area_0",
            "module.catalyst_center.catalystcenter_area.area_1",
            "module.catalyst_center.catalystcenter_area.area_2",
            "module.catalyst_center.catalystcenter_area.area_3",
            "module.catalyst_center.catalystcenter_building.building",
            "module.catalyst_center.catalystcenter_credentials_cli.cli_credentials",
            "module.catalyst_center.catalystcenter_credentials_https_read.https_read_credentials",
            "module.catalyst_center.catalystcenter_credentials_https_write.https_write_credentials",
            "module.catalyst_center.catalystcenter_credentials_snmpv2_read.snmpv2_read_credentials",
            "module.catalyst_center.catalystcenter_credentials_snmpv2_write.snmpv2_write_credentials",
            "module.catalyst_center.catalystcenter_credentials_snmpv3.snmpv3_credentials",
            "module.catalyst_center.catalystcenter_discovery.discovery"
          ]
        },
        {
          "index_key": "Global/United States/Lakefront Tower/Windy City Plaza/FLOOR_1",
          "schema_version": 0,
          "attributes": {
            "floor_number": 1,
            "height": 3,
            "id": "87a91f33-ee5b-4b87-b543-06f0c5aa4b2e",
            "length": 30,
            "name": "FLOOR_1",
            "parent_name": "Global/United States/Lakefront Tower/Windy City Plaza",
            "rf_model": "Cubes And Walled Offices",
            "width": 30
          },
          "sensitive_attributes": [],
          "identity_schema_version": 0,
          "dependencies": [
            "module.catalyst_center.catalystcenter_area.area_0",
            "module.catalyst_center.catalystcenter_area.area_1",
            "module.catalyst_center.catalystcenter_area.area_2",
            "module.catalyst_center.catalystcenter_area.area_3",
            "module.catalyst_center.catalystcenter_building.building",
            "module.catalyst_center.catalystcenter_credentials_cli.cli_credentials",
            "module.catalyst_center.catalystcenter_credentials_https_read.https_read_credentials",
            "module.catalyst_center.catalystcenter_credentials_https_write.https_write_credentials",
            "module.catalyst_center.catalystcenter_credentials_snmpv2_read.snmpv2_read_credentials",
            "module.catalyst_center.catalystcenter_credentials_snmpv2_write.snmpv2_write_credentials",
            "module.catalyst_center.catalystcenter_credentials_snmpv3.snmpv3_credentials",
            "module.catalyst_center.catalystcenter_discovery.discovery"
          ]
        },
        {
          "index_key": "Global/United States/Lakefront Tower/Windy City Plaza/FLOOR_2",
          "schema_version": 0,
          "attributes": {
            "floor_number": 2,
            "height": 3,
            "id": "e7c0a0ef-de1f-4d36-89c1-4c713a933055",
            "length": 30,
            "name": "FLOOR_2",
            "parent_name": "Global/United States/Lakefront Tower/Windy City Plaza",
            "rf_model": "Cubes And Walled Offices",
            "width": 30
          },
          "sensitive_attributes": [],
          "identity_schema_version": 0,
          "dependencies": [
            "module.catalyst_center.catalystcenter_area.area_0",
            "module.catalyst_center.catalystcenter_area.area_1",
            "module.catalyst_center.catalystcenter_area.area_2",
            "module.catalyst_center.catalystcenter_area.area_3",
            "module.catalyst_center.catalystcenter_building.building",
            "module.catalyst_center.catalystcenter_credentials_cli.cli_credentials",
            "module.catalyst_center.catalystcenter_credentials_https_read.https_read_credentials",
            "module.catalyst_center.catalystcenter_credentials_https_write.https_write_credentials",
            "module.catalyst_center.catalystcenter_credentials_snmpv2_read.snmpv2_read_credentials",
            "module.catalyst_center.catalystcenter_credentials_snmpv2_write.snmpv2_write_credentials",
            "module.catalyst_center.catalystcenter_credentials_snmpv3.snmpv3_credentials",
            "module.catalyst_center.catalystcenter_discovery.discovery"
          ]
        },
        {
          "index_key": "Global/United States/Oceanfront Mansion/Art Deco Mansion/FLOOR_1",
          "schema_version": 0,
          "attributes": {
            "floor_number": 1,
            "height": 3,
            "id": "ec95adfd-77cc-4860-baea-537e44c86176",
            "length": 30,
            "name": "FLOOR_1",
            "parent_name": "Global/United States/Oceanfront Mansion/Art Deco Mansion",
            "rf_model": "Cubes And Walled Offices",
            "width": 30
          },
          "sensitive_attributes": [],
          "identity_schema_version": 0,
          "dependencies": [
            "module.catalyst_center.catalystcenter_area.area_0",
            "module.catalyst_center.catalystcenter_area.area_1",
            "module.catalyst_center.catalystcenter_area.area_2",
            "module.catalyst_center.catalystcenter_area.area_3",
            "module.catalyst_center.catalystcenter_building.building",
            "module.catalyst_center.catalystcenter_credentials_cli.cli_credentials",
            "module.catalyst_center.catalystcenter_credentials_https_read.https_read_credentials",
            "module.catalyst_center.catalystcenter_credentials_https_write.https_write_credentials",
            "module.catalyst_center.catalystcenter_credentials_snmpv2_read.snmpv2_read_credentials",
            "module.catalyst_center.catalystcenter_credentials_snmpv2_write.snmpv2_write_credentials",
            "module.catalyst_center.catalystcenter_credentials_snmpv3.snmpv3_credentials",
            "module.catalyst_center.catalystcenter_discovery.discovery"
          ]
        }
      ]
    },
    {
      "module": "module.catalyst_center",
      "mode": "managed",
      "type": "catalystcenter_ip_pool",
      "name": "ip_pool_v4",
      "provider": "provider[\"registry.terraform.io/ciscodevnet/catalystcenter\"]",
      "instances": [
        {
          "index_key": "US_BYOD",
          "schema_version": 0,
          "attributes": {
            "dhcp_server_ips": [
              "10.204.0.1"
            ],
            "dns_server_ips": [
              "10.204.0.1"
            ],
            "gateway": null,
            "id": "031d7da3-b31c-47df-8791-4f3b6395efd1",
            "ip_address_space": "IPv4",
            "ip_subnet": "10.204.0.0/16",
            "name": "US_BYOD",
            "type": "generic"
          },
          "sensitive_attributes": [],
          "identity_schema_version": 0,
          "dependencies": [
            "module.catalyst_center.catalystcenter_area.area_0",
            "module.catalyst_center.catalystcenter_area.area_1",
            "module.catalyst_center.catalystcenter_area.area_2",
            "module.catalyst_center.catalystcenter_area.area_3",
            "module.catalyst_center.catalystcenter_building.building",
            "module.catalyst_center.catalystcenter_credentials_cli.cli_credentials",
            "module.catalyst_center.catalystcenter_credentials_https_read.https_read_credentials",
            "module.catalyst_center.catalystcenter_credentials_https_write.https_write_credentials",
            "module.catalyst_center.catalystcenter_credentials_snmpv2_read.snmpv2_read_credentials",
            "module.catalyst_center.catalystcenter_credentials_snmpv2_write.snmpv2_write_credentials",
            "module.catalyst_center.catalystcenter_credentials_snmpv3.snmpv3_credentials",
            "module.catalyst_center.catalystcenter_discovery.discovery",
            "module.catalyst_center.catalystcenter_floor.floor"
          ]
        },
        {
          "index_key": "US_CORP",
          "schema_version": 0,
          "attributes": {
            "dhcp_server_ips": [
              "10.201.0.1"
            ],
            "dns_server_ips": [
              "10.201.0.1"
            ],
            "gateway": null,
            "id": "753cef83-8f9d-48ba-b710-ca5c7e9a674a",
            "ip_address_space": "IPv4",
            "ip_subnet": "10.201.0.0/16",
            "name": "US_CORP",
            "type": "generic"
          },
          "sensitive_attributes": [],
          "identity_schema_version": 0,
          "dependencies": [
            "module.catalyst_center.catalystcenter_area.area_0",
            "module.catalyst_center.catalystcenter_area.area_1",
            "module.catalyst_center.catalystcenter_area.area_2",
            "module.catalyst_center.catalystcenter_area.area_3",
            "module.catalyst_center.catalystcenter_building.building",
            "module.catalyst_center.catalystcenter_credentials_cli.cli_credentials",
            "module.catalyst_center.catalystcenter_credentials_https_read.https_read_credentials",
            "module.catalyst_center.catalystcenter_credentials_https_write.https_write_credentials",
            "module.catalyst_center.catalystcenter_credentials_snmpv2_read.snmpv2_read_credentials",
            "module.catalyst_center.catalystcenter_credentials_snmpv2_write.snmpv2_write_credentials",
            "module.catalyst_center.catalystcenter_credentials_snmpv3.snmpv3_credentials",
            "module.catalyst_center.catalystcenter_discovery.discovery",
            "module.catalyst_center.catalystcenter_floor.floor"
          ]
        },
        {
          "index_key": "US_GUEST",
          "schema_version": 0,
          "attributes": {
            "dhcp_server_ips": [
              "10.203.0.1"
            ],
            "dns_server_ips": [
              "10.203.0.1"
            ],
            "gateway": null,
            "id": "11d03567-261c-4467-b915-ba7839525c83",
            "ip_address_space": "IPv4",
            "ip_subnet": "10.203.0.0/16",
            "name": "US_GUEST",
            "type": "generic"
          },
          "sensitive_attributes": [],
          "identity_schema_version": 0,
          "dependencies": [
            "module.catalyst_center.catalystcenter_area.area_0",
            "module.catalyst_center.catalystcenter_area.area_1",
            "module.catalyst_center.catalystcenter_area.area_2",
            "module.catalyst_center.catalystcenter_area.area_3",
            "module.catalyst_center.catalystcenter_building.building",
            "module.catalyst_center.catalystcenter_credentials_cli.cli_credentials",
            "module.catalyst_center.catalystcenter_credentials_https_read.https_read_credentials",
            "module.catalyst_center.catalystcenter_credentials_https_write.https_write_credentials",
            "module.catalyst_center.catalystcenter_credentials_snmpv2_read.snmpv2_read_credentials",
            "module.catalyst_center.catalystcenter_credentials_snmpv2_write.snmpv2_write_credentials",
            "module.catalyst_center.catalystcenter_credentials_snmpv3.snmpv3_credentials",
            "module.catalyst_center.catalystcenter_discovery.discovery",
            "module.catalyst_center.catalystcenter_floor.floor"
          ]
        },
        {
          "index_key": "US_TECH",
          "schema_version": 0,
          "attributes": {
            "dhcp_server_ips": [
              "10.202.0.1"
            ],
            "dns_server_ips": [
              "10.202.0.1"
            ],
            "gateway": null,
            "id": "8678739c-17ee-4e33-a60d-8bc4169a2c8b",
            "ip_address_space": "IPv4",
            "ip_subnet": "10.202.0.0/16",
            "name": "US_TECH",
            "type": "generic"
          },
          "sensitive_attributes": [],
          "identity_schema_version": 0,
          "dependencies": [
            "module.catalyst_center.catalystcenter_area.area_0",
            "module.catalyst_center.catalystcenter_area.area_1",
            "module.catalyst_center.catalystcenter_area.area_2",
            "module.catalyst_center.catalystcenter_area.area_3",
            "module.catalyst_center.catalystcenter_building.building",
            "module.catalyst_center.catalystcenter_credentials_cli.cli_credentials",
            "module.catalyst_center.catalystcenter_credentials_https_read.https_read_credentials",
            "module.catalyst_center.catalystcenter_credentials_https_write.https_write_credentials",
            "module.catalyst_center.catalystcenter_credentials_snmpv2_read.snmpv2_read_credentials",
            "module.catalyst_center.catalystcenter_credentials_snmpv2_write.snmpv2_write_credentials",
            "module.catalyst_center.catalystcenter_credentials_snmpv3.snmpv3_credentials",
            "module.catalyst_center.catalystcenter_discovery.discovery",
            "module.catalyst_center.catalystcenter_floor.floor"
          ]
        }
      ]
    },
    {
      "module": "module.catalyst_center",
      "mode": "managed",
      "type": "catalystcenter_ip_pool_reservation",
      "name": "pool_reservation",
      "provider": "provider[\"registry.terraform.io/ciscodevnet/catalystcenter\"]",
      "instances": [
        {
          "index_key": "ADM_BYOD",
          "schema_version": 0,
          "attributes": {
            "id": "63c70f8d-3918-4230-a84a-f4f07fdaf69b",
            "ipv4_dhcp_servers": null,
            "ipv4_dns_servers": null,
            "ipv4_gateway": null,
            "ipv4_global_pool": "10.204.0.0/16",
            "ipv4_prefix": true,
            "ipv4_prefix_length": 24,
            "ipv4_subnet": "10.204.4.0",
            "ipv4_total_host": null,
            "ipv6_address_space": false,
            "ipv6_dhcp_servers": null,
            "ipv6_dns_servers": null,
            "ipv6_gateway": null,
            "ipv6_global_pool": null,
            "ipv6_prefix": false,
            "ipv6_prefix_length": null,
            "ipv6_subnet": null,
            "ipv6_total_host": null,
            "name": "ADM_BYOD",
            "site_id": "618b0b46-9939-46af-a599-97a2ec647318",
            "slaac_support": null,
            "type": "Generic"
          },
          "sensitive_attributes": [],
          "identity_schema_version": 0,
          "dependencies": [
            "module.catalyst_center.catalystcenter_area.area_0",
            "module.catalyst_center.catalystcenter_area.area_1",
            "module.catalyst_center.catalystcenter_area.area_2",
            "module.catalyst_center.catalystcenter_area.area_3",
            "module.catalyst_center.catalystcenter_building.building",
            "module.catalyst_center.catalystcenter_credentials_cli.cli_credentials",
            "module.catalyst_center.catalystcenter_credentials_https_read.https_read_credentials",
            "module.catalyst_center.catalystcenter_credentials_https_write.https_write_credentials",
            "module.catalyst_center.catalystcenter_credentials_snmpv2_read.snmpv2_read_credentials",
            "module.catalyst_center.catalystcenter_credentials_snmpv2_write.snmpv2_write_credentials",
            "module.catalyst_center.catalystcenter_credentials_snmpv3.snmpv3_credentials",
            "module.catalyst_center.catalystcenter_discovery.discovery",
            "module.catalyst_center.catalystcenter_floor.floor",
            "module.catalyst_center.catalystcenter_ip_pool.ip_pool_v4",
            "module.catalyst_center.catalystcenter_ip_pool.ip_pool_v6"
          ]
        },
        {
          "index_key": "ADM_CORP",
          "schema_version": 0,
          "attributes": {
            "id": "f7a57b4d-1a66-4534-a878-c79607228d70",
            "ipv4_dhcp_servers": null,
            "ipv4_dns_servers": null,
            "ipv4_gateway": null,
            "ipv4_global_pool": "10.201.0.0/16",
            "ipv4_prefix": true,
            "ipv4_prefix_length": 24,
            "ipv4_subnet": "10.201.4.0",
            "ipv4_total_host": null,
            "ipv6_address_space": false,
            "ipv6_dhcp_servers": null,
            "ipv6_dns_servers": null,
            "ipv6_gateway": null,
            "ipv6_global_pool": null,
            "ipv6_prefix": false,
            "ipv6_prefix_length": null,
            "ipv6_subnet": null,
            "ipv6_total_host": null,
            "name": "ADM_CORP",
            "site_id": "618b0b46-9939-46af-a599-97a2ec647318",
            "slaac_support": null,
            "type": "Generic"
          },
          "sensitive_attributes": [],
          "identity_schema_version": 0,
          "dependencies": [
            "module.catalyst_center.catalystcenter_area.area_0",
            "module.catalyst_center.catalystcenter_area.area_1",
            "module.catalyst_center.catalystcenter_area.area_2",
            "module.catalyst_center.catalystcenter_area.area_3",
            "module.catalyst_center.catalystcenter_building.building",
            "module.catalyst_center.catalystcenter_credentials_cli.cli_credentials",
            "module.catalyst_center.catalystcenter_credentials_https_read.https_read_credentials",
            "module.catalyst_center.catalystcenter_credentials_https_write.https_write_credentials",
            "module.catalyst_center.catalystcenter_credentials_snmpv2_read.snmpv2_read_credentials",
            "module.catalyst_center.catalystcenter_credentials_snmpv2_write.snmpv2_write_credentials",
            "module.catalyst_center.catalystcenter_credentials_snmpv3.snmpv3_credentials",
            "module.catalyst_center.catalystcenter_discovery.discovery",
            "module.catalyst_center.catalystcenter_floor.floor",
            "module.catalyst_center.catalystcenter_ip_pool.ip_pool_v4",
            "module.catalyst_center.catalystcenter_ip_pool.ip_pool_v6"
          ]
        },
        {
          "index_key": "ADM_GUEST",
          "schema_version": 0,
          "attributes": {
            "id": "bddd6570-2be8-49d0-afd5-8d4a2f5b4395",
            "ipv4_dhcp_servers": null,
            "ipv4_dns_servers": null,
            "ipv4_gateway": null,
            "ipv4_global_pool": "10.203.0.0/16",
            "ipv4_prefix": true,
            "ipv4_prefix_length": 24,
            "ipv4_subnet": "10.203.4.0",
            "ipv4_total_host": null,
            "ipv6_address_space": false,
            "ipv6_dhcp_servers": null,
            "ipv6_dns_servers": null,
            "ipv6_gateway": null,
            "ipv6_global_pool": null,
            "ipv6_prefix": false,
            "ipv6_prefix_length": null,
            "ipv6_subnet": null,
            "ipv6_total_host": null,
            "name": "ADM_GUEST",
            "site_id": "618b0b46-9939-46af-a599-97a2ec647318",
            "slaac_support": null,
            "type": "Generic"
          },
          "sensitive_attributes": [],
          "identity_schema_version": 0,
          "dependencies": [
            "module.catalyst_center.catalystcenter_area.area_0",
            "module.catalyst_center.catalystcenter_area.area_1",
            "module.catalyst_center.catalystcenter_area.area_2",
            "module.catalyst_center.catalystcenter_area.area_3",
            "module.catalyst_center.catalystcenter_building.building",
            "module.catalyst_center.catalystcenter_credentials_cli.cli_credentials",
            "module.catalyst_center.catalystcenter_credentials_https_read.https_read_credentials",
            "module.catalyst_center.catalystcenter_credentials_https_write.https_write_credentials",
            "module.catalyst_center.catalystcenter_credentials_snmpv2_read.snmpv2_read_credentials",
            "module.catalyst_center.catalystcenter_credentials_snmpv2_write.snmpv2_write_credentials",
            "module.catalyst_center.catalystcenter_credentials_snmpv3.snmpv3_credentials",
            "module.catalyst_center.catalystcenter_discovery.discovery",
            "module.catalyst_center.catalystcenter_floor.floor",
            "module.catalyst_center.catalystcenter_ip_pool.ip_pool_v4",
            "module.catalyst_center.catalystcenter_ip_pool.ip_pool_v6"
          ]
        },
        {
          "index_key": "ADM_TECH",
          "schema_version": 0,
          "attributes": {
            "id": "e5ccf213-85ed-4841-85b9-d2d129352d8d",
            "ipv4_dhcp_servers": null,
            "ipv4_dns_servers": null,
            "ipv4_gateway": null,
            "ipv4_global_pool": "10.202.0.0/16",
            "ipv4_prefix": true,
            "ipv4_prefix_length": 24,
            "ipv4_subnet": "10.202.4.0",
            "ipv4_total_host": null,
            "ipv6_address_space": false,
            "ipv6_dhcp_servers": null,
            "ipv6_dns_servers": null,
            "ipv6_gateway": null,
            "ipv6_global_pool": null,
            "ipv6_prefix": false,
            "ipv6_prefix_length": null,
            "ipv6_subnet": null,
            "ipv6_total_host": null,
            "name": "ADM_TECH",
            "site_id": "618b0b46-9939-46af-a599-97a2ec647318",
            "slaac_support": null,
            "type": "Generic"
          },
          "sensitive_attributes": [],
          "identity_schema_version": 0,
          "dependencies": [
            "module.catalyst_center.catalystcenter_area.area_0",
            "module.catalyst_center.catalystcenter_area.area_1",
            "module.catalyst_center.catalystcenter_area.area_2",
            "module.catalyst_center.catalystcenter_area.area_3",
            "module.catalyst_center.catalystcenter_building.building",
            "module.catalyst_center.catalystcenter_credentials_cli.cli_credentials",
            "module.catalyst_center.catalystcenter_credentials_https_read.https_read_credentials",
            "module.catalyst_center.catalystcenter_credentials_https_write.https_write_credentials",
            "module.catalyst_center.catalystcenter_credentials_snmpv2_read.snmpv2_read_credentials",
            "module.catalyst_center.catalystcenter_credentials_snmpv2_write.snmpv2_write_credentials",
            "module.catalyst_center.catalystcenter_credentials_snmpv3.snmpv3_credentials",
            "module.catalyst_center.catalystcenter_discovery.discovery",
            "module.catalyst_center.catalystcenter_floor.floor",
            "module.catalyst_center.catalystcenter_ip_pool.ip_pool_v4",
            "module.catalyst_center.catalystcenter_ip_pool.ip_pool_v6"
          ]
        },
        {
          "index_key": "DOT_BYOD",
          "schema_version": 0,
          "attributes": {
            "id": "06bfba50-e7bc-4b63-a324-e7c6d7d251ec",
            "ipv4_dhcp_servers": null,
            "ipv4_dns_servers": null,
            "ipv4_gateway": null,
            "ipv4_global_pool": "10.204.0.0/16",
            "ipv4_prefix": true,
            "ipv4_prefix_length": 24,
            "ipv4_subnet": "10.204.1.0",
            "ipv4_total_host": null,
            "ipv6_address_space": false,
            "ipv6_dhcp_servers": null,
            "ipv6_dns_servers": null,
            "ipv6_gateway": null,
            "ipv6_global_pool": null,
            "ipv6_prefix": false,
            "ipv6_prefix_length": null,
            "ipv6_subnet": null,
            "ipv6_total_host": null,
            "name": "DOT_BYOD",
            "site_id": "61eec355-e831-4b07-93dd-47b6436c0695",
            "slaac_support": null,
            "type": "Generic"
          },
          "sensitive_attributes": [],
          "identity_schema_version": 0,
          "dependencies": [
            "module.catalyst_center.catalystcenter_area.area_0",
            "module.catalyst_center.catalystcenter_area.area_1",
            "module.catalyst_center.catalystcenter_area.area_2",
            "module.catalyst_center.catalystcenter_area.area_3",
            "module.catalyst_center.catalystcenter_building.building",
            "module.catalyst_center.catalystcenter_credentials_cli.cli_credentials",
            "module.catalyst_center.catalystcenter_credentials_https_read.https_read_credentials",
            "module.catalyst_center.catalystcenter_credentials_https_write.https_write_credentials",
            "module.catalyst_center.catalystcenter_credentials_snmpv2_read.snmpv2_read_credentials",
            "module.catalyst_center.catalystcenter_credentials_snmpv2_write.snmpv2_write_credentials",
            "module.catalyst_center.catalystcenter_credentials_snmpv3.snmpv3_credentials",
            "module.catalyst_center.catalystcenter_discovery.discovery",
            "module.catalyst_center.catalystcenter_floor.floor",
            "module.catalyst_center.catalystcenter_ip_pool.ip_pool_v4",
            "module.catalyst_center.catalystcenter_ip_pool.ip_pool_v6"
          ]
        },
        {
          "index_key": "DOT_CORP",
          "schema_version": 0,
          "attributes": {
            "id": "886a5faf-c2e0-4848-ba37-eb77ae90c147",
            "ipv4_dhcp_servers": null,
            "ipv4_dns_servers": null,
            "ipv4_gateway": null,
            "ipv4_global_pool": "10.201.0.0/16",
            "ipv4_prefix": true,
            "ipv4_prefix_length": 24,
            "ipv4_subnet": "10.201.1.0",
            "ipv4_total_host": null,
            "ipv6_address_space": false,
            "ipv6_dhcp_servers": null,
            "ipv6_dns_servers": null,
            "ipv6_gateway": null,
            "ipv6_global_pool": null,
            "ipv6_prefix": false,
            "ipv6_prefix_length": null,
            "ipv6_subnet": null,
            "ipv6_total_host": null,
            "name": "DOT_CORP",
            "site_id": "61eec355-e831-4b07-93dd-47b6436c0695",
            "slaac_support": null,
            "type": "Generic"
          },
          "sensitive_attributes": [],
          "identity_schema_version": 0,
          "dependencies": [
            "module.catalyst_center.catalystcenter_area.area_0",
            "module.catalyst_center.catalystcenter_area.area_1",
            "module.catalyst_center.catalystcenter_area.area_2",
            "module.catalyst_center.catalystcenter_area.area_3",
            "module.catalyst_center.catalystcenter_building.building",
            "module.catalyst_center.catalystcenter_credentials_cli.cli_credentials",
            "module.catalyst_center.catalystcenter_credentials_https_read.https_read_credentials",
            "module.catalyst_center.catalystcenter_credentials_https_write.https_write_credentials",
            "module.catalyst_center.catalystcenter_credentials_snmpv2_read.snmpv2_read_credentials",
            "module.catalyst_center.catalystcenter_credentials_snmpv2_write.snmpv2_write_credentials",
            "module.catalyst_center.catalystcenter_credentials_snmpv3.snmpv3_credentials",
            "module.catalyst_center.catalystcenter_discovery.discovery",
            "module.catalyst_center.catalystcenter_floor.floor",
            "module.catalyst_center.catalystcenter_ip_pool.ip_pool_v4",
            "module.catalyst_center.catalystcenter_ip_pool.ip_pool_v6"
          ]
        },
        {
          "index_key": "DOT_GUEST",
          "schema_version": 0,
          "attributes": {
            "id": "1a026a8f-be92-49de-8d19-da09a1b8e7f6",
            "ipv4_dhcp_servers": null,
            "ipv4_dns_servers": null,
            "ipv4_gateway": null,
            "ipv4_global_pool": "10.203.0.0/16",
            "ipv4_prefix": true,
            "ipv4_prefix_length": 24,
            "ipv4_subnet": "10.203.1.0",
            "ipv4_total_host": null,
            "ipv6_address_space": false,
            "ipv6_dhcp_servers": null,
            "ipv6_dns_servers": null,
            "ipv6_gateway": null,
            "ipv6_global_pool": null,
            "ipv6_prefix": false,
            "ipv6_prefix_length": null,
            "ipv6_subnet": null,
            "ipv6_total_host": null,
            "name": "DOT_GUEST",
            "site_id": "61eec355-e831-4b07-93dd-47b6436c0695",
            "slaac_support": null,
            "type": "Generic"
          },
          "sensitive_attributes": [],
          "identity_schema_version": 0,
          "dependencies": [
            "module.catalyst_center.catalystcenter_area.area_0",
            "module.catalyst_center.catalystcenter_area.area_1",
            "module.catalyst_center.catalystcenter_area.area_2",
            "module.catalyst_center.catalystcenter_area.area_3",
            "module.catalyst_center.catalystcenter_building.building",
            "module.catalyst_center.catalystcenter_credentials_cli.cli_credentials",
            "module.catalyst_center.catalystcenter_credentials_https_read.https_read_credentials",
            "module.catalyst_center.catalystcenter_credentials_https_write.https_write_credentials",
            "module.catalyst_center.catalystcenter_credentials_snmpv2_read.snmpv2_read_credentials",
            "module.catalyst_center.catalystcenter_credentials_snmpv2_write.snmpv2_write_credentials",
            "module.catalyst_center.catalystcenter_credentials_snmpv3.snmpv3_credentials",
            "module.catalyst_center.catalystcenter_discovery.discovery",
            "module.catalyst_center.catalystcenter_floor.floor",
            "module.catalyst_center.catalystcenter_ip_pool.ip_pool_v4",
            "module.catalyst_center.catalystcenter_ip_pool.ip_pool_v6"
          ]
        },
        {
          "index_key": "DOT_TECH",
          "schema_version": 0,
          "attributes": {
            "id": "fb5844ba-adbe-4fa8-9714-d574d42f2eaf",
            "ipv4_dhcp_servers": null,
            "ipv4_dns_servers": null,
            "ipv4_gateway": null,
            "ipv4_global_pool": "10.202.0.0/16",
            "ipv4_prefix": true,
            "ipv4_prefix_length": 24,
            "ipv4_subnet": "10.202.1.0",
            "ipv4_total_host": null,
            "ipv6_address_space": false,
            "ipv6_dhcp_servers": null,
            "ipv6_dns_servers": null,
            "ipv6_gateway": null,
            "ipv6_global_pool": null,
            "ipv6_prefix": false,
            "ipv6_prefix_length": null,
            "ipv6_subnet": null,
            "ipv6_total_host": null,
            "name": "DOT_TECH",
            "site_id": "61eec355-e831-4b07-93dd-47b6436c0695",
            "slaac_support": null,
            "type": "Generic"
          },
          "sensitive_attributes": [],
          "identity_schema_version": 0,
          "dependencies": [
            "module.catalyst_center.catalystcenter_area.area_0",
            "module.catalyst_center.catalystcenter_area.area_1",
            "module.catalyst_center.catalystcenter_area.area_2",
            "module.catalyst_center.catalystcenter_area.area_3",
            "module.catalyst_center.catalystcenter_building.building",
            "module.catalyst_center.catalystcenter_credentials_cli.cli_credentials",
            "module.catalyst_center.catalystcenter_credentials_https_read.https_read_credentials",
            "module.catalyst_center.catalystcenter_credentials_https_write.https_write_credentials",
            "module.catalyst_center.catalystcenter_credentials_snmpv2_read.snmpv2_read_credentials",
            "module.catalyst_center.catalystcenter_credentials_snmpv2_write.snmpv2_write_credentials",
            "module.catalyst_center.catalystcenter_credentials_snmpv3.snmpv3_credentials",
            "module.catalyst_center.catalystcenter_discovery.discovery",
            "module.catalyst_center.catalystcenter_floor.floor",
            "module.catalyst_center.catalystcenter_ip_pool.ip_pool_v4",
            "module.catalyst_center.catalystcenter_ip_pool.ip_pool_v6"
          ]
        },
        {
          "index_key": "ST_BYOD",
          "schema_version": 0,
          "attributes": {
            "id": "1b319964-e170-46b1-af12-5e1b8aae770c",
            "ipv4_dhcp_servers": null,
            "ipv4_dns_servers": null,
            "ipv4_gateway": null,
            "ipv4_global_pool": "10.204.0.0/16",
            "ipv4_prefix": true,
            "ipv4_prefix_length": 24,
            "ipv4_subnet": "10.204.2.0",
            "ipv4_total_host": null,
            "ipv6_address_space": false,
            "ipv6_dhcp_servers": null,
            "ipv6_dns_servers": null,
            "ipv6_gateway": null,
            "ipv6_global_pool": null,
            "ipv6_prefix": false,
            "ipv6_prefix_length": null,
            "ipv6_subnet": null,
            "ipv6_total_host": null,
            "name": "ST_BYOD",
            "site_id": "1cdc7fab-f97a-405a-beb6-99c8e19b722c",
            "slaac_support": null,
            "type": "Generic"
          },
          "sensitive_attributes": [],
          "identity_schema_version": 0,
          "dependencies": [
            "module.catalyst_center.catalystcenter_area.area_0",
            "module.catalyst_center.catalystcenter_area.area_1",
            "module.catalyst_center.catalystcenter_area.area_2",
            "module.catalyst_center.catalystcenter_area.area_3",
            "module.catalyst_center.catalystcenter_building.building",
            "module.catalyst_center.catalystcenter_credentials_cli.cli_credentials",
            "module.catalyst_center.catalystcenter_credentials_https_read.https_read_credentials",
            "module.catalyst_center.catalystcenter_credentials_https_write.https_write_credentials",
            "module.catalyst_center.catalystcenter_credentials_snmpv2_read.snmpv2_read_credentials",
            "module.catalyst_center.catalystcenter_credentials_snmpv2_write.snmpv2_write_credentials",
            "module.catalyst_center.catalystcenter_credentials_snmpv3.snmpv3_credentials",
            "module.catalyst_center.catalystcenter_discovery.discovery",
            "module.catalyst_center.catalystcenter_floor.floor",
            "module.catalyst_center.catalystcenter_ip_pool.ip_pool_v4",
            "module.catalyst_center.catalystcenter_ip_pool.ip_pool_v6"
          ]
        },
        {
          "index_key": "ST_CORP",
          "schema_version": 0,
          "attributes": {
            "id": "d0c080a9-7f87-4236-974a-50d67eda4532",
            "ipv4_dhcp_servers": null,
            "ipv4_dns_servers": null,
            "ipv4_gateway": null,
            "ipv4_global_pool": "10.201.0.0/16",
            "ipv4_prefix": true,
            "ipv4_prefix_length": 24,
            "ipv4_subnet": "10.201.2.0",
            "ipv4_total_host": null,
            "ipv6_address_space": false,
            "ipv6_dhcp_servers": null,
            "ipv6_dns_servers": null,
            "ipv6_gateway": null,
            "ipv6_global_pool": null,
            "ipv6_prefix": false,
            "ipv6_prefix_length": null,
            "ipv6_subnet": null,
            "ipv6_total_host": null,
            "name": "ST_CORP",
            "site_id": "1cdc7fab-f97a-405a-beb6-99c8e19b722c",
            "slaac_support": null,
            "type": "Generic"
          },
          "sensitive_attributes": [],
          "identity_schema_version": 0,
          "dependencies": [
            "module.catalyst_center.catalystcenter_area.area_0",
            "module.catalyst_center.catalystcenter_area.area_1",
            "module.catalyst_center.catalystcenter_area.area_2",
            "module.catalyst_center.catalystcenter_area.area_3",
            "module.catalyst_center.catalystcenter_building.building",
            "module.catalyst_center.catalystcenter_credentials_cli.cli_credentials",
            "module.catalyst_center.catalystcenter_credentials_https_read.https_read_credentials",
            "module.catalyst_center.catalystcenter_credentials_https_write.https_write_credentials",
            "module.catalyst_center.catalystcenter_credentials_snmpv2_read.snmpv2_read_credentials",
            "module.catalyst_center.catalystcenter_credentials_snmpv2_write.snmpv2_write_credentials",
            "module.catalyst_center.catalystcenter_credentials_snmpv3.snmpv3_credentials",
            "module.catalyst_center.catalystcenter_discovery.discovery",
            "module.catalyst_center.catalystcenter_floor.floor",
            "module.catalyst_center.catalystcenter_ip_pool.ip_pool_v4",
            "module.catalyst_center.catalystcenter_ip_pool.ip_pool_v6"
          ]
        },
        {
          "index_key": "ST_GUEST",
          "schema_version": 0,
          "attributes": {
            "id": "5d19f790-9642-449e-bac7-421b4f7a4514",
            "ipv4_dhcp_servers": null,
            "ipv4_dns_servers": null,
            "ipv4_gateway": null,
            "ipv4_global_pool": "10.203.0.0/16",
            "ipv4_prefix": true,
            "ipv4_prefix_length": 24,
            "ipv4_subnet": "10.203.2.0",
            "ipv4_total_host": null,
            "ipv6_address_space": false,
            "ipv6_dhcp_servers": null,
            "ipv6_dns_servers": null,
            "ipv6_gateway": null,
            "ipv6_global_pool": null,
            "ipv6_prefix": false,
            "ipv6_prefix_length": null,
            "ipv6_subnet": null,
            "ipv6_total_host": null,
            "name": "ST_GUEST",
            "site_id": "1cdc7fab-f97a-405a-beb6-99c8e19b722c",
            "slaac_support": null,
            "type": "Generic"
          },
          "sensitive_attributes": [],
          "identity_schema_version": 0,
          "dependencies": [
            "module.catalyst_center.catalystcenter_area.area_0",
            "module.catalyst_center.catalystcenter_area.area_1",
            "module.catalyst_center.catalystcenter_area.area_2",
            "module.catalyst_center.catalystcenter_area.area_3",
            "module.catalyst_center.catalystcenter_building.building",
            "module.catalyst_center.catalystcenter_credentials_cli.cli_credentials",
            "module.catalyst_center.catalystcenter_credentials_https_read.https_read_credentials",
            "module.catalyst_center.catalystcenter_credentials_https_write.https_write_credentials",
            "module.catalyst_center.catalystcenter_credentials_snmpv2_read.snmpv2_read_credentials",
            "module.catalyst_center.catalystcenter_credentials_snmpv2_write.snmpv2_write_credentials",
            "module.catalyst_center.catalystcenter_credentials_snmpv3.snmpv3_credentials",
            "module.catalyst_center.catalystcenter_discovery.discovery",
            "module.catalyst_center.catalystcenter_floor.floor",
            "module.catalyst_center.catalystcenter_ip_pool.ip_pool_v4",
            "module.catalyst_center.catalystcenter_ip_pool.ip_pool_v6"
          ]
        },
        {
          "index_key": "ST_TECH",
          "schema_version": 0,
          "attributes": {
            "id": "8a81fc73-bc60-4309-ace5-0f5c2df747a6",
            "ipv4_dhcp_servers": null,
            "ipv4_dns_servers": null,
            "ipv4_gateway": null,
            "ipv4_global_pool": "10.202.0.0/16",
            "ipv4_prefix": true,
            "ipv4_prefix_length": 24,
            "ipv4_subnet": "10.202.2.0",
            "ipv4_total_host": null,
            "ipv6_address_space": false,
            "ipv6_dhcp_servers": null,
            "ipv6_dns_servers": null,
            "ipv6_gateway": null,
            "ipv6_global_pool": null,
            "ipv6_prefix": false,
            "ipv6_prefix_length": null,
            "ipv6_subnet": null,
            "ipv6_total_host": null,
            "name": "ST_TECH",
            "site_id": "1cdc7fab-f97a-405a-beb6-99c8e19b722c",
            "slaac_support": null,
            "type": "Generic"
          },
          "sensitive_attributes": [],
          "identity_schema_version": 0,
          "dependencies": [
            "module.catalyst_center.catalystcenter_area.area_0",
            "module.catalyst_center.catalystcenter_area.area_1",
            "module.catalyst_center.catalystcenter_area.area_2",
            "module.catalyst_center.catalystcenter_area.area_3",
            "module.catalyst_center.catalystcenter_building.building",
            "module.catalyst_center.catalystcenter_credentials_cli.cli_credentials",
            "module.catalyst_center.catalystcenter_credentials_https_read.https_read_credentials",
            "module.catalyst_center.catalystcenter_credentials_https_write.https_write_credentials",
            "module.catalyst_center.catalystcenter_credentials_snmpv2_read.snmpv2_read_credentials",
            "module.catalyst_center.catalystcenter_credentials_snmpv2_write.snmpv2_write_credentials",
            "module.catalyst_center.catalystcenter_credentials_snmpv3.snmpv3_credentials",
            "module.catalyst_center.catalystcenter_discovery.discovery",
            "module.catalyst_center.catalystcenter_floor.floor",
            "module.catalyst_center.catalystcenter_ip_pool.ip_pool_v4",
            "module.catalyst_center.catalystcenter_ip_pool.ip_pool_v6"
          ]
        },
        {
          "index_key": "WCP_BYOD",
          "schema_version": 0,
          "attributes": {
            "id": "30acfde1-e91a-47ec-bb8e-cbfc16b3f090",
            "ipv4_dhcp_servers": null,
            "ipv4_dns_servers": null,
            "ipv4_gateway": null,
            "ipv4_global_pool": "10.204.0.0/16",
            "ipv4_prefix": true,
            "ipv4_prefix_length": 24,
            "ipv4_subnet": "10.204.3.0",
            "ipv4_total_host": null,
            "ipv6_address_space": false,
            "ipv6_dhcp_servers": null,
            "ipv6_dns_servers": null,
            "ipv6_gateway": null,
            "ipv6_global_pool": null,
            "ipv6_prefix": false,
            "ipv6_prefix_length": null,
            "ipv6_subnet": null,
            "ipv6_total_host": null,
            "name": "WCP_BYOD",
            "site_id": "534abc5d-bfb1-45ab-9e96-e39d8e74794c",
            "slaac_support": null,
            "type": "Generic"
          },
          "sensitive_attributes": [],
          "identity_schema_version": 0,
          "dependencies": [
            "module.catalyst_center.catalystcenter_area.area_0",
            "module.catalyst_center.catalystcenter_area.area_1",
            "module.catalyst_center.catalystcenter_area.area_2",
            "module.catalyst_center.catalystcenter_area.area_3",
            "module.catalyst_center.catalystcenter_building.building",
            "module.catalyst_center.catalystcenter_credentials_cli.cli_credentials",
            "module.catalyst_center.catalystcenter_credentials_https_read.https_read_credentials",
            "module.catalyst_center.catalystcenter_credentials_https_write.https_write_credentials",
            "module.catalyst_center.catalystcenter_credentials_snmpv2_read.snmpv2_read_credentials",
            "module.catalyst_center.catalystcenter_credentials_snmpv2_write.snmpv2_write_credentials",
            "module.catalyst_center.catalystcenter_credentials_snmpv3.snmpv3_credentials",
            "module.catalyst_center.catalystcenter_discovery.discovery",
            "module.catalyst_center.catalystcenter_floor.floor",
            "module.catalyst_center.catalystcenter_ip_pool.ip_pool_v4",
            "module.catalyst_center.catalystcenter_ip_pool.ip_pool_v6"
          ]
        },
        {
          "index_key": "WCP_CORP",
          "schema_version": 0,
          "attributes": {
            "id": "97edc39d-27a6-4898-94fc-51b444bf1bc6",
            "ipv4_dhcp_servers": null,
            "ipv4_dns_servers": null,
            "ipv4_gateway": null,
            "ipv4_global_pool": "10.201.0.0/16",
            "ipv4_prefix": true,
            "ipv4_prefix_length": 24,
            "ipv4_subnet": "10.201.3.0",
            "ipv4_total_host": null,
            "ipv6_address_space": false,
            "ipv6_dhcp_servers": null,
            "ipv6_dns_servers": null,
            "ipv6_gateway": null,
            "ipv6_global_pool": null,
            "ipv6_prefix": false,
            "ipv6_prefix_length": null,
            "ipv6_subnet": null,
            "ipv6_total_host": null,
            "name": "WCP_CORP",
            "site_id": "534abc5d-bfb1-45ab-9e96-e39d8e74794c",
            "slaac_support": null,
            "type": "Generic"
          },
          "sensitive_attributes": [],
          "identity_schema_version": 0,
          "dependencies": [
            "module.catalyst_center.catalystcenter_area.area_0",
            "module.catalyst_center.catalystcenter_area.area_1",
            "module.catalyst_center.catalystcenter_area.area_2",
            "module.catalyst_center.catalystcenter_area.area_3",
            "module.catalyst_center.catalystcenter_building.building",
            "module.catalyst_center.catalystcenter_credentials_cli.cli_credentials",
            "module.catalyst_center.catalystcenter_credentials_https_read.https_read_credentials",
            "module.catalyst_center.catalystcenter_credentials_https_write.https_write_credentials",
            "module.catalyst_center.catalystcenter_credentials_snmpv2_read.snmpv2_read_credentials",
            "module.catalyst_center.catalystcenter_credentials_snmpv2_write.snmpv2_write_credentials",
            "module.catalyst_center.catalystcenter_credentials_snmpv3.snmpv3_credentials",
            "module.catalyst_center.catalystcenter_discovery.discovery",
            "module.catalyst_center.catalystcenter_floor.floor",
            "module.catalyst_center.catalystcenter_ip_pool.ip_pool_v4",
            "module.catalyst_center.catalystcenter_ip_pool.ip_pool_v6"
          ]
        },
        {
          "index_key": "WCP_GUEST",
          "schema_version": 0,
          "attributes": {
            "id": "b84292de-c0cd-4cb4-8ec2-3553854e54d2",
            "ipv4_dhcp_servers": null,
            "ipv4_dns_servers": null,
            "ipv4_gateway": null,
            "ipv4_global_pool": "10.203.0.0/16",
            "ipv4_prefix": true,
            "ipv4_prefix_length": 24,
            "ipv4_subnet": "10.203.3.0",
            "ipv4_total_host": null,
            "ipv6_address_space": false,
            "ipv6_dhcp_servers": null,
            "ipv6_dns_servers": null,
            "ipv6_gateway": null,
            "ipv6_global_pool": null,
            "ipv6_prefix": false,
            "ipv6_prefix_length": null,
            "ipv6_subnet": null,
            "ipv6_total_host": null,
            "name": "WCP_GUEST",
            "site_id": "534abc5d-bfb1-45ab-9e96-e39d8e74794c",
            "slaac_support": null,
            "type": "Generic"
          },
          "sensitive_attributes": [],
          "identity_schema_version": 0,
          "dependencies": [
            "module.catalyst_center.catalystcenter_area.area_0",
            "module.catalyst_center.catalystcenter_area.area_1",
            "module.catalyst_center.catalystcenter_area.area_2",
            "module.catalyst_center.catalystcenter_area.area_3",
            "module.catalyst_center.catalystcenter_building.building",
            "module.catalyst_center.catalystcenter_credentials_cli.cli_credentials",
            "module.catalyst_center.catalystcenter_credentials_https_read.https_read_credentials",
            "module.catalyst_center.catalystcenter_credentials_https_write.https_write_credentials",
            "module.catalyst_center.catalystcenter_credentials_snmpv2_read.snmpv2_read_credentials",
            "module.catalyst_center.catalystcenter_credentials_snmpv2_write.snmpv2_write_credentials",
            "module.catalyst_center.catalystcenter_credentials_snmpv3.snmpv3_credentials",
            "module.catalyst_center.catalystcenter_discovery.discovery",
            "module.catalyst_center.catalystcenter_floor.floor",
            "module.catalyst_center.catalystcenter_ip_pool.ip_pool_v4",
            "module.catalyst_center.catalystcenter_ip_pool.ip_pool_v6"
          ]
        },
        {
          "index_key": "WCP_TECH",
          "schema_version": 0,
          "attributes": {
            "id": "18ec839a-517a-4a48-857a-20cbfd51ce10",
            "ipv4_dhcp_servers": null,
            "ipv4_dns_servers": null,
            "ipv4_gateway": null,
            "ipv4_global_pool": "10.202.0.0/16",
            "ipv4_prefix": true,
            "ipv4_prefix_length": 24,
            "ipv4_subnet": "10.202.3.0",
            "ipv4_total_host": null,
            "ipv6_address_space": false,
            "ipv6_dhcp_servers": null,
            "ipv6_dns_servers": null,
            "ipv6_gateway": null,
            "ipv6_global_pool": null,
            "ipv6_prefix": false,
            "ipv6_prefix_length": null,
            "ipv6_subnet": null,
            "ipv6_total_host": null,
            "name": "WCP_TECH",
            "site_id": "534abc5d-bfb1-45ab-9e96-e39d8e74794c",
            "slaac_support": null,
            "type": "Generic"
          },
          "sensitive_attributes": [],
          "identity_schema_version": 0,
          "dependencies": [
            "module.catalyst_center.catalystcenter_area.area_0",
            "module.catalyst_center.catalystcenter_area.area_1",
            "module.catalyst_center.catalystcenter_area.area_2",
            "module.catalyst_center.catalystcenter_area.area_3",
            "module.catalyst_center.catalystcenter_building.building",
            "module.catalyst_center.catalystcenter_credentials_cli.cli_credentials",
            "module.catalyst_center.catalystcenter_credentials_https_read.https_read_credentials",
            "module.catalyst_center.catalystcenter_credentials_https_write.https_write_credentials",
            "module.catalyst_center.catalystcenter_credentials_snmpv2_read.snmpv2_read_credentials",
            "module.catalyst_center.catalystcenter_credentials_snmpv2_write.snmpv2_write_credentials",
            "module.catalyst_center.catalystcenter_credentials_snmpv3.snmpv3_credentials",
            "module.catalyst_center.catalystcenter_discovery.discovery",
            "module.catalyst_center.catalystcenter_floor.floor",
            "module.catalyst_center.catalystcenter_ip_pool.ip_pool_v4",
            "module.catalyst_center.catalystcenter_ip_pool.ip_pool_v6"
          ]
        }
      ]
    },
    {
      "module": "module.catalyst_center",
      "mode": "managed",
      "type": "terraform_data",
      "name": "validation",
      "provider": "provider[\"terraform.io/builtin/terraform\"]",
      "instances": [
        {
          "schema_version": 0,
          "attributes": {
            "id": "aed22675-c8bb-887a-ab39-7d62dd390554",
            "input": null,
            "output": null,
            "triggers_replace": null
          },
          "sensitive_attributes": [],
          "identity_schema_version": 0
        }
      ]
    }
  ],
  "check_results": [
    {
      "object_kind": "resource",
      "config_addr": "module.catalyst_center.terraform_data.validation",
      "status": "pass",
      "objects": [
        {
          "object_addr": "module.catalyst_center.terraform_data.validation",
          "status": "pass"
        }
      ]
    }
  ]
}
